
Microsoft Visual Studio Solution File, Format Version 12.00
# Visual Studio 15
VisualStudioVersion = 15.0.27703.2042
MinimumVisualStudioVersion = 10.0.40219.1
Project("{FAE04EC0-301F-11D3-BF4B-00C04F79EFBC}") = "CachedAsync", "CachedAsync\CachedAsync.csproj", "{D790E4F3-3462-4696-933E-5FA9AB0CBCB1}"
EndProject
Global
	GlobalSection(SolutionConfigurationPlatforms) = preSolution
		Debug|Any CPU = Debug|Any CPU
		Release|Any CPU = Release|Any CPU
	EndGlobalSection
	GlobalSection(ProjectConfigurationPlatforms) = postSolution
		{D790E4F3-3462-4696-933E-5FA9AB0CBCB1}.Debug|Any CPU.ActiveCfg = Debug|Any CPU
		{D790E4F3-3462-4696-933E-5FA9AB0CBCB1}.Debug|Any CPU.Build.0 = Debug|Any CPU
		{D790E4F3-3462-4696-933E-5FA9AB0CBCB1}.Release|Any CPU.ActiveCfg = Release|Any CPU
		{D790E4F3-3462-4696-933E-5FA9AB0CBCB1}.Release|Any CPU.Build.0 = Release|Any CPU
	EndGlobalSection
	GlobalSection(SolutionProperties) = preSolution
		HideSolutionNode = FALSE
	EndGlobalSection
	GlobalSection(ExtensibilityGlobals) = postSolution
		SolutionGuid = {029D3777-277D-4CDC-B48F-21671E1BDF49}
	EndGlobalSection
EndGlobal
