
Microsoft Visual Studio Solution File, Format Version 12.00
# Visual Studio 14
VisualStudioVersion = 14.0.22823.1
MinimumVisualStudioVersion = 10.0.40219.1
Project("{FAE04EC0-301F-11D3-BF4B-00C04F79EFBC}") = "Sample35", "FormattableString\Sample35\Sample35.csproj", "{99FC5D16-F251-4327-AB15-1CEFB1E5280D}"
EndProject
Project("{FAE04EC0-301F-11D3-BF4B-00C04F79EFBC}") = "ClassLibrary35", "FormattableString\ClassLibrary35\ClassLibrary35.csproj", "{E73A0041-2FD0-46BA-9083-F365204DA4B8}"
EndProject
Project("{FAE04EC0-301F-11D3-BF4B-00C04F79EFBC}") = "ClassLibrary46", "FormattableString\ClassLibrary46\ClassLibrary46.csproj", "{B0ABB793-3B2A-4FB0-B0AF-3DF5EB85674E}"
EndProject
Project("{FAE04EC0-301F-11D3-BF4B-00C04F79EFBC}") = "FormattableString20", "FormattableString\FormattableString20\FormattableString20.csproj", "{940A4A77-706B-4F7C-814C-33AC8EF2702F}"
EndProject
Project("{FAE04EC0-301F-11D3-BF4B-00C04F79EFBC}") = "FormattableString46", "FormattableString\FormattableString46\FormattableString46.csproj", "{DDFE8198-4986-422D-9DA1-31976A85D6EF}"
EndProject
Project("{FAE04EC0-301F-11D3-BF4B-00C04F79EFBC}") = "Sample46", "FormattableString\Sample46\Sample46.csproj", "{C54E698F-4427-402F-8FD4-C2EA64CE9612}"
EndProject
Project("{2150E333-8FDC-42A3-9474-1A3956D46DE8}") = "FormatableString", "FormatableString", "{F034F814-150D-425F-9938-96E7A9F0120B}"
EndProject
Project("{2150E333-8FDC-42A3-9474-1A3956D46DE8}") = "VersioningSamples", "VersioningSamples", "{92B72288-F4EA-484E-8514-32AB14A6F43D}"
EndProject
Project("{2150E333-8FDC-42A3-9474-1A3956D46DE8}") = "Version1", "Version1", "{9F66C0EF-5A3B-4EA9-9A89-FB605CA835EA}"
EndProject
Project("{FAE04EC0-301F-11D3-BF4B-00C04F79EFBC}") = "MonolithicClassLibrary", "VersioningSamples\Version1\MonolithicClassLibrary\MonolithicClassLibrary.csproj", "{98BC56B6-0D09-4A0E-BAB0-052E716A6B27}"
EndProject
Project("{2150E333-8FDC-42A3-9474-1A3956D46DE8}") = "Version2", "Version2", "{9AA017DD-EEFA-438D-8EED-2B5C8ED6E73A}"
EndProject
Project("{FAE04EC0-301F-11D3-BF4B-00C04F79EFBC}") = "MonolithicClassLibrary.V2", "VersioningSamples\Version2\MonolithicClassLibrary\MonolithicClassLibrary.V2.csproj", "{9E8A4F9D-DD24-42D0-A08A-0234EEF984F9}"
EndProject
Project("{FAE04EC0-301F-11D3-BF4B-00C04F79EFBC}") = "StringClassLibrary", "VersioningSamples\Version2\StringClassLibrary\StringClassLibrary.csproj", "{CA367692-578F-458E-B762-20192B50F1B0}"
EndProject
Project("{FAE04EC0-301F-11D3-BF4B-00C04F79EFBC}") = "HttpClassLibrary", "VersioningSamples\Version2\HttpClassLibrary\HttpClassLibrary.csproj", "{4509F3A6-8388-4572-9E55-BF54306474B4}"
EndProject
Project("{FAE04EC0-301F-11D3-BF4B-00C04F79EFBC}") = "NumericClassLibrary", "VersioningSamples\Version2\NumericClassLibrary\NumericClassLibrary.csproj", "{EBA2A4E4-E2B1-4B9F-A381-7D19FE65E81C}"
EndProject
Project("{2150E333-8FDC-42A3-9474-1A3956D46DE8}") = "BasicSample", "BasicSample", "{616987A5-5FB8-4AC2-B301-6D569646EA31}"
EndProject
Project("{FAE04EC0-301F-11D3-BF4B-00C04F79EFBC}") = "_ConsoleApplication1", "BasicSamples\ConsoleApplication1\_ConsoleApplication1.csproj", "{A5FAC446-1E41-4B1B-9C0B-6CAF02B7DB3D}"
EndProject
Project("{FAE04EC0-301F-11D3-BF4B-00C04F79EFBC}") = "ActualLibrary", "BasicSamples\ActualLibrary\ActualLibrary.csproj", "{E1A26066-353D-45AC-B1F9-E4DD87AF4EAF}"
EndProject
Project("{FAE04EC0-301F-11D3-BF4B-00C04F79EFBC}") = "TypeForwardingLibrary", "TypeForwardingLibrary\TypeForwardingLibrary.csproj", "{E31CF7AF-14C0-402D-99B0-CCB28C2DD459}"
EndProject
Global
	GlobalSection(SolutionConfigurationPlatforms) = preSolution
		Debug|Any CPU = Debug|Any CPU
		Release|Any CPU = Release|Any CPU
	EndGlobalSection
	GlobalSection(ProjectConfigurationPlatforms) = postSolution
		{99FC5D16-F251-4327-AB15-1CEFB1E5280D}.Debug|Any CPU.ActiveCfg = Debug|Any CPU
		{99FC5D16-F251-4327-AB15-1CEFB1E5280D}.Debug|Any CPU.Build.0 = Debug|Any CPU
		{99FC5D16-F251-4327-AB15-1CEFB1E5280D}.Release|Any CPU.ActiveCfg = Release|Any CPU
		{99FC5D16-F251-4327-AB15-1CEFB1E5280D}.Release|Any CPU.Build.0 = Release|Any CPU
		{E73A0041-2FD0-46BA-9083-F365204DA4B8}.Debug|Any CPU.ActiveCfg = Debug|Any CPU
		{E73A0041-2FD0-46BA-9083-F365204DA4B8}.Debug|Any CPU.Build.0 = Debug|Any CPU
		{E73A0041-2FD0-46BA-9083-F365204DA4B8}.Release|Any CPU.ActiveCfg = Release|Any CPU
		{E73A0041-2FD0-46BA-9083-F365204DA4B8}.Release|Any CPU.Build.0 = Release|Any CPU
		{B0ABB793-3B2A-4FB0-B0AF-3DF5EB85674E}.Debug|Any CPU.ActiveCfg = Debug|Any CPU
		{B0ABB793-3B2A-4FB0-B0AF-3DF5EB85674E}.Debug|Any CPU.Build.0 = Debug|Any CPU
		{B0ABB793-3B2A-4FB0-B0AF-3DF5EB85674E}.Release|Any CPU.ActiveCfg = Release|Any CPU
		{B0ABB793-3B2A-4FB0-B0AF-3DF5EB85674E}.Release|Any CPU.Build.0 = Release|Any CPU
		{940A4A77-706B-4F7C-814C-33AC8EF2702F}.Debug|Any CPU.ActiveCfg = Debug|Any CPU
		{940A4A77-706B-4F7C-814C-33AC8EF2702F}.Debug|Any CPU.Build.0 = Debug|Any CPU
		{940A4A77-706B-4F7C-814C-33AC8EF2702F}.Release|Any CPU.ActiveCfg = Release|Any CPU
		{940A4A77-706B-4F7C-814C-33AC8EF2702F}.Release|Any CPU.Build.0 = Release|Any CPU
		{DDFE8198-4986-422D-9DA1-31976A85D6EF}.Debug|Any CPU.ActiveCfg = Debug|Any CPU
		{DDFE8198-4986-422D-9DA1-31976A85D6EF}.Debug|Any CPU.Build.0 = Debug|Any CPU
		{DDFE8198-4986-422D-9DA1-31976A85D6EF}.Release|Any CPU.ActiveCfg = Release|Any CPU
		{DDFE8198-4986-422D-9DA1-31976A85D6EF}.Release|Any CPU.Build.0 = Release|Any CPU
		{C54E698F-4427-402F-8FD4-C2EA64CE9612}.Debug|Any CPU.ActiveCfg = Debug|Any CPU
		{C54E698F-4427-402F-8FD4-C2EA64CE9612}.Debug|Any CPU.Build.0 = Debug|Any CPU
		{C54E698F-4427-402F-8FD4-C2EA64CE9612}.Release|Any CPU.ActiveCfg = Release|Any CPU
		{C54E698F-4427-402F-8FD4-C2EA64CE9612}.Release|Any CPU.Build.0 = Release|Any CPU
		{98BC56B6-0D09-4A0E-BAB0-052E716A6B27}.Debug|Any CPU.ActiveCfg = Debug|Any CPU
		{98BC56B6-0D09-4A0E-BAB0-052E716A6B27}.Debug|Any CPU.Build.0 = Debug|Any CPU
		{98BC56B6-0D09-4A0E-BAB0-052E716A6B27}.Release|Any CPU.ActiveCfg = Release|Any CPU
		{98BC56B6-0D09-4A0E-BAB0-052E716A6B27}.Release|Any CPU.Build.0 = Release|Any CPU
		{9E8A4F9D-DD24-42D0-A08A-0234EEF984F9}.Debug|Any CPU.ActiveCfg = Debug|Any CPU
		{9E8A4F9D-DD24-42D0-A08A-0234EEF984F9}.Debug|Any CPU.Build.0 = Debug|Any CPU
		{9E8A4F9D-DD24-42D0-A08A-0234EEF984F9}.Release|Any CPU.ActiveCfg = Release|Any CPU
		{9E8A4F9D-DD24-42D0-A08A-0234EEF984F9}.Release|Any CPU.Build.0 = Release|Any CPU
		{CA367692-578F-458E-B762-20192B50F1B0}.Debug|Any CPU.ActiveCfg = Debug|Any CPU
		{CA367692-578F-458E-B762-20192B50F1B0}.Debug|Any CPU.Build.0 = Debug|Any CPU
		{CA367692-578F-458E-B762-20192B50F1B0}.Release|Any CPU.ActiveCfg = Release|Any CPU
		{CA367692-578F-458E-B762-20192B50F1B0}.Release|Any CPU.Build.0 = Release|Any CPU
		{4509F3A6-8388-4572-9E55-BF54306474B4}.Debug|Any CPU.ActiveCfg = Debug|Any CPU
		{4509F3A6-8388-4572-9E55-BF54306474B4}.Debug|Any CPU.Build.0 = Debug|Any CPU
		{4509F3A6-8388-4572-9E55-BF54306474B4}.Release|Any CPU.ActiveCfg = Release|Any CPU
		{4509F3A6-8388-4572-9E55-BF54306474B4}.Release|Any CPU.Build.0 = Release|Any CPU
		{EBA2A4E4-E2B1-4B9F-A381-7D19FE65E81C}.Debug|Any CPU.ActiveCfg = Debug|Any CPU
		{EBA2A4E4-E2B1-4B9F-A381-7D19FE65E81C}.Debug|Any CPU.Build.0 = Debug|Any CPU
		{EBA2A4E4-E2B1-4B9F-A381-7D19FE65E81C}.Release|Any CPU.ActiveCfg = Release|Any CPU
		{EBA2A4E4-E2B1-4B9F-A381-7D19FE65E81C}.Release|Any CPU.Build.0 = Release|Any CPU
		{A5FAC446-1E41-4B1B-9C0B-6CAF02B7DB3D}.Debug|Any CPU.ActiveCfg = Debug|Any CPU
		{A5FAC446-1E41-4B1B-9C0B-6CAF02B7DB3D}.Debug|Any CPU.Build.0 = Debug|Any CPU
		{A5FAC446-1E41-4B1B-9C0B-6CAF02B7DB3D}.Release|Any CPU.ActiveCfg = Release|Any CPU
		{A5FAC446-1E41-4B1B-9C0B-6CAF02B7DB3D}.Release|Any CPU.Build.0 = Release|Any CPU
		{E1A26066-353D-45AC-B1F9-E4DD87AF4EAF}.Debug|Any CPU.ActiveCfg = Debug|Any CPU
		{E1A26066-353D-45AC-B1F9-E4DD87AF4EAF}.Debug|Any CPU.Build.0 = Debug|Any CPU
		{E1A26066-353D-45AC-B1F9-E4DD87AF4EAF}.Release|Any CPU.ActiveCfg = Release|Any CPU
		{E1A26066-353D-45AC-B1F9-E4DD87AF4EAF}.Release|Any CPU.Build.0 = Release|Any CPU
		{E31CF7AF-14C0-402D-99B0-CCB28C2DD459}.Debug|Any CPU.ActiveCfg = Debug|Any CPU
		{E31CF7AF-14C0-402D-99B0-CCB28C2DD459}.Debug|Any CPU.Build.0 = Debug|Any CPU
		{E31CF7AF-14C0-402D-99B0-CCB28C2DD459}.Release|Any CPU.ActiveCfg = Release|Any CPU
		{E31CF7AF-14C0-402D-99B0-CCB28C2DD459}.Release|Any CPU.Build.0 = Release|Any CPU
	EndGlobalSection
	GlobalSection(SolutionProperties) = preSolution
		HideSolutionNode = FALSE
	EndGlobalSection
	GlobalSection(NestedProjects) = preSolution
		{99FC5D16-F251-4327-AB15-1CEFB1E5280D} = {F034F814-150D-425F-9938-96E7A9F0120B}
		{E73A0041-2FD0-46BA-9083-F365204DA4B8} = {F034F814-150D-425F-9938-96E7A9F0120B}
		{B0ABB793-3B2A-4FB0-B0AF-3DF5EB85674E} = {F034F814-150D-425F-9938-96E7A9F0120B}
		{940A4A77-706B-4F7C-814C-33AC8EF2702F} = {F034F814-150D-425F-9938-96E7A9F0120B}
		{DDFE8198-4986-422D-9DA1-31976A85D6EF} = {F034F814-150D-425F-9938-96E7A9F0120B}
		{C54E698F-4427-402F-8FD4-C2EA64CE9612} = {F034F814-150D-425F-9938-96E7A9F0120B}
		{9F66C0EF-5A3B-4EA9-9A89-FB605CA835EA} = {92B72288-F4EA-484E-8514-32AB14A6F43D}
		{98BC56B6-0D09-4A0E-BAB0-052E716A6B27} = {9F66C0EF-5A3B-4EA9-9A89-FB605CA835EA}
		{9AA017DD-EEFA-438D-8EED-2B5C8ED6E73A} = {92B72288-F4EA-484E-8514-32AB14A6F43D}
		{9E8A4F9D-DD24-42D0-A08A-0234EEF984F9} = {9AA017DD-EEFA-438D-8EED-2B5C8ED6E73A}
		{CA367692-578F-458E-B762-20192B50F1B0} = {9AA017DD-EEFA-438D-8EED-2B5C8ED6E73A}
		{4509F3A6-8388-4572-9E55-BF54306474B4} = {9AA017DD-EEFA-438D-8EED-2B5C8ED6E73A}
		{EBA2A4E4-E2B1-4B9F-A381-7D19FE65E81C} = {9AA017DD-EEFA-438D-8EED-2B5C8ED6E73A}
		{A5FAC446-1E41-4B1B-9C0B-6CAF02B7DB3D} = {616987A5-5FB8-4AC2-B301-6D569646EA31}
		{E1A26066-353D-45AC-B1F9-E4DD87AF4EAF} = {616987A5-5FB8-4AC2-B301-6D569646EA31}
		{E31CF7AF-14C0-402D-99B0-CCB28C2DD459} = {616987A5-5FB8-4AC2-B301-6D569646EA31}
	EndGlobalSection
EndGlobal
