
Microsoft Visual Studio Solution File, Format Version 12.00
# Visual Studio 15
VisualStudioVersion = 15.0.25728.2
MinimumVisualStudioVersion = 10.0.40219.1
Project("{FAE04EC0-301F-11D3-BF4B-00C04F79EFBC}") = "ConsoleApplication1", "ConsoleApplication1\ConsoleApplication1.csproj", "{E95AB122-4543-4D5E-88CE-4F9B122B1B6B}"
EndProject
Project("{FAE04EC0-301F-11D3-BF4B-00C04F79EFBC}") = "UtfString", "UtfString\UtfString.csproj", "{0D031BE1-34D0-4765-A9FF-6FB42C967F6A}"
EndProject
Project("{FAE04EC0-301F-11D3-BF4B-00C04F79EFBC}") = "UnitTestUtfString", "UnitTestUtfString\UnitTestUtfString.csproj", "{DF0A2CD2-D921-4D43-8334-97C18BD22375}"
EndProject
Global
	GlobalSection(SolutionConfigurationPlatforms) = preSolution
		Debug|Any CPU = Debug|Any CPU
		Release|Any CPU = Release|Any CPU
	EndGlobalSection
	GlobalSection(ProjectConfigurationPlatforms) = postSolution
		{E95AB122-4543-4D5E-88CE-4F9B122B1B6B}.Debug|Any CPU.ActiveCfg = Debug|Any CPU
		{E95AB122-4543-4D5E-88CE-4F9B122B1B6B}.Debug|Any CPU.Build.0 = Debug|Any CPU
		{E95AB122-4543-4D5E-88CE-4F9B122B1B6B}.Release|Any CPU.ActiveCfg = Release|Any CPU
		{E95AB122-4543-4D5E-88CE-4F9B122B1B6B}.Release|Any CPU.Build.0 = Release|Any CPU
		{0D031BE1-34D0-4765-A9FF-6FB42C967F6A}.Debug|Any CPU.ActiveCfg = Debug|Any CPU
		{0D031BE1-34D0-4765-A9FF-6FB42C967F6A}.Debug|Any CPU.Build.0 = Debug|Any CPU
		{0D031BE1-34D0-4765-A9FF-6FB42C967F6A}.Release|Any CPU.ActiveCfg = Release|Any CPU
		{0D031BE1-34D0-4765-A9FF-6FB42C967F6A}.Release|Any CPU.Build.0 = Release|Any CPU
		{DF0A2CD2-D921-4D43-8334-97C18BD22375}.Debug|Any CPU.ActiveCfg = Debug|Any CPU
		{DF0A2CD2-D921-4D43-8334-97C18BD22375}.Debug|Any CPU.Build.0 = Debug|Any CPU
		{DF0A2CD2-D921-4D43-8334-97C18BD22375}.Release|Any CPU.ActiveCfg = Release|Any CPU
		{DF0A2CD2-D921-4D43-8334-97C18BD22375}.Release|Any CPU.Build.0 = Release|Any CPU
	EndGlobalSection
	GlobalSection(SolutionProperties) = preSolution
		HideSolutionNode = FALSE
	EndGlobalSection
EndGlobal
