
Microsoft Visual Studio Solution File, Format Version 12.00
# Visual Studio Version 16
VisualStudioVersion = 16.0.31025.218
MinimumVisualStudioVersion = 10.0.40219.1
Project("{9A19103F-16F7-4668-BE54-9A1E7A4F7556}") = "EmojiData", "EmojiData\EmojiData.csproj", "{5D66A2F1-4759-4541-ABDD-EE187A25B150}"
EndProject
Project("{9A19103F-16F7-4668-BE54-9A1E7A4F7556}") = "RgiSequenceFinder", "RgiSequenceFinder\RgiSequenceFinder.csproj", "{361B3A97-3FF0-4709-8453-C5D3D6A41FA5}"
EndProject
Project("{FAE04EC0-301F-11D3-BF4B-00C04F79EFBC}") = "RgiSequenceFinder.Test", "RgiSequenceFinder.Test\RgiSequenceFinder.Test.csproj", "{6BFF2E3D-3821-4FE8-8563-0B0D4D5223ED}"
EndProject
Global
	GlobalSection(SolutionConfigurationPlatforms) = preSolution
		Debug|Any CPU = Debug|Any CPU
		Release|Any CPU = Release|Any CPU
	EndGlobalSection
	GlobalSection(ProjectConfigurationPlatforms) = postSolution
		{5D66A2F1-4759-4541-ABDD-EE187A25B150}.Debug|Any CPU.ActiveCfg = Debug|Any CPU
		{5D66A2F1-4759-4541-ABDD-EE187A25B150}.Debug|Any CPU.Build.0 = Debug|Any CPU
		{5D66A2F1-4759-4541-ABDD-EE187A25B150}.Release|Any CPU.ActiveCfg = Release|Any CPU
		{5D66A2F1-4759-4541-ABDD-EE187A25B150}.Release|Any CPU.Build.0 = Release|Any CPU
		{361B3A97-3FF0-4709-8453-C5D3D6A41FA5}.Debug|Any CPU.ActiveCfg = Debug|Any CPU
		{361B3A97-3FF0-4709-8453-C5D3D6A41FA5}.Debug|Any CPU.Build.0 = Debug|Any CPU
		{361B3A97-3FF0-4709-8453-C5D3D6A41FA5}.Release|Any CPU.ActiveCfg = Release|Any CPU
		{361B3A97-3FF0-4709-8453-C5D3D6A41FA5}.Release|Any CPU.Build.0 = Release|Any CPU
		{6BFF2E3D-3821-4FE8-8563-0B0D4D5223ED}.Debug|Any CPU.ActiveCfg = Debug|Any CPU
		{6BFF2E3D-3821-4FE8-8563-0B0D4D5223ED}.Debug|Any CPU.Build.0 = Debug|Any CPU
		{6BFF2E3D-3821-4FE8-8563-0B0D4D5223ED}.Release|Any CPU.ActiveCfg = Release|Any CPU
		{6BFF2E3D-3821-4FE8-8563-0B0D4D5223ED}.Release|Any CPU.Build.0 = Release|Any CPU
	EndGlobalSection
	GlobalSection(SolutionProperties) = preSolution
		HideSolutionNode = FALSE
	EndGlobalSection
	GlobalSection(ExtensibilityGlobals) = postSolution
		SolutionGuid = {818FFFAC-4EDB-4486-92BD-FB8FDDC7CF54}
	EndGlobalSection
EndGlobal
