
Microsoft Visual Studio Solution File, Format Version 12.00
# Visual Studio Version 16
VisualStudioVersion = 16.0.28407.52
MinimumVisualStudioVersion = 10.0.40219.1
Project("{FAE04EC0-301F-11D3-BF4B-00C04F79EFBC}") = "GuardedDevirt", "GuardedDevirt\GuardedDevirt.csproj", "{723BE98D-66D3-41AB-A770-47461D50366C}"
EndProject
Global
	GlobalSection(SolutionConfigurationPlatforms) = preSolution
		Debug|Any CPU = Debug|Any CPU
		Release|Any CPU = Release|Any CPU
	EndGlobalSection
	GlobalSection(ProjectConfigurationPlatforms) = postSolution
		{723BE98D-66D3-41AB-A770-47461D50366C}.Debug|Any CPU.ActiveCfg = Debug|Any CPU
		{723BE98D-66D3-41AB-A770-47461D50366C}.Debug|Any CPU.Build.0 = Debug|Any CPU
		{723BE98D-66D3-41AB-A770-47461D50366C}.Release|Any CPU.ActiveCfg = Release|Any CPU
		{723BE98D-66D3-41AB-A770-47461D50366C}.Release|Any CPU.Build.0 = Release|Any CPU
	EndGlobalSection
	GlobalSection(SolutionProperties) = preSolution
		HideSolutionNode = FALSE
	EndGlobalSection
	GlobalSection(ExtensibilityGlobals) = postSolution
		SolutionGuid = {84FF8F75-8BDF-48D0-BAF3-0EE2C9A7FF59}
	EndGlobalSection
EndGlobal
