
Microsoft Visual Studio Solution File, Format Version 12.00
# Visual Studio 15
VisualStudioVersion = 15.0.27617.1
MinimumVisualStudioVersion = 10.0.40219.1
Project("{FAE04EC0-301F-11D3-BF4B-00C04F79EFBC}") = "App", "App\App.csproj", "{C636812B-6D3A-4488-B87D-97810438F579}"
EndProject
Project("{FAE04EC0-301F-11D3-BF4B-00C04F79EFBC}") = "Compare20And21", "Compare20And21\Compare20And21.csproj", "{BB5F5AF2-0F83-4A0B-9ED3-635530892624}"
EndProject
Global
	GlobalSection(SolutionConfigurationPlatforms) = preSolution
		Debug|Any CPU = Debug|Any CPU
		Release|Any CPU = Release|Any CPU
	EndGlobalSection
	GlobalSection(ProjectConfigurationPlatforms) = postSolution
		{C636812B-6D3A-4488-B87D-97810438F579}.Debug|Any CPU.ActiveCfg = Debug|Any CPU
		{C636812B-6D3A-4488-B87D-97810438F579}.Debug|Any CPU.Build.0 = Debug|Any CPU
		{C636812B-6D3A-4488-B87D-97810438F579}.Release|Any CPU.ActiveCfg = Release|Any CPU
		{C636812B-6D3A-4488-B87D-97810438F579}.Release|Any CPU.Build.0 = Release|Any CPU
		{BB5F5AF2-0F83-4A0B-9ED3-635530892624}.Debug|Any CPU.ActiveCfg = Debug|Any CPU
		{BB5F5AF2-0F83-4A0B-9ED3-635530892624}.Debug|Any CPU.Build.0 = Debug|Any CPU
		{BB5F5AF2-0F83-4A0B-9ED3-635530892624}.Release|Any CPU.ActiveCfg = Release|Any CPU
		{BB5F5AF2-0F83-4A0B-9ED3-635530892624}.Release|Any CPU.Build.0 = Release|Any CPU
	EndGlobalSection
	GlobalSection(SolutionProperties) = preSolution
		HideSolutionNode = FALSE
	EndGlobalSection
	GlobalSection(ExtensibilityGlobals) = postSolution
		SolutionGuid = {E36EE5DB-E594-4267-83A3-85E4614EA805}
	EndGlobalSection
EndGlobal
