
Microsoft Visual Studio Solution File, Format Version 12.00
# Visual Studio 14
VisualStudioVersion = 14.0.22609.0
MinimumVisualStudioVersion = 10.0.40219.1
Project("{FAE04EC0-301F-11D3-BF4B-00C04F79EFBC}") = "VS2008_CS3", "VS2008_CS3\VS2008_CS3.csproj", "{2C819A49-E770-42EC-A321-32FC4D28E214}"
EndProject
Project("{FAE04EC0-301F-11D3-BF4B-00C04F79EFBC}") = "VS2010_CS4", "VS2010_CS4\VS2010_CS4.csproj", "{D18D1AE4-906E-482E-9716-744929638744}"
EndProject
Project("{FAE04EC0-301F-11D3-BF4B-00C04F79EFBC}") = "VS2012_CS5", "VS2012_CS5\VS2012_CS5.csproj", "{B1DD6F07-3D4D-4CBD-AB00-BD1CED9741B3}"
EndProject
Project("{FAE04EC0-301F-11D3-BF4B-00C04F79EFBC}") = "VS2015_CS6", "VS2015_CS6\VS2015_CS6.csproj", "{77FCE248-EF2D-4D3B-AB10-BC845FA01450}"
EndProject
Global
	GlobalSection(SolutionConfigurationPlatforms) = preSolution
		Debug|Any CPU = Debug|Any CPU
		Release|Any CPU = Release|Any CPU
	EndGlobalSection
	GlobalSection(ProjectConfigurationPlatforms) = postSolution
		{2C819A49-E770-42EC-A321-32FC4D28E214}.Debug|Any CPU.ActiveCfg = Debug|Any CPU
		{2C819A49-E770-42EC-A321-32FC4D28E214}.Debug|Any CPU.Build.0 = Debug|Any CPU
		{2C819A49-E770-42EC-A321-32FC4D28E214}.Release|Any CPU.ActiveCfg = Release|Any CPU
		{2C819A49-E770-42EC-A321-32FC4D28E214}.Release|Any CPU.Build.0 = Release|Any CPU
		{D18D1AE4-906E-482E-9716-744929638744}.Debug|Any CPU.ActiveCfg = Debug|Any CPU
		{D18D1AE4-906E-482E-9716-744929638744}.Debug|Any CPU.Build.0 = Debug|Any CPU
		{D18D1AE4-906E-482E-9716-744929638744}.Release|Any CPU.ActiveCfg = Release|Any CPU
		{D18D1AE4-906E-482E-9716-744929638744}.Release|Any CPU.Build.0 = Release|Any CPU
		{B1DD6F07-3D4D-4CBD-AB00-BD1CED9741B3}.Debug|Any CPU.ActiveCfg = Debug|Any CPU
		{B1DD6F07-3D4D-4CBD-AB00-BD1CED9741B3}.Debug|Any CPU.Build.0 = Debug|Any CPU
		{B1DD6F07-3D4D-4CBD-AB00-BD1CED9741B3}.Release|Any CPU.ActiveCfg = Release|Any CPU
		{B1DD6F07-3D4D-4CBD-AB00-BD1CED9741B3}.Release|Any CPU.Build.0 = Release|Any CPU
		{77FCE248-EF2D-4D3B-AB10-BC845FA01450}.Debug|Any CPU.ActiveCfg = Debug|Any CPU
		{77FCE248-EF2D-4D3B-AB10-BC845FA01450}.Debug|Any CPU.Build.0 = Debug|Any CPU
		{77FCE248-EF2D-4D3B-AB10-BC845FA01450}.Release|Any CPU.ActiveCfg = Release|Any CPU
		{77FCE248-EF2D-4D3B-AB10-BC845FA01450}.Release|Any CPU.Build.0 = Release|Any CPU
	EndGlobalSection
	GlobalSection(SolutionProperties) = preSolution
		HideSolutionNode = FALSE
	EndGlobalSection
EndGlobal
