
Microsoft Visual Studio Solution File, Format Version 12.00
# Visual Studio 15
VisualStudioVersion = 15.0.27009.1
MinimumVisualStudioVersion = 10.0.40219.1
Project("{9A19103F-16F7-4668-BE54-9A1E7A4F7556}") = "ConsoleApp1", "ConsoleApp1\ConsoleApp1.csproj", "{19745587-A11E-4F6E-8E9D-8D8EAFE7BDCD}"
EndProject
Project("{FAE04EC0-301F-11D3-BF4B-00C04F79EFBC}") = "ClassLibrary1", "ClassLibrary1\ClassLibrary1.csproj", "{80519994-7D09-4CA1-BFAE-CC3741BE6713}"
EndProject
Global
	GlobalSection(SolutionConfigurationPlatforms) = preSolution
		Debug|Any CPU = Debug|Any CPU
		Release|Any CPU = Release|Any CPU
	EndGlobalSection
	GlobalSection(ProjectConfigurationPlatforms) = postSolution
		{19745587-A11E-4F6E-8E9D-8D8EAFE7BDCD}.Debug|Any CPU.ActiveCfg = Debug|Any CPU
		{19745587-A11E-4F6E-8E9D-8D8EAFE7BDCD}.Debug|Any CPU.Build.0 = Debug|Any CPU
		{19745587-A11E-4F6E-8E9D-8D8EAFE7BDCD}.Release|Any CPU.ActiveCfg = Release|Any CPU
		{19745587-A11E-4F6E-8E9D-8D8EAFE7BDCD}.Release|Any CPU.Build.0 = Release|Any CPU
		{80519994-7D09-4CA1-BFAE-CC3741BE6713}.Debug|Any CPU.ActiveCfg = Debug|Any CPU
		{80519994-7D09-4CA1-BFAE-CC3741BE6713}.Debug|Any CPU.Build.0 = Debug|Any CPU
		{80519994-7D09-4CA1-BFAE-CC3741BE6713}.Release|Any CPU.ActiveCfg = Release|Any CPU
		{80519994-7D09-4CA1-BFAE-CC3741BE6713}.Release|Any CPU.Build.0 = Release|Any CPU
	EndGlobalSection
	GlobalSection(SolutionProperties) = preSolution
		HideSolutionNode = FALSE
	EndGlobalSection
	GlobalSection(ExtensibilityGlobals) = postSolution
		SolutionGuid = {C0A86F44-9FA8-42A7-8DC4-A852D8B7199F}
	EndGlobalSection
EndGlobal
