
Microsoft Visual Studio Solution File, Format Version 12.00
# Visual Studio 15
VisualStudioVersion = 15.0.26206.0
MinimumVisualStudioVersion = 10.0.40219.1
Project("{FAE04EC0-301F-11D3-BF4B-00C04F79EFBC}") = "01 InlinedOrNot", "InlinedOrNot\01 InlinedOrNot.csproj", "{17C24ED2-E909-4A51-9F1B-7EE69469C810}"
EndProject
Project("{FAE04EC0-301F-11D3-BF4B-00C04F79EFBC}") = "02 VirtualCall", "VirtualCall\02 VirtualCall.csproj", "{FA867395-FC89-4ACE-8971-9F0BFD8081D8}"
EndProject
Project("{FAE04EC0-301F-11D3-BF4B-00C04F79EFBC}") = "03 Generics", "Generics\03 Generics.csproj", "{169A9475-3466-4043-8B6C-F10E2A3B30F1}"
EndProject
Project("{FAE04EC0-301F-11D3-BF4B-00C04F79EFBC}") = "04 ValueTypeGenerics", "ValueTypeGenerics\04 ValueTypeGenerics.csproj", "{B2E829A0-BB72-40F7-A799-B55707559DE1}"
EndProject
Global
	GlobalSection(SolutionConfigurationPlatforms) = preSolution
		Debug|Any CPU = Debug|Any CPU
		Debug|x64 = Debug|x64
		Release|Any CPU = Release|Any CPU
		Release|x64 = Release|x64
	EndGlobalSection
	GlobalSection(ProjectConfigurationPlatforms) = postSolution
		{17C24ED2-E909-4A51-9F1B-7EE69469C810}.Debug|Any CPU.ActiveCfg = Debug|Any CPU
		{17C24ED2-E909-4A51-9F1B-7EE69469C810}.Debug|Any CPU.Build.0 = Debug|Any CPU
		{17C24ED2-E909-4A51-9F1B-7EE69469C810}.Debug|x64.ActiveCfg = Debug|x64
		{17C24ED2-E909-4A51-9F1B-7EE69469C810}.Debug|x64.Build.0 = Debug|x64
		{17C24ED2-E909-4A51-9F1B-7EE69469C810}.Release|Any CPU.ActiveCfg = Release|Any CPU
		{17C24ED2-E909-4A51-9F1B-7EE69469C810}.Release|Any CPU.Build.0 = Release|Any CPU
		{17C24ED2-E909-4A51-9F1B-7EE69469C810}.Release|x64.ActiveCfg = Release|x64
		{17C24ED2-E909-4A51-9F1B-7EE69469C810}.Release|x64.Build.0 = Release|x64
		{FA867395-FC89-4ACE-8971-9F0BFD8081D8}.Debug|Any CPU.ActiveCfg = Debug|Any CPU
		{FA867395-FC89-4ACE-8971-9F0BFD8081D8}.Debug|Any CPU.Build.0 = Debug|Any CPU
		{FA867395-FC89-4ACE-8971-9F0BFD8081D8}.Debug|x64.ActiveCfg = Debug|Any CPU
		{FA867395-FC89-4ACE-8971-9F0BFD8081D8}.Debug|x64.Build.0 = Debug|Any CPU
		{FA867395-FC89-4ACE-8971-9F0BFD8081D8}.Release|Any CPU.ActiveCfg = Release|Any CPU
		{FA867395-FC89-4ACE-8971-9F0BFD8081D8}.Release|Any CPU.Build.0 = Release|Any CPU
		{FA867395-FC89-4ACE-8971-9F0BFD8081D8}.Release|x64.ActiveCfg = Release|Any CPU
		{FA867395-FC89-4ACE-8971-9F0BFD8081D8}.Release|x64.Build.0 = Release|Any CPU
		{169A9475-3466-4043-8B6C-F10E2A3B30F1}.Debug|Any CPU.ActiveCfg = Debug|Any CPU
		{169A9475-3466-4043-8B6C-F10E2A3B30F1}.Debug|Any CPU.Build.0 = Debug|Any CPU
		{169A9475-3466-4043-8B6C-F10E2A3B30F1}.Debug|x64.ActiveCfg = Debug|Any CPU
		{169A9475-3466-4043-8B6C-F10E2A3B30F1}.Debug|x64.Build.0 = Debug|Any CPU
		{169A9475-3466-4043-8B6C-F10E2A3B30F1}.Release|Any CPU.ActiveCfg = Release|Any CPU
		{169A9475-3466-4043-8B6C-F10E2A3B30F1}.Release|Any CPU.Build.0 = Release|Any CPU
		{169A9475-3466-4043-8B6C-F10E2A3B30F1}.Release|x64.ActiveCfg = Release|Any CPU
		{169A9475-3466-4043-8B6C-F10E2A3B30F1}.Release|x64.Build.0 = Release|Any CPU
		{B2E829A0-BB72-40F7-A799-B55707559DE1}.Debug|Any CPU.ActiveCfg = Debug|Any CPU
		{B2E829A0-BB72-40F7-A799-B55707559DE1}.Debug|Any CPU.Build.0 = Debug|Any CPU
		{B2E829A0-BB72-40F7-A799-B55707559DE1}.Debug|x64.ActiveCfg = Debug|Any CPU
		{B2E829A0-BB72-40F7-A799-B55707559DE1}.Debug|x64.Build.0 = Debug|Any CPU
		{B2E829A0-BB72-40F7-A799-B55707559DE1}.Release|Any CPU.ActiveCfg = Release|Any CPU
		{B2E829A0-BB72-40F7-A799-B55707559DE1}.Release|Any CPU.Build.0 = Release|Any CPU
		{B2E829A0-BB72-40F7-A799-B55707559DE1}.Release|x64.ActiveCfg = Release|Any CPU
		{B2E829A0-BB72-40F7-A799-B55707559DE1}.Release|x64.Build.0 = Release|Any CPU
	EndGlobalSection
	GlobalSection(SolutionProperties) = preSolution
		HideSolutionNode = FALSE
	EndGlobalSection
EndGlobal
