
Microsoft Visual Studio Solution File, Format Version 12.00
# Visual Studio Version 16
VisualStudioVersion = 16.0.31004.235
MinimumVisualStudioVersion = 10.0.40219.1
Project("{9A19103F-16F7-4668-BE54-9A1E7A4F7556}") = "TopLevelProgram", "TopLevelProgram\TopLevelProgram.csproj", "{52D88EEF-F6A3-4019-B47F-FD2BDE69670E}"
EndProject
Project("{FAE04EC0-301F-11D3-BF4B-00C04F79EFBC}") = "ModuleInitializer", "ModuleInitializer\ModuleInitializer.csproj", "{D680BC95-75F3-4AA4-99BF-D008C45FC7D5}"
EndProject
Global
	GlobalSection(SolutionConfigurationPlatforms) = preSolution
		Debug|Any CPU = Debug|Any CPU
		Release|Any CPU = Release|Any CPU
	EndGlobalSection
	GlobalSection(ProjectConfigurationPlatforms) = postSolution
		{52D88EEF-F6A3-4019-B47F-FD2BDE69670E}.Debug|Any CPU.ActiveCfg = Debug|Any CPU
		{52D88EEF-F6A3-4019-B47F-FD2BDE69670E}.Debug|Any CPU.Build.0 = Debug|Any CPU
		{52D88EEF-F6A3-4019-B47F-FD2BDE69670E}.Release|Any CPU.ActiveCfg = Release|Any CPU
		{52D88EEF-F6A3-4019-B47F-FD2BDE69670E}.Release|Any CPU.Build.0 = Release|Any CPU
		{D680BC95-75F3-4AA4-99BF-D008C45FC7D5}.Debug|Any CPU.ActiveCfg = Debug|Any CPU
		{D680BC95-75F3-4AA4-99BF-D008C45FC7D5}.Debug|Any CPU.Build.0 = Debug|Any CPU
		{D680BC95-75F3-4AA4-99BF-D008C45FC7D5}.Release|Any CPU.ActiveCfg = Release|Any CPU
		{D680BC95-75F3-4AA4-99BF-D008C45FC7D5}.Release|Any CPU.Build.0 = Release|Any CPU
	EndGlobalSection
	GlobalSection(SolutionProperties) = preSolution
		HideSolutionNode = FALSE
	EndGlobalSection
	GlobalSection(ExtensibilityGlobals) = postSolution
		SolutionGuid = {03C69979-6F1E-492D-811F-AAE18CDDB5D1}
	EndGlobalSection
EndGlobal
