
Microsoft Visual Studio Solution File, Format Version 12.00
# Visual Studio Version 16
VisualStudioVersion = 16.0.31004.235
MinimumVisualStudioVersion = 10.0.40219.1
Project("{FAE04EC0-301F-11D3-BF4B-00C04F79EFBC}") = "LambdaDiscard", "LambdaDiscard\LambdaDiscard.csproj", "{62165BDD-2370-4EC3-B71B-C0435C0979EF}"
EndProject
Global
	GlobalSection(SolutionConfigurationPlatforms) = preSolution
		Debug|Any CPU = Debug|Any CPU
		Release|Any CPU = Release|Any CPU
	EndGlobalSection
	GlobalSection(ProjectConfigurationPlatforms) = postSolution
		{62165BDD-2370-4EC3-B71B-C0435C0979EF}.Debug|Any CPU.ActiveCfg = Debug|Any CPU
		{62165BDD-2370-4EC3-B71B-C0435C0979EF}.Debug|Any CPU.Build.0 = Debug|Any CPU
		{62165BDD-2370-4EC3-B71B-C0435C0979EF}.Release|Any CPU.ActiveCfg = Release|Any CPU
		{62165BDD-2370-4EC3-B71B-C0435C0979EF}.Release|Any CPU.Build.0 = Release|Any CPU
	EndGlobalSection
	GlobalSection(SolutionProperties) = preSolution
		HideSolutionNode = FALSE
	EndGlobalSection
	GlobalSection(ExtensibilityGlobals) = postSolution
		SolutionGuid = {03C69979-6F1E-492D-811F-AAE18CDDB5D1}
	EndGlobalSection
EndGlobal
