
Microsoft Visual Studio Solution File, Format Version 12.00
# Visual Studio 15
VisualStudioVersion = 15.0.27019.1
MinimumVisualStudioVersion = 10.0.40219.1
Project("{FAE04EC0-301F-11D3-BF4B-00C04F79EFBC}") = "Boxing", "Boxing\Boxing.csproj", "{EB51A057-60F6-44C8-AEDD-6591B5DC88A8}"
EndProject
Project("{FAE04EC0-301F-11D3-BF4B-00C04F79EFBC}") = "WeakReference", "WeakReference\WeakReference.csproj", "{83481B0E-62A6-4427-B645-FCE090A3F8C3}"
EndProject
Project("{9A19103F-16F7-4668-BE54-9A1E7A4F7556}") = "ClassOrStruct", "ClassOrStruct\ClassOrStruct.csproj", "{3A412CF5-C377-4EF9-BD73-8CF27950C990}"
EndProject
Project("{FAE04EC0-301F-11D3-BF4B-00C04F79EFBC}") = "StructPerformance", "StructPerformance\StructPerformance.csproj", "{4E3E8CFD-6DB9-4D95-845D-1E955796C061}"
EndProject
Project("{FAE04EC0-301F-11D3-BF4B-00C04F79EFBC}") = "RefReturns", "RefReturns\RefReturns.csproj", "{A080169A-A2C3-498C-A64C-CEB1CBDB925A}"
EndProject
Project("{FAE04EC0-301F-11D3-BF4B-00C04F79EFBC}") = "ByRef", "ByRef\ByRef.csproj", "{BEEF5270-1266-4164-AE0A-C0E5E301B687}"
EndProject
Project("{FAE04EC0-301F-11D3-BF4B-00C04F79EFBC}") = "StructLayoutSample", "StructLayoutSample\StructLayoutSample.csproj", "{D5D09AA6-99FE-43B3-9EEE-44E5DDBB8EEC}"
EndProject
Project("{FAE04EC0-301F-11D3-BF4B-00C04F79EFBC}") = "RefAndPointer", "RefAndPointer\RefAndPointer.csproj", "{33541ADA-A350-4C7E-AA45-BA1565A885E1}"
EndProject
Project("{FAE04EC0-301F-11D3-BF4B-00C04F79EFBC}") = "RecursiveReadOnly", "RecursiveReadOnly\RecursiveReadOnly.csproj", "{B02498B6-0452-4A05-8DF9-BF84FF097853}"
EndProject
Global
	GlobalSection(SolutionConfigurationPlatforms) = preSolution
		Debug|Any CPU = Debug|Any CPU
		Release|Any CPU = Release|Any CPU
	EndGlobalSection
	GlobalSection(ProjectConfigurationPlatforms) = postSolution
		{EB51A057-60F6-44C8-AEDD-6591B5DC88A8}.Debug|Any CPU.ActiveCfg = Debug|Any CPU
		{EB51A057-60F6-44C8-AEDD-6591B5DC88A8}.Debug|Any CPU.Build.0 = Debug|Any CPU
		{EB51A057-60F6-44C8-AEDD-6591B5DC88A8}.Release|Any CPU.ActiveCfg = Release|Any CPU
		{EB51A057-60F6-44C8-AEDD-6591B5DC88A8}.Release|Any CPU.Build.0 = Release|Any CPU
		{83481B0E-62A6-4427-B645-FCE090A3F8C3}.Debug|Any CPU.ActiveCfg = Debug|Any CPU
		{83481B0E-62A6-4427-B645-FCE090A3F8C3}.Debug|Any CPU.Build.0 = Debug|Any CPU
		{83481B0E-62A6-4427-B645-FCE090A3F8C3}.Release|Any CPU.ActiveCfg = Release|Any CPU
		{83481B0E-62A6-4427-B645-FCE090A3F8C3}.Release|Any CPU.Build.0 = Release|Any CPU
		{3A412CF5-C377-4EF9-BD73-8CF27950C990}.Debug|Any CPU.ActiveCfg = Debug|Any CPU
		{3A412CF5-C377-4EF9-BD73-8CF27950C990}.Debug|Any CPU.Build.0 = Debug|Any CPU
		{3A412CF5-C377-4EF9-BD73-8CF27950C990}.Release|Any CPU.ActiveCfg = Release|Any CPU
		{3A412CF5-C377-4EF9-BD73-8CF27950C990}.Release|Any CPU.Build.0 = Release|Any CPU
		{4E3E8CFD-6DB9-4D95-845D-1E955796C061}.Debug|Any CPU.ActiveCfg = Debug|Any CPU
		{4E3E8CFD-6DB9-4D95-845D-1E955796C061}.Debug|Any CPU.Build.0 = Debug|Any CPU
		{4E3E8CFD-6DB9-4D95-845D-1E955796C061}.Release|Any CPU.ActiveCfg = Release|Any CPU
		{4E3E8CFD-6DB9-4D95-845D-1E955796C061}.Release|Any CPU.Build.0 = Release|Any CPU
		{A080169A-A2C3-498C-A64C-CEB1CBDB925A}.Debug|Any CPU.ActiveCfg = Debug|Any CPU
		{A080169A-A2C3-498C-A64C-CEB1CBDB925A}.Debug|Any CPU.Build.0 = Debug|Any CPU
		{A080169A-A2C3-498C-A64C-CEB1CBDB925A}.Release|Any CPU.ActiveCfg = Release|Any CPU
		{A080169A-A2C3-498C-A64C-CEB1CBDB925A}.Release|Any CPU.Build.0 = Release|Any CPU
		{BEEF5270-1266-4164-AE0A-C0E5E301B687}.Debug|Any CPU.ActiveCfg = Debug|Any CPU
		{BEEF5270-1266-4164-AE0A-C0E5E301B687}.Debug|Any CPU.Build.0 = Debug|Any CPU
		{BEEF5270-1266-4164-AE0A-C0E5E301B687}.Release|Any CPU.ActiveCfg = Release|Any CPU
		{BEEF5270-1266-4164-AE0A-C0E5E301B687}.Release|Any CPU.Build.0 = Release|Any CPU
		{D5D09AA6-99FE-43B3-9EEE-44E5DDBB8EEC}.Debug|Any CPU.ActiveCfg = Debug|Any CPU
		{D5D09AA6-99FE-43B3-9EEE-44E5DDBB8EEC}.Debug|Any CPU.Build.0 = Debug|Any CPU
		{D5D09AA6-99FE-43B3-9EEE-44E5DDBB8EEC}.Release|Any CPU.ActiveCfg = Release|Any CPU
		{D5D09AA6-99FE-43B3-9EEE-44E5DDBB8EEC}.Release|Any CPU.Build.0 = Release|Any CPU
		{33541ADA-A350-4C7E-AA45-BA1565A885E1}.Debug|Any CPU.ActiveCfg = Debug|Any CPU
		{33541ADA-A350-4C7E-AA45-BA1565A885E1}.Debug|Any CPU.Build.0 = Debug|Any CPU
		{33541ADA-A350-4C7E-AA45-BA1565A885E1}.Release|Any CPU.ActiveCfg = Release|Any CPU
		{33541ADA-A350-4C7E-AA45-BA1565A885E1}.Release|Any CPU.Build.0 = Release|Any CPU
		{B02498B6-0452-4A05-8DF9-BF84FF097853}.Debug|Any CPU.ActiveCfg = Debug|Any CPU
		{B02498B6-0452-4A05-8DF9-BF84FF097853}.Debug|Any CPU.Build.0 = Debug|Any CPU
		{B02498B6-0452-4A05-8DF9-BF84FF097853}.Release|Any CPU.ActiveCfg = Release|Any CPU
		{B02498B6-0452-4A05-8DF9-BF84FF097853}.Release|Any CPU.Build.0 = Release|Any CPU
	EndGlobalSection
	GlobalSection(SolutionProperties) = preSolution
		HideSolutionNode = FALSE
	EndGlobalSection
	GlobalSection(ExtensibilityGlobals) = postSolution
		SolutionGuid = {89CFCA2F-0027-41D0-8EB0-A1AD571854E3}
	EndGlobalSection
EndGlobal
