
Microsoft Visual Studio Solution File, Format Version 12.00
# Visual Studio 15
VisualStudioVersion = 15.0.27130.2036
MinimumVisualStudioVersion = 10.0.40219.1
Project("{9A19103F-16F7-4668-BE54-9A1E7A4F7556}") = "cszip", "cszip\cszip.csproj", "{FF41E10B-3F21-498E-92D8-B0C548A7AC47}"
EndProject
Project("{FAE04EC0-301F-11D3-BF4B-00C04F79EFBC}") = "xstatic", "xstatic\xstatic.csproj", "{B34F6379-123F-41A9-AE1B-3640DBDCC787}"
EndProject
Project("{9A19103F-16F7-4668-BE54-9A1E7A4F7556}") = "csunzip", "csunzip\csunzip.csproj", "{C066C476-1D90-419A-8680-FD736FEBE538}"
EndProject
Global
	GlobalSection(SolutionConfigurationPlatforms) = preSolution
		Debug|Any CPU = Debug|Any CPU
		Release|Any CPU = Release|Any CPU
	EndGlobalSection
	GlobalSection(ProjectConfigurationPlatforms) = postSolution
		{FF41E10B-3F21-498E-92D8-B0C548A7AC47}.Debug|Any CPU.ActiveCfg = Debug|Any CPU
		{FF41E10B-3F21-498E-92D8-B0C548A7AC47}.Debug|Any CPU.Build.0 = Debug|Any CPU
		{FF41E10B-3F21-498E-92D8-B0C548A7AC47}.Release|Any CPU.ActiveCfg = Release|Any CPU
		{FF41E10B-3F21-498E-92D8-B0C548A7AC47}.Release|Any CPU.Build.0 = Release|Any CPU
		{B34F6379-123F-41A9-AE1B-3640DBDCC787}.Debug|Any CPU.ActiveCfg = Debug|Any CPU
		{B34F6379-123F-41A9-AE1B-3640DBDCC787}.Debug|Any CPU.Build.0 = Debug|Any CPU
		{B34F6379-123F-41A9-AE1B-3640DBDCC787}.Release|Any CPU.ActiveCfg = Release|Any CPU
		{B34F6379-123F-41A9-AE1B-3640DBDCC787}.Release|Any CPU.Build.0 = Release|Any CPU
		{C066C476-1D90-419A-8680-FD736FEBE538}.Debug|Any CPU.ActiveCfg = Debug|Any CPU
		{C066C476-1D90-419A-8680-FD736FEBE538}.Debug|Any CPU.Build.0 = Debug|Any CPU
		{C066C476-1D90-419A-8680-FD736FEBE538}.Release|Any CPU.ActiveCfg = Release|Any CPU
		{C066C476-1D90-419A-8680-FD736FEBE538}.Release|Any CPU.Build.0 = Release|Any CPU
	EndGlobalSection
	GlobalSection(SolutionProperties) = preSolution
		HideSolutionNode = FALSE
	EndGlobalSection
	GlobalSection(ExtensibilityGlobals) = postSolution
		SolutionGuid = {96595697-2DC4-4524-A5CB-FECD17AA5742}
	EndGlobalSection
EndGlobal
