
Microsoft Visual Studio Solution File, Format Version 12.00
# Visual Studio 14
VisualStudioVersion = 14.0.24720.0
MinimumVisualStudioVersion = 10.0.40219.1
Project("{2150E333-8FDC-42A3-9474-1A3956D46DE8}") = "src", "src", "{F93B5B20-6EF7-4ECC-8E2C-8BA783CFCC27}"
EndProject
Project("{2150E333-8FDC-42A3-9474-1A3956D46DE8}") = "Solution Items", "Solution Items", "{B4EEE214-23DA-4BEE-817C-9381BA659CD1}"
	ProjectSection(SolutionItems) = preProject
		global.json = global.json
	EndProjectSection
EndProject
Project("{8BB2217D-0F2D-49D1-97BC-3654ED321F3B}") = "TwitterBot", "src\TwitterBot\TwitterBot.xproj", "{0BF82EF5-7AA7-404E-B3A8-90BDA1DA8E2B}"
EndProject
Global
	GlobalSection(SolutionConfigurationPlatforms) = preSolution
		Debug|Any CPU = Debug|Any CPU
		Release|Any CPU = Release|Any CPU
	EndGlobalSection
	GlobalSection(ProjectConfigurationPlatforms) = postSolution
		{0BF82EF5-7AA7-404E-B3A8-90BDA1DA8E2B}.Debug|Any CPU.ActiveCfg = Debug|Any CPU
		{0BF82EF5-7AA7-404E-B3A8-90BDA1DA8E2B}.Debug|Any CPU.Build.0 = Debug|Any CPU
		{0BF82EF5-7AA7-404E-B3A8-90BDA1DA8E2B}.Release|Any CPU.ActiveCfg = Release|Any CPU
		{0BF82EF5-7AA7-404E-B3A8-90BDA1DA8E2B}.Release|Any CPU.Build.0 = Release|Any CPU
	EndGlobalSection
	GlobalSection(SolutionProperties) = preSolution
		HideSolutionNode = FALSE
	EndGlobalSection
	GlobalSection(NestedProjects) = preSolution
		{0BF82EF5-7AA7-404E-B3A8-90BDA1DA8E2B} = {F93B5B20-6EF7-4ECC-8E2C-8BA783CFCC27}
	EndGlobalSection
EndGlobal
