
Microsoft Visual Studio Solution File, Format Version 12.00
# Visual Studio 14
VisualStudioVersion = 14.0.22512.0
MinimumVisualStudioVersion = 10.0.40219.1
Project("{FAE04EC0-301F-11D3-BF4B-00C04F79EFBC}") = "Build2014Demo", "Build2014Demo\Build2014Demo.csproj", "{99450994-4B2D-406E-8D92-57D68A7A07C6}"
EndProject
Project("{FAE04EC0-301F-11D3-BF4B-00C04F79EFBC}") = "AutoProperty", "AutoProperty\AutoProperty.csproj", "{D8364F52-F9A7-4295-8163-9EA7F1E2B37E}"
EndProject
Project("{FAE04EC0-301F-11D3-BF4B-00C04F79EFBC}") = "PrimaryConstructor", "PrimaryConstructor\PrimaryConstructor.csproj", "{FA3D11E4-7DFE-4298-9589-D9DAFDCCBB9A}"
EndProject
Project("{2150E333-8FDC-42A3-9474-1A3956D46DE8}") = "Solution Items", "Solution Items", "{09309FA3-F9B2-4056-BD81-4E751564D0C9}"
	ProjectSection(SolutionItems) = preProject
		readme.txt = readme.txt
	EndProjectSection
EndProject
Global
	GlobalSection(SolutionConfigurationPlatforms) = preSolution
		Debug|Any CPU = Debug|Any CPU
		Release|Any CPU = Release|Any CPU
	EndGlobalSection
	GlobalSection(ProjectConfigurationPlatforms) = postSolution
		{99450994-4B2D-406E-8D92-57D68A7A07C6}.Debug|Any CPU.ActiveCfg = Debug|Any CPU
		{99450994-4B2D-406E-8D92-57D68A7A07C6}.Debug|Any CPU.Build.0 = Debug|Any CPU
		{99450994-4B2D-406E-8D92-57D68A7A07C6}.Release|Any CPU.ActiveCfg = Release|Any CPU
		{99450994-4B2D-406E-8D92-57D68A7A07C6}.Release|Any CPU.Build.0 = Release|Any CPU
		{D8364F52-F9A7-4295-8163-9EA7F1E2B37E}.Debug|Any CPU.ActiveCfg = Debug|Any CPU
		{D8364F52-F9A7-4295-8163-9EA7F1E2B37E}.Debug|Any CPU.Build.0 = Debug|Any CPU
		{D8364F52-F9A7-4295-8163-9EA7F1E2B37E}.Release|Any CPU.ActiveCfg = Release|Any CPU
		{D8364F52-F9A7-4295-8163-9EA7F1E2B37E}.Release|Any CPU.Build.0 = Release|Any CPU
		{FA3D11E4-7DFE-4298-9589-D9DAFDCCBB9A}.Debug|Any CPU.ActiveCfg = Debug|Any CPU
		{FA3D11E4-7DFE-4298-9589-D9DAFDCCBB9A}.Debug|Any CPU.Build.0 = Debug|Any CPU
		{FA3D11E4-7DFE-4298-9589-D9DAFDCCBB9A}.Release|Any CPU.ActiveCfg = Release|Any CPU
		{FA3D11E4-7DFE-4298-9589-D9DAFDCCBB9A}.Release|Any CPU.Build.0 = Release|Any CPU
	EndGlobalSection
	GlobalSection(SolutionProperties) = preSolution
		HideSolutionNode = FALSE
	EndGlobalSection
EndGlobal
