
Microsoft Visual Studio Solution File, Format Version 12.00
# Visual Studio 14
VisualStudioVersion = 14.0.22310.1
MinimumVisualStudioVersion = 10.0.40219.1
Project("{FAE04EC0-301F-11D3-BF4B-00C04F79EFBC}") = "Observable", "Observable\Observable.csproj", "{9DA4DAFA-81CA-47C6-B953-A7D1AD376429}"
EndProject
Project("{FAE04EC0-301F-11D3-BF4B-00C04F79EFBC}") = "EventDriven", "EventDriven\EventDriven.csproj", "{B9F1BFC7-12D7-4434-8335-DDC9E7D0F9D7}"
EndProject
Global
	GlobalSection(SolutionConfigurationPlatforms) = preSolution
		Debug|Any CPU = Debug|Any CPU
		Release|Any CPU = Release|Any CPU
	EndGlobalSection
	GlobalSection(ProjectConfigurationPlatforms) = postSolution
		{9DA4DAFA-81CA-47C6-B953-A7D1AD376429}.Debug|Any CPU.ActiveCfg = Debug|Any CPU
		{9DA4DAFA-81CA-47C6-B953-A7D1AD376429}.Debug|Any CPU.Build.0 = Debug|Any CPU
		{9DA4DAFA-81CA-47C6-B953-A7D1AD376429}.Release|Any CPU.ActiveCfg = Release|Any CPU
		{9DA4DAFA-81CA-47C6-B953-A7D1AD376429}.Release|Any CPU.Build.0 = Release|Any CPU
		{B9F1BFC7-12D7-4434-8335-DDC9E7D0F9D7}.Debug|Any CPU.ActiveCfg = Debug|Any CPU
		{B9F1BFC7-12D7-4434-8335-DDC9E7D0F9D7}.Debug|Any CPU.Build.0 = Debug|Any CPU
		{B9F1BFC7-12D7-4434-8335-DDC9E7D0F9D7}.Release|Any CPU.ActiveCfg = Release|Any CPU
		{B9F1BFC7-12D7-4434-8335-DDC9E7D0F9D7}.Release|Any CPU.Build.0 = Release|Any CPU
	EndGlobalSection
	GlobalSection(SolutionProperties) = preSolution
		HideSolutionNode = FALSE
	EndGlobalSection
EndGlobal
