
Microsoft Visual Studio Solution File, Format Version 12.00
# Visual Studio 15
VisualStudioVersion = 15.0.25618.0
MinimumVisualStudioVersion = 10.0.40219.1
Project("{FAE04EC0-301F-11D3-BF4B-00C04F79EFBC}") = "CardBattle.Client", "CardBattle.Client\CardBattle.Client.csproj", "{242C5670-ECE8-4223-948A-D7B75B7FEF1B}"
EndProject
Project("{FAE04EC0-301F-11D3-BF4B-00C04F79EFBC}") = "CardBattle.Models", "CardBattle.Models\CardBattle.Models.csproj", "{80ADE6D3-1D9C-44E6-8688-ED2C8A6D7440}"
EndProject
Project("{2150E333-8FDC-42A3-9474-1A3956D46DE8}") = "lib", "lib", "{AA1E681C-0B48-4D50-B8B4-785EF8BC9C4A}"
EndProject
Project("{FAE04EC0-301F-11D3-BF4B-00C04F79EFBC}") = "TaskLibrary.Channels", "..\..\..\src\TaskLibraries\TaskLibrary.Channels\TaskLibrary.Channels.csproj", "{A46DBF03-3D5E-4580-8BB0-FD5DA4F1188C}"
EndProject
Project("{FAE04EC0-301F-11D3-BF4B-00C04F79EFBC}") = "SystemAsync", "..\..\..\src\TaskLibraries\SystemAsync\SystemAsync.csproj", "{F861E95E-72C0-47E1-B282-F8FDBB79C8D9}"
EndProject
Global
	GlobalSection(SolutionConfigurationPlatforms) = preSolution
		Debug|Any CPU = Debug|Any CPU
		NoOpt|Any CPU = NoOpt|Any CPU
		Release|Any CPU = Release|Any CPU
	EndGlobalSection
	GlobalSection(ProjectConfigurationPlatforms) = postSolution
		{242C5670-ECE8-4223-948A-D7B75B7FEF1B}.Debug|Any CPU.ActiveCfg = Debug|Any CPU
		{242C5670-ECE8-4223-948A-D7B75B7FEF1B}.Debug|Any CPU.Build.0 = Debug|Any CPU
		{242C5670-ECE8-4223-948A-D7B75B7FEF1B}.NoOpt|Any CPU.ActiveCfg = Release|Any CPU
		{242C5670-ECE8-4223-948A-D7B75B7FEF1B}.NoOpt|Any CPU.Build.0 = Release|Any CPU
		{242C5670-ECE8-4223-948A-D7B75B7FEF1B}.Release|Any CPU.ActiveCfg = Release|Any CPU
		{242C5670-ECE8-4223-948A-D7B75B7FEF1B}.Release|Any CPU.Build.0 = Release|Any CPU
		{80ADE6D3-1D9C-44E6-8688-ED2C8A6D7440}.Debug|Any CPU.ActiveCfg = Debug|Any CPU
		{80ADE6D3-1D9C-44E6-8688-ED2C8A6D7440}.Debug|Any CPU.Build.0 = Debug|Any CPU
		{80ADE6D3-1D9C-44E6-8688-ED2C8A6D7440}.NoOpt|Any CPU.ActiveCfg = Release|Any CPU
		{80ADE6D3-1D9C-44E6-8688-ED2C8A6D7440}.NoOpt|Any CPU.Build.0 = Release|Any CPU
		{80ADE6D3-1D9C-44E6-8688-ED2C8A6D7440}.Release|Any CPU.ActiveCfg = Release|Any CPU
		{80ADE6D3-1D9C-44E6-8688-ED2C8A6D7440}.Release|Any CPU.Build.0 = Release|Any CPU
		{A46DBF03-3D5E-4580-8BB0-FD5DA4F1188C}.Debug|Any CPU.ActiveCfg = Debug|Any CPU
		{A46DBF03-3D5E-4580-8BB0-FD5DA4F1188C}.Debug|Any CPU.Build.0 = Debug|Any CPU
		{A46DBF03-3D5E-4580-8BB0-FD5DA4F1188C}.NoOpt|Any CPU.ActiveCfg = Release|Any CPU
		{A46DBF03-3D5E-4580-8BB0-FD5DA4F1188C}.NoOpt|Any CPU.Build.0 = Release|Any CPU
		{A46DBF03-3D5E-4580-8BB0-FD5DA4F1188C}.Release|Any CPU.ActiveCfg = Release|Any CPU
		{A46DBF03-3D5E-4580-8BB0-FD5DA4F1188C}.Release|Any CPU.Build.0 = Release|Any CPU
		{F861E95E-72C0-47E1-B282-F8FDBB79C8D9}.Debug|Any CPU.ActiveCfg = Debug|Any CPU
		{F861E95E-72C0-47E1-B282-F8FDBB79C8D9}.Debug|Any CPU.Build.0 = Debug|Any CPU
		{F861E95E-72C0-47E1-B282-F8FDBB79C8D9}.NoOpt|Any CPU.ActiveCfg = NoOpt|Any CPU
		{F861E95E-72C0-47E1-B282-F8FDBB79C8D9}.NoOpt|Any CPU.Build.0 = NoOpt|Any CPU
		{F861E95E-72C0-47E1-B282-F8FDBB79C8D9}.Release|Any CPU.ActiveCfg = Release|Any CPU
		{F861E95E-72C0-47E1-B282-F8FDBB79C8D9}.Release|Any CPU.Build.0 = Release|Any CPU
	EndGlobalSection
	GlobalSection(SolutionProperties) = preSolution
		HideSolutionNode = FALSE
	EndGlobalSection
	GlobalSection(NestedProjects) = preSolution
		{A46DBF03-3D5E-4580-8BB0-FD5DA4F1188C} = {AA1E681C-0B48-4D50-B8B4-785EF8BC9C4A}
		{F861E95E-72C0-47E1-B282-F8FDBB79C8D9} = {AA1E681C-0B48-4D50-B8B4-785EF8BC9C4A}
	EndGlobalSection
EndGlobal
