
Microsoft Visual Studio Solution File, Format Version 12.00
# Visual Studio Version 17
VisualStudioVersion = 17.5.33103.201
MinimumVisualStudioVersion = 10.0.40219.1
Project("{9A19103F-16F7-4668-BE54-9A1E7A4F7556}") = "ConsoleApp1", "ConsoleApp1\ConsoleApp1.csproj", "{88A63FBB-8798-4696-96B0-417C60B4D0C7}"
EndProject
Project("{9A19103F-16F7-4668-BE54-9A1E7A4F7556}") = "ClassLibrary1", "ClassLibrary1\ClassLibrary1.csproj", "{AD09EFDE-7E70-412A-A3BF-1C2B09B399DB}"
EndProject
Project("{9A19103F-16F7-4668-BE54-9A1E7A4F7556}") = "Benchmark", "Benchmark\Benchmark.csproj", "{2AA26EAD-97CC-4A38-BC28-7EF28483CEF8}"
EndProject
Project("{FAE04EC0-301F-11D3-BF4B-00C04F79EFBC}") = "FileGenerator", "FileGenerator\FileGenerator.csproj", "{17A20F54-87D5-4615-A78D-F4457DBED406}"
EndProject
Global
	GlobalSection(SolutionConfigurationPlatforms) = preSolution
		Debug|Any CPU = Debug|Any CPU
		Release|Any CPU = Release|Any CPU
	EndGlobalSection
	GlobalSection(ProjectConfigurationPlatforms) = postSolution
		{88A63FBB-8798-4696-96B0-417C60B4D0C7}.Debug|Any CPU.ActiveCfg = Debug|Any CPU
		{88A63FBB-8798-4696-96B0-417C60B4D0C7}.Debug|Any CPU.Build.0 = Debug|Any CPU
		{88A63FBB-8798-4696-96B0-417C60B4D0C7}.Release|Any CPU.ActiveCfg = Release|Any CPU
		{88A63FBB-8798-4696-96B0-417C60B4D0C7}.Release|Any CPU.Build.0 = Release|Any CPU
		{AD09EFDE-7E70-412A-A3BF-1C2B09B399DB}.Debug|Any CPU.ActiveCfg = Debug|Any CPU
		{AD09EFDE-7E70-412A-A3BF-1C2B09B399DB}.Debug|Any CPU.Build.0 = Debug|Any CPU
		{AD09EFDE-7E70-412A-A3BF-1C2B09B399DB}.Release|Any CPU.ActiveCfg = Release|Any CPU
		{AD09EFDE-7E70-412A-A3BF-1C2B09B399DB}.Release|Any CPU.Build.0 = Release|Any CPU
		{2AA26EAD-97CC-4A38-BC28-7EF28483CEF8}.Debug|Any CPU.ActiveCfg = Debug|Any CPU
		{2AA26EAD-97CC-4A38-BC28-7EF28483CEF8}.Debug|Any CPU.Build.0 = Debug|Any CPU
		{2AA26EAD-97CC-4A38-BC28-7EF28483CEF8}.Release|Any CPU.ActiveCfg = Release|Any CPU
		{2AA26EAD-97CC-4A38-BC28-7EF28483CEF8}.Release|Any CPU.Build.0 = Release|Any CPU
		{17A20F54-87D5-4615-A78D-F4457DBED406}.Debug|Any CPU.ActiveCfg = Debug|Any CPU
		{17A20F54-87D5-4615-A78D-F4457DBED406}.Debug|Any CPU.Build.0 = Debug|Any CPU
		{17A20F54-87D5-4615-A78D-F4457DBED406}.Release|Any CPU.ActiveCfg = Release|Any CPU
		{17A20F54-87D5-4615-A78D-F4457DBED406}.Release|Any CPU.Build.0 = Release|Any CPU
	EndGlobalSection
	GlobalSection(SolutionProperties) = preSolution
		HideSolutionNode = FALSE
	EndGlobalSection
	GlobalSection(ExtensibilityGlobals) = postSolution
		SolutionGuid = {8AB7E02E-CB4C-4533-8AC5-376A8602BB41}
	EndGlobalSection
EndGlobal
