
Microsoft Visual Studio Solution File, Format Version 12.00
# Visual Studio 15
VisualStudioVersion = 15.0.27703.2047
MinimumVisualStudioVersion = 10.0.40219.1
Project("{FAE04EC0-301F-11D3-BF4B-00C04F79EFBC}") = "AsyncInternal", "AsyncInternal\AsyncInternal.csproj", "{D309E4FF-FC9C-4E88-8543-02CABD9F6D62}"
EndProject
Global
	GlobalSection(SolutionConfigurationPlatforms) = preSolution
		Debug|Any CPU = Debug|Any CPU
		Release|Any CPU = Release|Any CPU
	EndGlobalSection
	GlobalSection(ProjectConfigurationPlatforms) = postSolution
		{D309E4FF-FC9C-4E88-8543-02CABD9F6D62}.Debug|Any CPU.ActiveCfg = Debug|Any CPU
		{D309E4FF-FC9C-4E88-8543-02CABD9F6D62}.Debug|Any CPU.Build.0 = Debug|Any CPU
		{D309E4FF-FC9C-4E88-8543-02CABD9F6D62}.Release|Any CPU.ActiveCfg = Release|Any CPU
		{D309E4FF-FC9C-4E88-8543-02CABD9F6D62}.Release|Any CPU.Build.0 = Release|Any CPU
	EndGlobalSection
	GlobalSection(SolutionProperties) = preSolution
		HideSolutionNode = FALSE
	EndGlobalSection
	GlobalSection(ExtensibilityGlobals) = postSolution
		SolutionGuid = {9C3B9E51-AE77-475B-BEA5-5E91A7AEC350}
	EndGlobalSection
EndGlobal
