
Microsoft Visual Studio Solution File, Format Version 12.00
# Visual Studio Version 16
VisualStudioVersion = 16.0.28315.86
MinimumVisualStudioVersion = 10.0.40219.1
Project("{FAE04EC0-301F-11D3-BF4B-00C04F79EFBC}") = "Cs8InVs2019P1", "Cs8InVs2019P1\Cs8InVs2019P1.csproj", "{AACEB075-9006-4730-ACE0-91FB33939BA7}"
EndProject
Global
	GlobalSection(SolutionConfigurationPlatforms) = preSolution
		Debug|Any CPU = Debug|Any CPU
		Release|Any CPU = Release|Any CPU
	EndGlobalSection
	GlobalSection(ProjectConfigurationPlatforms) = postSolution
		{AACEB075-9006-4730-ACE0-91FB33939BA7}.Debug|Any CPU.ActiveCfg = Debug|Any CPU
		{AACEB075-9006-4730-ACE0-91FB33939BA7}.Debug|Any CPU.Build.0 = Debug|Any CPU
		{AACEB075-9006-4730-ACE0-91FB33939BA7}.Release|Any CPU.ActiveCfg = Release|Any CPU
		{AACEB075-9006-4730-ACE0-91FB33939BA7}.Release|Any CPU.Build.0 = Release|Any CPU
	EndGlobalSection
	GlobalSection(SolutionProperties) = preSolution
		HideSolutionNode = FALSE
	EndGlobalSection
	GlobalSection(ExtensibilityGlobals) = postSolution
		SolutionGuid = {4A9B58B8-FA91-4D11-8F9F-5FA8BE221715}
	EndGlobalSection
EndGlobal
