
Microsoft Visual Studio Solution File, Format Version 12.00
# Visual Studio Version 17
VisualStudioVersion = 17.1.31911.260
MinimumVisualStudioVersion = 10.0.40219.1
Project("{9A19103F-16F7-4668-BE54-9A1E7A4F7556}") = "A", "A\A.csproj", "{33F4962A-6768-4350-96F3-16FBB0C540A4}"
EndProject
Project("{9A19103F-16F7-4668-BE54-9A1E7A4F7556}") = "B", "B\B.csproj", "{808ECB2F-FEB3-485C-923B-57A232370340}"
EndProject
Project("{9A19103F-16F7-4668-BE54-9A1E7A4F7556}") = "C", "C\C.csproj", "{FD971E01-90C5-48BD-9788-C4CE5376A100}"
EndProject
Project("{9A19103F-16F7-4668-BE54-9A1E7A4F7556}") = "D", "D\D.csproj", "{1CAAD24A-EEC1-402D-8A1A-E0300B1EE2A9}"
EndProject
Project("{9A19103F-16F7-4668-BE54-9A1E7A4F7556}") = "E", "E\E.csproj", "{65427218-FB6C-485B-BD3F-8C1E2B951894}"
EndProject
Project("{9A19103F-16F7-4668-BE54-9A1E7A4F7556}") = "F", "F\F.csproj", "{45F4A1AC-9DEF-421D-8F84-7E4A2FE14BA8}"
EndProject
Project("{9A19103F-16F7-4668-BE54-9A1E7A4F7556}") = "G", "G\G.csproj", "{CBF1F478-9C6E-4C20-9945-AA75C26A0DFD}"
EndProject
Project("{9A19103F-16F7-4668-BE54-9A1E7A4F7556}") = "H", "H\H.csproj", "{5885C5D3-6B6B-44F3-A1F4-2C561315AE5C}"
EndProject
Project("{9A19103F-16F7-4668-BE54-9A1E7A4F7556}") = "I", "I\I.csproj", "{832DB30D-B161-430B-8D57-09326CBED917}"
EndProject
Project("{9A19103F-16F7-4668-BE54-9A1E7A4F7556}") = "J", "J\J.csproj", "{39D52823-CA24-4AC6-B958-45E908EFEE69}"
EndProject
Project("{9A19103F-16F7-4668-BE54-9A1E7A4F7556}") = "K", "K\K.csproj", "{7609293B-F5DF-43B7-A9AD-8936B1985464}"
EndProject
Project("{9A19103F-16F7-4668-BE54-9A1E7A4F7556}") = "L", "L\L.csproj", "{A464AE55-FF7B-47C0-966B-11EBD5A6E139}"
EndProject
Project("{9A19103F-16F7-4668-BE54-9A1E7A4F7556}") = "M", "M\M.csproj", "{08D2713A-2F9B-4265-A451-32EBD17B3902}"
EndProject
Project("{9A19103F-16F7-4668-BE54-9A1E7A4F7556}") = "N", "N\N.csproj", "{2E9689C9-DE7C-4E7C-9A55-9AB41D445D43}"
EndProject
Project("{9A19103F-16F7-4668-BE54-9A1E7A4F7556}") = "O", "O\O.csproj", "{8A9443B1-1125-4043-819C-A1807242F1A3}"
EndProject
Project("{9A19103F-16F7-4668-BE54-9A1E7A4F7556}") = "P", "P\P.csproj", "{EB4EE958-EBDA-4D6B-BED0-83EA94AD03A4}"
EndProject
Project("{9A19103F-16F7-4668-BE54-9A1E7A4F7556}") = "Q", "Q\Q.csproj", "{1C9B31FB-B177-4310-80EA-CD06A0F14DBF}"
EndProject
Project("{9A19103F-16F7-4668-BE54-9A1E7A4F7556}") = "R", "R\R.csproj", "{1E8C15FA-BF3E-4340-8086-C9861944B6E5}"
EndProject
Project("{9A19103F-16F7-4668-BE54-9A1E7A4F7556}") = "S", "S\S.csproj", "{4FF87E46-A8AF-4E2C-99D3-EDA7F662197A}"
EndProject
Project("{9A19103F-16F7-4668-BE54-9A1E7A4F7556}") = "T", "T\T.csproj", "{11ABB4EF-46E4-471B-BAF4-916200F1EE0D}"
EndProject
Project("{9A19103F-16F7-4668-BE54-9A1E7A4F7556}") = "U", "U\U.csproj", "{1A08AE46-F6EB-4193-8540-07B20BF335D0}"
EndProject
Project("{9A19103F-16F7-4668-BE54-9A1E7A4F7556}") = "V", "V\V.csproj", "{92DD62B6-675A-4695-ABEF-0A89839AC917}"
EndProject
Project("{9A19103F-16F7-4668-BE54-9A1E7A4F7556}") = "W", "W\W.csproj", "{653F6476-583A-4C8E-857F-16CC526F89A6}"
EndProject
Project("{9A19103F-16F7-4668-BE54-9A1E7A4F7556}") = "X", "X\X.csproj", "{98EAB731-4633-4FE9-B66D-802C06C2ADCC}"
EndProject
Project("{9A19103F-16F7-4668-BE54-9A1E7A4F7556}") = "Y", "Y\Y.csproj", "{C14EB5BF-711C-4AF9-A74D-A6C91C24F32B}"
EndProject
Project("{9A19103F-16F7-4668-BE54-9A1E7A4F7556}") = "Z", "Z\Z.csproj", "{D071CC5E-32DC-4352-86A4-E7919B9FA3A8}"
EndProject
Global
	GlobalSection(SolutionConfigurationPlatforms) = preSolution
		Debug|Any CPU = Debug|Any CPU
		Release|Any CPU = Release|Any CPU
	EndGlobalSection
	GlobalSection(ProjectConfigurationPlatforms) = postSolution
		{33F4962A-6768-4350-96F3-16FBB0C540A4}.Debug|Any CPU.ActiveCfg = Debug|Any CPU
		{33F4962A-6768-4350-96F3-16FBB0C540A4}.Debug|Any CPU.Build.0 = Debug|Any CPU
		{33F4962A-6768-4350-96F3-16FBB0C540A4}.Release|Any CPU.ActiveCfg = Release|Any CPU
		{33F4962A-6768-4350-96F3-16FBB0C540A4}.Release|Any CPU.Build.0 = Release|Any CPU
		{808ECB2F-FEB3-485C-923B-57A232370340}.Debug|Any CPU.ActiveCfg = Debug|Any CPU
		{808ECB2F-FEB3-485C-923B-57A232370340}.Debug|Any CPU.Build.0 = Debug|Any CPU
		{808ECB2F-FEB3-485C-923B-57A232370340}.Release|Any CPU.ActiveCfg = Release|Any CPU
		{808ECB2F-FEB3-485C-923B-57A232370340}.Release|Any CPU.Build.0 = Release|Any CPU
		{FD971E01-90C5-48BD-9788-C4CE5376A100}.Debug|Any CPU.ActiveCfg = Debug|Any CPU
		{FD971E01-90C5-48BD-9788-C4CE5376A100}.Debug|Any CPU.Build.0 = Debug|Any CPU
		{FD971E01-90C5-48BD-9788-C4CE5376A100}.Release|Any CPU.ActiveCfg = Release|Any CPU
		{FD971E01-90C5-48BD-9788-C4CE5376A100}.Release|Any CPU.Build.0 = Release|Any CPU
		{1CAAD24A-EEC1-402D-8A1A-E0300B1EE2A9}.Debug|Any CPU.ActiveCfg = Debug|Any CPU
		{1CAAD24A-EEC1-402D-8A1A-E0300B1EE2A9}.Debug|Any CPU.Build.0 = Debug|Any CPU
		{1CAAD24A-EEC1-402D-8A1A-E0300B1EE2A9}.Release|Any CPU.ActiveCfg = Release|Any CPU
		{1CAAD24A-EEC1-402D-8A1A-E0300B1EE2A9}.Release|Any CPU.Build.0 = Release|Any CPU
		{65427218-FB6C-485B-BD3F-8C1E2B951894}.Debug|Any CPU.ActiveCfg = Debug|Any CPU
		{65427218-FB6C-485B-BD3F-8C1E2B951894}.Debug|Any CPU.Build.0 = Debug|Any CPU
		{65427218-FB6C-485B-BD3F-8C1E2B951894}.Release|Any CPU.ActiveCfg = Release|Any CPU
		{65427218-FB6C-485B-BD3F-8C1E2B951894}.Release|Any CPU.Build.0 = Release|Any CPU
		{45F4A1AC-9DEF-421D-8F84-7E4A2FE14BA8}.Debug|Any CPU.ActiveCfg = Debug|Any CPU
		{45F4A1AC-9DEF-421D-8F84-7E4A2FE14BA8}.Debug|Any CPU.Build.0 = Debug|Any CPU
		{45F4A1AC-9DEF-421D-8F84-7E4A2FE14BA8}.Release|Any CPU.ActiveCfg = Release|Any CPU
		{45F4A1AC-9DEF-421D-8F84-7E4A2FE14BA8}.Release|Any CPU.Build.0 = Release|Any CPU
		{CBF1F478-9C6E-4C20-9945-AA75C26A0DFD}.Debug|Any CPU.ActiveCfg = Debug|Any CPU
		{CBF1F478-9C6E-4C20-9945-AA75C26A0DFD}.Debug|Any CPU.Build.0 = Debug|Any CPU
		{CBF1F478-9C6E-4C20-9945-AA75C26A0DFD}.Release|Any CPU.ActiveCfg = Release|Any CPU
		{CBF1F478-9C6E-4C20-9945-AA75C26A0DFD}.Release|Any CPU.Build.0 = Release|Any CPU
		{5885C5D3-6B6B-44F3-A1F4-2C561315AE5C}.Debug|Any CPU.ActiveCfg = Debug|Any CPU
		{5885C5D3-6B6B-44F3-A1F4-2C561315AE5C}.Debug|Any CPU.Build.0 = Debug|Any CPU
		{5885C5D3-6B6B-44F3-A1F4-2C561315AE5C}.Release|Any CPU.ActiveCfg = Release|Any CPU
		{5885C5D3-6B6B-44F3-A1F4-2C561315AE5C}.Release|Any CPU.Build.0 = Release|Any CPU
		{832DB30D-B161-430B-8D57-09326CBED917}.Debug|Any CPU.ActiveCfg = Debug|Any CPU
		{832DB30D-B161-430B-8D57-09326CBED917}.Debug|Any CPU.Build.0 = Debug|Any CPU
		{832DB30D-B161-430B-8D57-09326CBED917}.Release|Any CPU.ActiveCfg = Release|Any CPU
		{832DB30D-B161-430B-8D57-09326CBED917}.Release|Any CPU.Build.0 = Release|Any CPU
		{39D52823-CA24-4AC6-B958-45E908EFEE69}.Debug|Any CPU.ActiveCfg = Debug|Any CPU
		{39D52823-CA24-4AC6-B958-45E908EFEE69}.Debug|Any CPU.Build.0 = Debug|Any CPU
		{39D52823-CA24-4AC6-B958-45E908EFEE69}.Release|Any CPU.ActiveCfg = Release|Any CPU
		{39D52823-CA24-4AC6-B958-45E908EFEE69}.Release|Any CPU.Build.0 = Release|Any CPU
		{7609293B-F5DF-43B7-A9AD-8936B1985464}.Debug|Any CPU.ActiveCfg = Debug|Any CPU
		{7609293B-F5DF-43B7-A9AD-8936B1985464}.Debug|Any CPU.Build.0 = Debug|Any CPU
		{7609293B-F5DF-43B7-A9AD-8936B1985464}.Release|Any CPU.ActiveCfg = Release|Any CPU
		{7609293B-F5DF-43B7-A9AD-8936B1985464}.Release|Any CPU.Build.0 = Release|Any CPU
		{A464AE55-FF7B-47C0-966B-11EBD5A6E139}.Debug|Any CPU.ActiveCfg = Debug|Any CPU
		{A464AE55-FF7B-47C0-966B-11EBD5A6E139}.Debug|Any CPU.Build.0 = Debug|Any CPU
		{A464AE55-FF7B-47C0-966B-11EBD5A6E139}.Release|Any CPU.ActiveCfg = Release|Any CPU
		{A464AE55-FF7B-47C0-966B-11EBD5A6E139}.Release|Any CPU.Build.0 = Release|Any CPU
		{08D2713A-2F9B-4265-A451-32EBD17B3902}.Debug|Any CPU.ActiveCfg = Debug|Any CPU
		{08D2713A-2F9B-4265-A451-32EBD17B3902}.Debug|Any CPU.Build.0 = Debug|Any CPU
		{08D2713A-2F9B-4265-A451-32EBD17B3902}.Release|Any CPU.ActiveCfg = Release|Any CPU
		{08D2713A-2F9B-4265-A451-32EBD17B3902}.Release|Any CPU.Build.0 = Release|Any CPU
		{2E9689C9-DE7C-4E7C-9A55-9AB41D445D43}.Debug|Any CPU.ActiveCfg = Debug|Any CPU
		{2E9689C9-DE7C-4E7C-9A55-9AB41D445D43}.Debug|Any CPU.Build.0 = Debug|Any CPU
		{2E9689C9-DE7C-4E7C-9A55-9AB41D445D43}.Release|Any CPU.ActiveCfg = Release|Any CPU
		{2E9689C9-DE7C-4E7C-9A55-9AB41D445D43}.Release|Any CPU.Build.0 = Release|Any CPU
		{8A9443B1-1125-4043-819C-A1807242F1A3}.Debug|Any CPU.ActiveCfg = Debug|Any CPU
		{8A9443B1-1125-4043-819C-A1807242F1A3}.Debug|Any CPU.Build.0 = Debug|Any CPU
		{8A9443B1-1125-4043-819C-A1807242F1A3}.Release|Any CPU.ActiveCfg = Release|Any CPU
		{8A9443B1-1125-4043-819C-A1807242F1A3}.Release|Any CPU.Build.0 = Release|Any CPU
		{EB4EE958-EBDA-4D6B-BED0-83EA94AD03A4}.Debug|Any CPU.ActiveCfg = Debug|Any CPU
		{EB4EE958-EBDA-4D6B-BED0-83EA94AD03A4}.Debug|Any CPU.Build.0 = Debug|Any CPU
		{EB4EE958-EBDA-4D6B-BED0-83EA94AD03A4}.Release|Any CPU.ActiveCfg = Release|Any CPU
		{EB4EE958-EBDA-4D6B-BED0-83EA94AD03A4}.Release|Any CPU.Build.0 = Release|Any CPU
		{1C9B31FB-B177-4310-80EA-CD06A0F14DBF}.Debug|Any CPU.ActiveCfg = Debug|Any CPU
		{1C9B31FB-B177-4310-80EA-CD06A0F14DBF}.Debug|Any CPU.Build.0 = Debug|Any CPU
		{1C9B31FB-B177-4310-80EA-CD06A0F14DBF}.Release|Any CPU.ActiveCfg = Release|Any CPU
		{1C9B31FB-B177-4310-80EA-CD06A0F14DBF}.Release|Any CPU.Build.0 = Release|Any CPU
		{1E8C15FA-BF3E-4340-8086-C9861944B6E5}.Debug|Any CPU.ActiveCfg = Debug|Any CPU
		{1E8C15FA-BF3E-4340-8086-C9861944B6E5}.Debug|Any CPU.Build.0 = Debug|Any CPU
		{1E8C15FA-BF3E-4340-8086-C9861944B6E5}.Release|Any CPU.ActiveCfg = Release|Any CPU
		{1E8C15FA-BF3E-4340-8086-C9861944B6E5}.Release|Any CPU.Build.0 = Release|Any CPU
		{4FF87E46-A8AF-4E2C-99D3-EDA7F662197A}.Debug|Any CPU.ActiveCfg = Debug|Any CPU
		{4FF87E46-A8AF-4E2C-99D3-EDA7F662197A}.Debug|Any CPU.Build.0 = Debug|Any CPU
		{4FF87E46-A8AF-4E2C-99D3-EDA7F662197A}.Release|Any CPU.ActiveCfg = Release|Any CPU
		{4FF87E46-A8AF-4E2C-99D3-EDA7F662197A}.Release|Any CPU.Build.0 = Release|Any CPU
		{11ABB4EF-46E4-471B-BAF4-916200F1EE0D}.Debug|Any CPU.ActiveCfg = Debug|Any CPU
		{11ABB4EF-46E4-471B-BAF4-916200F1EE0D}.Debug|Any CPU.Build.0 = Debug|Any CPU
		{11ABB4EF-46E4-471B-BAF4-916200F1EE0D}.Release|Any CPU.ActiveCfg = Release|Any CPU
		{11ABB4EF-46E4-471B-BAF4-916200F1EE0D}.Release|Any CPU.Build.0 = Release|Any CPU
		{1A08AE46-F6EB-4193-8540-07B20BF335D0}.Debug|Any CPU.ActiveCfg = Debug|Any CPU
		{1A08AE46-F6EB-4193-8540-07B20BF335D0}.Debug|Any CPU.Build.0 = Debug|Any CPU
		{1A08AE46-F6EB-4193-8540-07B20BF335D0}.Release|Any CPU.ActiveCfg = Release|Any CPU
		{1A08AE46-F6EB-4193-8540-07B20BF335D0}.Release|Any CPU.Build.0 = Release|Any CPU
		{92DD62B6-675A-4695-ABEF-0A89839AC917}.Debug|Any CPU.ActiveCfg = Debug|Any CPU
		{92DD62B6-675A-4695-ABEF-0A89839AC917}.Debug|Any CPU.Build.0 = Debug|Any CPU
		{92DD62B6-675A-4695-ABEF-0A89839AC917}.Release|Any CPU.ActiveCfg = Release|Any CPU
		{92DD62B6-675A-4695-ABEF-0A89839AC917}.Release|Any CPU.Build.0 = Release|Any CPU
		{653F6476-583A-4C8E-857F-16CC526F89A6}.Debug|Any CPU.ActiveCfg = Debug|Any CPU
		{653F6476-583A-4C8E-857F-16CC526F89A6}.Debug|Any CPU.Build.0 = Debug|Any CPU
		{653F6476-583A-4C8E-857F-16CC526F89A6}.Release|Any CPU.ActiveCfg = Release|Any CPU
		{653F6476-583A-4C8E-857F-16CC526F89A6}.Release|Any CPU.Build.0 = Release|Any CPU
		{98EAB731-4633-4FE9-B66D-802C06C2ADCC}.Debug|Any CPU.ActiveCfg = Debug|Any CPU
		{98EAB731-4633-4FE9-B66D-802C06C2ADCC}.Debug|Any CPU.Build.0 = Debug|Any CPU
		{98EAB731-4633-4FE9-B66D-802C06C2ADCC}.Release|Any CPU.ActiveCfg = Release|Any CPU
		{98EAB731-4633-4FE9-B66D-802C06C2ADCC}.Release|Any CPU.Build.0 = Release|Any CPU
		{C14EB5BF-711C-4AF9-A74D-A6C91C24F32B}.Debug|Any CPU.ActiveCfg = Debug|Any CPU
		{C14EB5BF-711C-4AF9-A74D-A6C91C24F32B}.Debug|Any CPU.Build.0 = Debug|Any CPU
		{C14EB5BF-711C-4AF9-A74D-A6C91C24F32B}.Release|Any CPU.ActiveCfg = Release|Any CPU
		{C14EB5BF-711C-4AF9-A74D-A6C91C24F32B}.Release|Any CPU.Build.0 = Release|Any CPU
		{D071CC5E-32DC-4352-86A4-E7919B9FA3A8}.Debug|Any CPU.ActiveCfg = Debug|Any CPU
		{D071CC5E-32DC-4352-86A4-E7919B9FA3A8}.Debug|Any CPU.Build.0 = Debug|Any CPU
		{D071CC5E-32DC-4352-86A4-E7919B9FA3A8}.Release|Any CPU.ActiveCfg = Release|Any CPU
		{D071CC5E-32DC-4352-86A4-E7919B9FA3A8}.Release|Any CPU.Build.0 = Release|Any CPU
	EndGlobalSection
	GlobalSection(SolutionProperties) = preSolution
		HideSolutionNode = FALSE
	EndGlobalSection
	GlobalSection(ExtensibilityGlobals) = postSolution
		SolutionGuid = {4B5C1718-91D3-4D7F-86C1-ADD22CDC909B}
	EndGlobalSection
EndGlobal
