
Microsoft Visual Studio Solution File, Format Version 12.00
# Visual Studio 15
VisualStudioVersion = 15.0.27130.2027
MinimumVisualStudioVersion = 10.0.40219.1
Project("{9A19103F-16F7-4668-BE54-9A1E7A4F7556}") = "StringManipulation", "StringManipulation\StringManipulation.csproj", "{87DC6DFB-7D38-4AF5-8190-711B33E74773}"
EndProject
Project("{9A19103F-16F7-4668-BE54-9A1E7A4F7556}") = "StringManipulation.Test", "StringManipulation.Test\StringManipulation.Test.csproj", "{04B55175-BD72-404D-B242-203C45E3CCFE}"
EndProject
Project("{9A19103F-16F7-4668-BE54-9A1E7A4F7556}") = "StringManipulation.Benchmark", "StringManipulation.Benchmark\StringManipulation.Benchmark.csproj", "{C4EFABB1-11F0-4E8F-AE7B-E1824C7EB620}"
EndProject
Project("{FAE04EC0-301F-11D3-BF4B-00C04F79EFBC}") = "SubstringBenchmark", "SubstringBenchmark\SubstringBenchmark.csproj", "{52D85A1F-017B-4CEC-A1D4-7DC9F81A78F4}"
EndProject
Global
	GlobalSection(SolutionConfigurationPlatforms) = preSolution
		Debug|Any CPU = Debug|Any CPU
		Release|Any CPU = Release|Any CPU
	EndGlobalSection
	GlobalSection(ProjectConfigurationPlatforms) = postSolution
		{87DC6DFB-7D38-4AF5-8190-711B33E74773}.Debug|Any CPU.ActiveCfg = Debug|Any CPU
		{87DC6DFB-7D38-4AF5-8190-711B33E74773}.Debug|Any CPU.Build.0 = Debug|Any CPU
		{87DC6DFB-7D38-4AF5-8190-711B33E74773}.Release|Any CPU.ActiveCfg = Release|Any CPU
		{87DC6DFB-7D38-4AF5-8190-711B33E74773}.Release|Any CPU.Build.0 = Release|Any CPU
		{04B55175-BD72-404D-B242-203C45E3CCFE}.Debug|Any CPU.ActiveCfg = Debug|Any CPU
		{04B55175-BD72-404D-B242-203C45E3CCFE}.Debug|Any CPU.Build.0 = Debug|Any CPU
		{04B55175-BD72-404D-B242-203C45E3CCFE}.Release|Any CPU.ActiveCfg = Release|Any CPU
		{04B55175-BD72-404D-B242-203C45E3CCFE}.Release|Any CPU.Build.0 = Release|Any CPU
		{C4EFABB1-11F0-4E8F-AE7B-E1824C7EB620}.Debug|Any CPU.ActiveCfg = Debug|Any CPU
		{C4EFABB1-11F0-4E8F-AE7B-E1824C7EB620}.Debug|Any CPU.Build.0 = Debug|Any CPU
		{C4EFABB1-11F0-4E8F-AE7B-E1824C7EB620}.Release|Any CPU.ActiveCfg = Release|Any CPU
		{C4EFABB1-11F0-4E8F-AE7B-E1824C7EB620}.Release|Any CPU.Build.0 = Release|Any CPU
		{52D85A1F-017B-4CEC-A1D4-7DC9F81A78F4}.Debug|Any CPU.ActiveCfg = Debug|Any CPU
		{52D85A1F-017B-4CEC-A1D4-7DC9F81A78F4}.Debug|Any CPU.Build.0 = Debug|Any CPU
		{52D85A1F-017B-4CEC-A1D4-7DC9F81A78F4}.Release|Any CPU.ActiveCfg = Release|Any CPU
		{52D85A1F-017B-4CEC-A1D4-7DC9F81A78F4}.Release|Any CPU.Build.0 = Release|Any CPU
	EndGlobalSection
	GlobalSection(SolutionProperties) = preSolution
		HideSolutionNode = FALSE
	EndGlobalSection
	GlobalSection(ExtensibilityGlobals) = postSolution
		SolutionGuid = {AA476D1C-7E6F-4899-AA16-9586CCA82A6E}
	EndGlobalSection
EndGlobal
