
Microsoft Visual Studio Solution File, Format Version 12.00
# Visual Studio 14
VisualStudioVersion = 14.0.22823.1
MinimumVisualStudioVersion = 10.0.40219.1
Project("{FAE04EC0-301F-11D3-BF4B-00C04F79EFBC}") = "Game.Core", "Game.Core\Game.Core.csproj", "{8C3B6376-075D-40F7-ADB5-04B971383DD7}"
EndProject
Project("{FAE04EC0-301F-11D3-BF4B-00C04F79EFBC}") = "Game.Ios", "Game.Ios\Game.Ios.csproj", "{0AC3EC16-59CE-48BA-B906-579F8E54935A}"
EndProject
Project("{FAE04EC0-301F-11D3-BF4B-00C04F79EFBC}") = "Game.Android", "Game.Android\Game.Android.csproj", "{5B383079-FF62-4D3B-A602-6E712B117782}"
EndProject
Project("{FAE04EC0-301F-11D3-BF4B-00C04F79EFBC}") = "Game.Universal", "Game.Universal\Game.Universal.csproj", "{A71E0005-C0B8-4258-BD02-155E5A361270}"
EndProject
Project("{FAE04EC0-301F-11D3-BF4B-00C04F79EFBC}") = "Game.Desktop", "Game.Desktop\Game.Desktop.csproj", "{CEA55BEA-5139-4389-83E2-18FC89CF900F}"
EndProject
Project("{FAE04EC0-301F-11D3-BF4B-00C04F79EFBC}") = "Game.Server", "Game.Server\Game.Server.csproj", "{43E57087-183A-40AE-85FB-5921EB75DB0C}"
EndProject
Global
	GlobalSection(SolutionConfigurationPlatforms) = preSolution
		Debug|Any CPU = Debug|Any CPU
		Debug|ARM = Debug|ARM
		Debug|x64 = Debug|x64
		Debug|x86 = Debug|x86
		Release|Any CPU = Release|Any CPU
		Release|ARM = Release|ARM
		Release|x64 = Release|x64
		Release|x86 = Release|x86
	EndGlobalSection
	GlobalSection(ProjectConfigurationPlatforms) = postSolution
		{8C3B6376-075D-40F7-ADB5-04B971383DD7}.Debug|Any CPU.ActiveCfg = Debug|Any CPU
		{8C3B6376-075D-40F7-ADB5-04B971383DD7}.Debug|Any CPU.Build.0 = Debug|Any CPU
		{8C3B6376-075D-40F7-ADB5-04B971383DD7}.Debug|ARM.ActiveCfg = Debug|Any CPU
		{8C3B6376-075D-40F7-ADB5-04B971383DD7}.Debug|ARM.Build.0 = Debug|Any CPU
		{8C3B6376-075D-40F7-ADB5-04B971383DD7}.Debug|x64.ActiveCfg = Debug|Any CPU
		{8C3B6376-075D-40F7-ADB5-04B971383DD7}.Debug|x64.Build.0 = Debug|Any CPU
		{8C3B6376-075D-40F7-ADB5-04B971383DD7}.Debug|x86.ActiveCfg = Debug|Any CPU
		{8C3B6376-075D-40F7-ADB5-04B971383DD7}.Debug|x86.Build.0 = Debug|Any CPU
		{8C3B6376-075D-40F7-ADB5-04B971383DD7}.Release|Any CPU.ActiveCfg = Release|Any CPU
		{8C3B6376-075D-40F7-ADB5-04B971383DD7}.Release|Any CPU.Build.0 = Release|Any CPU
		{8C3B6376-075D-40F7-ADB5-04B971383DD7}.Release|ARM.ActiveCfg = Release|Any CPU
		{8C3B6376-075D-40F7-ADB5-04B971383DD7}.Release|ARM.Build.0 = Release|Any CPU
		{8C3B6376-075D-40F7-ADB5-04B971383DD7}.Release|x64.ActiveCfg = Release|Any CPU
		{8C3B6376-075D-40F7-ADB5-04B971383DD7}.Release|x64.Build.0 = Release|Any CPU
		{8C3B6376-075D-40F7-ADB5-04B971383DD7}.Release|x86.ActiveCfg = Release|Any CPU
		{8C3B6376-075D-40F7-ADB5-04B971383DD7}.Release|x86.Build.0 = Release|Any CPU
		{0AC3EC16-59CE-48BA-B906-579F8E54935A}.Debug|Any CPU.ActiveCfg = Debug|Any CPU
		{0AC3EC16-59CE-48BA-B906-579F8E54935A}.Debug|Any CPU.Build.0 = Debug|Any CPU
		{0AC3EC16-59CE-48BA-B906-579F8E54935A}.Debug|ARM.ActiveCfg = Debug|Any CPU
		{0AC3EC16-59CE-48BA-B906-579F8E54935A}.Debug|ARM.Build.0 = Debug|Any CPU
		{0AC3EC16-59CE-48BA-B906-579F8E54935A}.Debug|x64.ActiveCfg = Debug|Any CPU
		{0AC3EC16-59CE-48BA-B906-579F8E54935A}.Debug|x64.Build.0 = Debug|Any CPU
		{0AC3EC16-59CE-48BA-B906-579F8E54935A}.Debug|x86.ActiveCfg = Debug|Any CPU
		{0AC3EC16-59CE-48BA-B906-579F8E54935A}.Debug|x86.Build.0 = Debug|Any CPU
		{0AC3EC16-59CE-48BA-B906-579F8E54935A}.Release|Any CPU.ActiveCfg = Release|Any CPU
		{0AC3EC16-59CE-48BA-B906-579F8E54935A}.Release|Any CPU.Build.0 = Release|Any CPU
		{0AC3EC16-59CE-48BA-B906-579F8E54935A}.Release|ARM.ActiveCfg = Release|Any CPU
		{0AC3EC16-59CE-48BA-B906-579F8E54935A}.Release|ARM.Build.0 = Release|Any CPU
		{0AC3EC16-59CE-48BA-B906-579F8E54935A}.Release|x64.ActiveCfg = Release|Any CPU
		{0AC3EC16-59CE-48BA-B906-579F8E54935A}.Release|x64.Build.0 = Release|Any CPU
		{0AC3EC16-59CE-48BA-B906-579F8E54935A}.Release|x86.ActiveCfg = Release|Any CPU
		{0AC3EC16-59CE-48BA-B906-579F8E54935A}.Release|x86.Build.0 = Release|Any CPU
		{5B383079-FF62-4D3B-A602-6E712B117782}.Debug|Any CPU.ActiveCfg = Debug|Any CPU
		{5B383079-FF62-4D3B-A602-6E712B117782}.Debug|Any CPU.Build.0 = Debug|Any CPU
		{5B383079-FF62-4D3B-A602-6E712B117782}.Debug|ARM.ActiveCfg = Debug|Any CPU
		{5B383079-FF62-4D3B-A602-6E712B117782}.Debug|ARM.Build.0 = Debug|Any CPU
		{5B383079-FF62-4D3B-A602-6E712B117782}.Debug|x64.ActiveCfg = Debug|Any CPU
		{5B383079-FF62-4D3B-A602-6E712B117782}.Debug|x64.Build.0 = Debug|Any CPU
		{5B383079-FF62-4D3B-A602-6E712B117782}.Debug|x86.ActiveCfg = Debug|Any CPU
		{5B383079-FF62-4D3B-A602-6E712B117782}.Debug|x86.Build.0 = Debug|Any CPU
		{5B383079-FF62-4D3B-A602-6E712B117782}.Release|Any CPU.ActiveCfg = Release|Any CPU
		{5B383079-FF62-4D3B-A602-6E712B117782}.Release|Any CPU.Build.0 = Release|Any CPU
		{5B383079-FF62-4D3B-A602-6E712B117782}.Release|ARM.ActiveCfg = Release|Any CPU
		{5B383079-FF62-4D3B-A602-6E712B117782}.Release|ARM.Build.0 = Release|Any CPU
		{5B383079-FF62-4D3B-A602-6E712B117782}.Release|x64.ActiveCfg = Release|Any CPU
		{5B383079-FF62-4D3B-A602-6E712B117782}.Release|x64.Build.0 = Release|Any CPU
		{5B383079-FF62-4D3B-A602-6E712B117782}.Release|x86.ActiveCfg = Release|Any CPU
		{5B383079-FF62-4D3B-A602-6E712B117782}.Release|x86.Build.0 = Release|Any CPU
		{A71E0005-C0B8-4258-BD02-155E5A361270}.Debug|Any CPU.ActiveCfg = Debug|Any CPU
		{A71E0005-C0B8-4258-BD02-155E5A361270}.Debug|Any CPU.Build.0 = Debug|Any CPU
		{A71E0005-C0B8-4258-BD02-155E5A361270}.Debug|ARM.ActiveCfg = Debug|ARM
		{A71E0005-C0B8-4258-BD02-155E5A361270}.Debug|ARM.Build.0 = Debug|ARM
		{A71E0005-C0B8-4258-BD02-155E5A361270}.Debug|x64.ActiveCfg = Debug|x64
		{A71E0005-C0B8-4258-BD02-155E5A361270}.Debug|x64.Build.0 = Debug|x64
		{A71E0005-C0B8-4258-BD02-155E5A361270}.Debug|x86.ActiveCfg = Debug|x86
		{A71E0005-C0B8-4258-BD02-155E5A361270}.Debug|x86.Build.0 = Debug|x86
		{A71E0005-C0B8-4258-BD02-155E5A361270}.Release|Any CPU.ActiveCfg = Release|Any CPU
		{A71E0005-C0B8-4258-BD02-155E5A361270}.Release|Any CPU.Build.0 = Release|Any CPU
		{A71E0005-C0B8-4258-BD02-155E5A361270}.Release|ARM.ActiveCfg = Release|ARM
		{A71E0005-C0B8-4258-BD02-155E5A361270}.Release|ARM.Build.0 = Release|ARM
		{A71E0005-C0B8-4258-BD02-155E5A361270}.Release|x64.ActiveCfg = Release|x64
		{A71E0005-C0B8-4258-BD02-155E5A361270}.Release|x64.Build.0 = Release|x64
		{A71E0005-C0B8-4258-BD02-155E5A361270}.Release|x86.ActiveCfg = Release|x86
		{A71E0005-C0B8-4258-BD02-155E5A361270}.Release|x86.Build.0 = Release|x86
		{CEA55BEA-5139-4389-83E2-18FC89CF900F}.Debug|Any CPU.ActiveCfg = Debug|Any CPU
		{CEA55BEA-5139-4389-83E2-18FC89CF900F}.Debug|Any CPU.Build.0 = Debug|Any CPU
		{CEA55BEA-5139-4389-83E2-18FC89CF900F}.Debug|ARM.ActiveCfg = Debug|Any CPU
		{CEA55BEA-5139-4389-83E2-18FC89CF900F}.Debug|ARM.Build.0 = Debug|Any CPU
		{CEA55BEA-5139-4389-83E2-18FC89CF900F}.Debug|x64.ActiveCfg = Debug|Any CPU
		{CEA55BEA-5139-4389-83E2-18FC89CF900F}.Debug|x64.Build.0 = Debug|Any CPU
		{CEA55BEA-5139-4389-83E2-18FC89CF900F}.Debug|x86.ActiveCfg = Debug|Any CPU
		{CEA55BEA-5139-4389-83E2-18FC89CF900F}.Debug|x86.Build.0 = Debug|Any CPU
		{CEA55BEA-5139-4389-83E2-18FC89CF900F}.Release|Any CPU.ActiveCfg = Release|Any CPU
		{CEA55BEA-5139-4389-83E2-18FC89CF900F}.Release|Any CPU.Build.0 = Release|Any CPU
		{CEA55BEA-5139-4389-83E2-18FC89CF900F}.Release|ARM.ActiveCfg = Release|Any CPU
		{CEA55BEA-5139-4389-83E2-18FC89CF900F}.Release|ARM.Build.0 = Release|Any CPU
		{CEA55BEA-5139-4389-83E2-18FC89CF900F}.Release|x64.ActiveCfg = Release|Any CPU
		{CEA55BEA-5139-4389-83E2-18FC89CF900F}.Release|x64.Build.0 = Release|Any CPU
		{CEA55BEA-5139-4389-83E2-18FC89CF900F}.Release|x86.ActiveCfg = Release|Any CPU
		{CEA55BEA-5139-4389-83E2-18FC89CF900F}.Release|x86.Build.0 = Release|Any CPU
		{43E57087-183A-40AE-85FB-5921EB75DB0C}.Debug|Any CPU.ActiveCfg = Debug|Any CPU
		{43E57087-183A-40AE-85FB-5921EB75DB0C}.Debug|Any CPU.Build.0 = Debug|Any CPU
		{43E57087-183A-40AE-85FB-5921EB75DB0C}.Debug|ARM.ActiveCfg = Debug|Any CPU
		{43E57087-183A-40AE-85FB-5921EB75DB0C}.Debug|ARM.Build.0 = Debug|Any CPU
		{43E57087-183A-40AE-85FB-5921EB75DB0C}.Debug|x64.ActiveCfg = Debug|Any CPU
		{43E57087-183A-40AE-85FB-5921EB75DB0C}.Debug|x64.Build.0 = Debug|Any CPU
		{43E57087-183A-40AE-85FB-5921EB75DB0C}.Debug|x86.ActiveCfg = Debug|Any CPU
		{43E57087-183A-40AE-85FB-5921EB75DB0C}.Debug|x86.Build.0 = Debug|Any CPU
		{43E57087-183A-40AE-85FB-5921EB75DB0C}.Release|Any CPU.ActiveCfg = Release|Any CPU
		{43E57087-183A-40AE-85FB-5921EB75DB0C}.Release|Any CPU.Build.0 = Release|Any CPU
		{43E57087-183A-40AE-85FB-5921EB75DB0C}.Release|ARM.ActiveCfg = Release|Any CPU
		{43E57087-183A-40AE-85FB-5921EB75DB0C}.Release|ARM.Build.0 = Release|Any CPU
		{43E57087-183A-40AE-85FB-5921EB75DB0C}.Release|x64.ActiveCfg = Release|Any CPU
		{43E57087-183A-40AE-85FB-5921EB75DB0C}.Release|x64.Build.0 = Release|Any CPU
		{43E57087-183A-40AE-85FB-5921EB75DB0C}.Release|x86.ActiveCfg = Release|Any CPU
		{43E57087-183A-40AE-85FB-5921EB75DB0C}.Release|x86.Build.0 = Release|Any CPU
	EndGlobalSection
	GlobalSection(SolutionProperties) = preSolution
		HideSolutionNode = FALSE
	EndGlobalSection
EndGlobal
