
Microsoft Visual Studio Solution File, Format Version 12.00
# Visual Studio 15
VisualStudioVersion = 15.0.27205.0
MinimumVisualStudioVersion = 10.0.40219.1
Project("{FAE04EC0-301F-11D3-BF4B-00C04F79EFBC}") = "WpfApp2", "WpfApp2.csproj", "{47045931-6D3C-48C9-BABC-14F97B5F33BA}"
EndProject
Global
	GlobalSection(SolutionConfigurationPlatforms) = preSolution
		Debug|Any CPU = Debug|Any CPU
		Release|Any CPU = Release|Any CPU
	EndGlobalSection
	GlobalSection(ProjectConfigurationPlatforms) = postSolution
		{47045931-6D3C-48C9-BABC-14F97B5F33BA}.Debug|Any CPU.ActiveCfg = Debug|Any CPU
		{47045931-6D3C-48C9-BABC-14F97B5F33BA}.Debug|Any CPU.Build.0 = Debug|Any CPU
		{47045931-6D3C-48C9-BABC-14F97B5F33BA}.Release|Any CPU.ActiveCfg = Release|Any CPU
		{47045931-6D3C-48C9-BABC-14F97B5F33BA}.Release|Any CPU.Build.0 = Release|Any CPU
	EndGlobalSection
	GlobalSection(SolutionProperties) = preSolution
		HideSolutionNode = FALSE
	EndGlobalSection
	GlobalSection(ExtensibilityGlobals) = postSolution
		SolutionGuid = {059E36C2-B9C3-44B7-8606-C2989735F9ED}
	EndGlobalSection
EndGlobal
