
Microsoft Visual Studio Solution File, Format Version 12.00
# Visual Studio Version 16
VisualStudioVersion = 16.0.28516.95
MinimumVisualStudioVersion = 10.0.40219.1
Project("{FAE04EC0-301F-11D3-BF4B-00C04F79EFBC}") = "Preview1", "Preview1\Preview1.csproj", "{D57DE3BD-28BD-43D9-987F-C893CC7DA059}"
EndProject
Project("{FAE04EC0-301F-11D3-BF4B-00C04F79EFBC}") = "Preview2", "Preview2\Preview2.csproj", "{61296D7F-CDE3-4F82-990E-933F9CED99C8}"
EndProject
Global
	GlobalSection(SolutionConfigurationPlatforms) = preSolution
		Debug|Any CPU = Debug|Any CPU
		Release|Any CPU = Release|Any CPU
	EndGlobalSection
	GlobalSection(ProjectConfigurationPlatforms) = postSolution
		{D57DE3BD-28BD-43D9-987F-C893CC7DA059}.Debug|Any CPU.ActiveCfg = Debug|Any CPU
		{D57DE3BD-28BD-43D9-987F-C893CC7DA059}.Debug|Any CPU.Build.0 = Debug|Any CPU
		{D57DE3BD-28BD-43D9-987F-C893CC7DA059}.Release|Any CPU.ActiveCfg = Release|Any CPU
		{D57DE3BD-28BD-43D9-987F-C893CC7DA059}.Release|Any CPU.Build.0 = Release|Any CPU
		{61296D7F-CDE3-4F82-990E-933F9CED99C8}.Debug|Any CPU.ActiveCfg = Debug|Any CPU
		{61296D7F-CDE3-4F82-990E-933F9CED99C8}.Debug|Any CPU.Build.0 = Debug|Any CPU
		{61296D7F-CDE3-4F82-990E-933F9CED99C8}.Release|Any CPU.ActiveCfg = Release|Any CPU
		{61296D7F-CDE3-4F82-990E-933F9CED99C8}.Release|Any CPU.Build.0 = Release|Any CPU
	EndGlobalSection
	GlobalSection(SolutionProperties) = preSolution
		HideSolutionNode = FALSE
	EndGlobalSection
	GlobalSection(ExtensibilityGlobals) = postSolution
		SolutionGuid = {AA2E4851-C690-4E3F-8A4A-5064BDAD39F6}
	EndGlobalSection
EndGlobal
