
Microsoft Visual Studio Solution File, Format Version 12.00
# Visual Studio 15
VisualStudioVersion = 15.0.26608.5
MinimumVisualStudioVersion = 10.0.40219.1
Project("{9A19103F-16F7-4668-BE54-9A1E7A4F7556}") = "Lib.Shared", "Lib.Shared\Lib.Shared.csproj", "{D2DF97F1-FF74-47BB-BFA7-87D5E80C94B7}"
EndProject
Project("{9A19103F-16F7-4668-BE54-9A1E7A4F7556}") = "Lib.A", "Lib.A\Lib.A.csproj", "{A0DC4A6E-535A-4C8F-A8AE-8CA2EB9D178A}"
EndProject
Project("{9A19103F-16F7-4668-BE54-9A1E7A4F7556}") = "Lib.B", "Lib.B\Lib.B.csproj", "{38E0301B-499B-48DA-8841-607522BC78B1}"
EndProject
Project("{2150E333-8FDC-42A3-9474-1A3956D46DE8}") = "Lib", "Lib", "{D0FC3B08-3ED7-4F7B-B87A-123C51DAFB16}"
EndProject
Project("{9A19103F-16F7-4668-BE54-9A1E7A4F7556}") = "LibDependentOnA", "LibDependentOnA\LibDependentOnA.csproj", "{853032CA-37A7-4D91-B500-7BB3CF4DAB1A}"
EndProject
Project("{2150E333-8FDC-42A3-9474-1A3956D46DE8}") = "App", "App", "{2E0167F6-9B35-40BE-AE03-D945D15B8F47}"
EndProject
Project("{9A19103F-16F7-4668-BE54-9A1E7A4F7556}") = "App.A", "App.A\App.A.csproj", "{205DFE66-C825-4CB1-B9B9-3BB6F5145F18}"
EndProject
Project("{9A19103F-16F7-4668-BE54-9A1E7A4F7556}") = "App.B", "App.B\App.B.csproj", "{71978000-EA93-4BF1-BBB2-2EE364AAE334}"
EndProject
Global
	GlobalSection(SolutionConfigurationPlatforms) = preSolution
		Debug|Any CPU = Debug|Any CPU
		Release|Any CPU = Release|Any CPU
	EndGlobalSection
	GlobalSection(ProjectConfigurationPlatforms) = postSolution
		{D2DF97F1-FF74-47BB-BFA7-87D5E80C94B7}.Debug|Any CPU.ActiveCfg = Debug|Any CPU
		{D2DF97F1-FF74-47BB-BFA7-87D5E80C94B7}.Debug|Any CPU.Build.0 = Debug|Any CPU
		{D2DF97F1-FF74-47BB-BFA7-87D5E80C94B7}.Release|Any CPU.ActiveCfg = Release|Any CPU
		{D2DF97F1-FF74-47BB-BFA7-87D5E80C94B7}.Release|Any CPU.Build.0 = Release|Any CPU
		{A0DC4A6E-535A-4C8F-A8AE-8CA2EB9D178A}.Debug|Any CPU.ActiveCfg = Debug|Any CPU
		{A0DC4A6E-535A-4C8F-A8AE-8CA2EB9D178A}.Debug|Any CPU.Build.0 = Debug|Any CPU
		{A0DC4A6E-535A-4C8F-A8AE-8CA2EB9D178A}.Release|Any CPU.ActiveCfg = Release|Any CPU
		{A0DC4A6E-535A-4C8F-A8AE-8CA2EB9D178A}.Release|Any CPU.Build.0 = Release|Any CPU
		{38E0301B-499B-48DA-8841-607522BC78B1}.Debug|Any CPU.ActiveCfg = Debug|Any CPU
		{38E0301B-499B-48DA-8841-607522BC78B1}.Debug|Any CPU.Build.0 = Debug|Any CPU
		{38E0301B-499B-48DA-8841-607522BC78B1}.Release|Any CPU.ActiveCfg = Release|Any CPU
		{38E0301B-499B-48DA-8841-607522BC78B1}.Release|Any CPU.Build.0 = Release|Any CPU
		{853032CA-37A7-4D91-B500-7BB3CF4DAB1A}.Debug|Any CPU.ActiveCfg = Debug|Any CPU
		{853032CA-37A7-4D91-B500-7BB3CF4DAB1A}.Debug|Any CPU.Build.0 = Debug|Any CPU
		{853032CA-37A7-4D91-B500-7BB3CF4DAB1A}.Release|Any CPU.ActiveCfg = Release|Any CPU
		{853032CA-37A7-4D91-B500-7BB3CF4DAB1A}.Release|Any CPU.Build.0 = Release|Any CPU
		{205DFE66-C825-4CB1-B9B9-3BB6F5145F18}.Debug|Any CPU.ActiveCfg = Debug|Any CPU
		{205DFE66-C825-4CB1-B9B9-3BB6F5145F18}.Debug|Any CPU.Build.0 = Debug|Any CPU
		{205DFE66-C825-4CB1-B9B9-3BB6F5145F18}.Release|Any CPU.ActiveCfg = Release|Any CPU
		{205DFE66-C825-4CB1-B9B9-3BB6F5145F18}.Release|Any CPU.Build.0 = Release|Any CPU
		{71978000-EA93-4BF1-BBB2-2EE364AAE334}.Debug|Any CPU.ActiveCfg = Debug|Any CPU
		{71978000-EA93-4BF1-BBB2-2EE364AAE334}.Debug|Any CPU.Build.0 = Debug|Any CPU
		{71978000-EA93-4BF1-BBB2-2EE364AAE334}.Release|Any CPU.ActiveCfg = Release|Any CPU
		{71978000-EA93-4BF1-BBB2-2EE364AAE334}.Release|Any CPU.Build.0 = Release|Any CPU
	EndGlobalSection
	GlobalSection(SolutionProperties) = preSolution
		HideSolutionNode = FALSE
	EndGlobalSection
	GlobalSection(NestedProjects) = preSolution
		{D2DF97F1-FF74-47BB-BFA7-87D5E80C94B7} = {D0FC3B08-3ED7-4F7B-B87A-123C51DAFB16}
		{A0DC4A6E-535A-4C8F-A8AE-8CA2EB9D178A} = {D0FC3B08-3ED7-4F7B-B87A-123C51DAFB16}
		{38E0301B-499B-48DA-8841-607522BC78B1} = {D0FC3B08-3ED7-4F7B-B87A-123C51DAFB16}
		{205DFE66-C825-4CB1-B9B9-3BB6F5145F18} = {2E0167F6-9B35-40BE-AE03-D945D15B8F47}
		{71978000-EA93-4BF1-BBB2-2EE364AAE334} = {2E0167F6-9B35-40BE-AE03-D945D15B8F47}
	EndGlobalSection
EndGlobal
