
Microsoft Visual Studio Solution File, Format Version 12.00
# Visual Studio Version 16
VisualStudioVersion = 16.0.28407.52
MinimumVisualStudioVersion = 10.0.40219.1
Project("{FAE04EC0-301F-11D3-BF4B-00C04F79EFBC}") = "FastEnumeration", "FastEnumeration\FastEnumeration.csproj", "{DC91EB78-54BD-48F6-B979-893CEB6AB72A}"
EndProject
Global
	GlobalSection(SolutionConfigurationPlatforms) = preSolution
		Debug|Any CPU = Debug|Any CPU
		Release|Any CPU = Release|Any CPU
	EndGlobalSection
	GlobalSection(ProjectConfigurationPlatforms) = postSolution
		{DC91EB78-54BD-48F6-B979-893CEB6AB72A}.Debug|Any CPU.ActiveCfg = Debug|Any CPU
		{DC91EB78-54BD-48F6-B979-893CEB6AB72A}.Debug|Any CPU.Build.0 = Debug|Any CPU
		{DC91EB78-54BD-48F6-B979-893CEB6AB72A}.Release|Any CPU.ActiveCfg = Release|Any CPU
		{DC91EB78-54BD-48F6-B979-893CEB6AB72A}.Release|Any CPU.Build.0 = Release|Any CPU
	EndGlobalSection
	GlobalSection(SolutionProperties) = preSolution
		HideSolutionNode = FALSE
	EndGlobalSection
	GlobalSection(ExtensibilityGlobals) = postSolution
		SolutionGuid = {164488A4-CB7D-4569-8A86-37A8893EE545}
	EndGlobalSection
EndGlobal
