
Microsoft Visual Studio Solution File, Format Version 12.00
# Visual Studio 15
VisualStudioVersion = 15.0.25612.2
MinimumVisualStudioVersion = 10.0.40219.1
Project("{FAE04EC0-301F-11D3-BF4B-00C04F79EFBC}") = "LocalFunctions", "LocalFunctions\LocalFunctions.csproj", "{B1636BC9-0B5A-4FED-9E19-8CD0957737B3}"
EndProject
Project("{FAE04EC0-301F-11D3-BF4B-00C04F79EFBC}") = "ExtensionMethods", "ExtensionMethods\ExtensionMethods.csproj", "{6F25470E-E1AB-4254-A8D1-68E6CD40A38B}"
EndProject
Global
	GlobalSection(SolutionConfigurationPlatforms) = preSolution
		Debug|Any CPU = Debug|Any CPU
		Release|Any CPU = Release|Any CPU
	EndGlobalSection
	GlobalSection(ProjectConfigurationPlatforms) = postSolution
		{B1636BC9-0B5A-4FED-9E19-8CD0957737B3}.Debug|Any CPU.ActiveCfg = Debug|Any CPU
		{B1636BC9-0B5A-4FED-9E19-8CD0957737B3}.Debug|Any CPU.Build.0 = Debug|Any CPU
		{B1636BC9-0B5A-4FED-9E19-8CD0957737B3}.Release|Any CPU.ActiveCfg = Release|Any CPU
		{B1636BC9-0B5A-4FED-9E19-8CD0957737B3}.Release|Any CPU.Build.0 = Release|Any CPU
		{6F25470E-E1AB-4254-A8D1-68E6CD40A38B}.Debug|Any CPU.ActiveCfg = Debug|Any CPU
		{6F25470E-E1AB-4254-A8D1-68E6CD40A38B}.Debug|Any CPU.Build.0 = Debug|Any CPU
		{6F25470E-E1AB-4254-A8D1-68E6CD40A38B}.Release|Any CPU.ActiveCfg = Release|Any CPU
		{6F25470E-E1AB-4254-A8D1-68E6CD40A38B}.Release|Any CPU.Build.0 = Release|Any CPU
	EndGlobalSection
	GlobalSection(SolutionProperties) = preSolution
		HideSolutionNode = FALSE
	EndGlobalSection
EndGlobal
