
Microsoft Visual Studio Solution File, Format Version 12.00
# Visual Studio 15
VisualStudioVersion = 15.0.26430.13
MinimumVisualStudioVersion = 10.0.40219.1
Project("{8BC9CEB8-8B4A-11D0-8D11-00A0C91BC942}") = "NativeLib", "NativeLib\NativeLib.vcxproj", "{2E1BF66B-21CD-4FF6-AAEE-81ABA52CB39A}"
EndProject
Project("{9A19103F-16F7-4668-BE54-9A1E7A4F7556}") = "ManagedApp", "ManagedApp\ManagedApp.csproj", "{FA53B2F5-43E0-4238-A188-C4A1F07764FA}"
	ProjectSection(ProjectDependencies) = postProject
		{2E1BF66B-21CD-4FF6-AAEE-81ABA52CB39A} = {2E1BF66B-21CD-4FF6-AAEE-81ABA52CB39A}
	EndProjectSection
EndProject
Global
	GlobalSection(SolutionConfigurationPlatforms) = preSolution
		Debug|Any CPU = Debug|Any CPU
		Debug|x64 = Debug|x64
		Debug|x86 = Debug|x86
		Release|Any CPU = Release|Any CPU
		Release|x64 = Release|x64
		Release|x86 = Release|x86
	EndGlobalSection
	GlobalSection(ProjectConfigurationPlatforms) = postSolution
		{2E1BF66B-21CD-4FF6-AAEE-81ABA52CB39A}.Debug|Any CPU.ActiveCfg = Debug|Win32
		{2E1BF66B-21CD-4FF6-AAEE-81ABA52CB39A}.Debug|x64.ActiveCfg = Debug|x64
		{2E1BF66B-21CD-4FF6-AAEE-81ABA52CB39A}.Debug|x64.Build.0 = Debug|x64
		{2E1BF66B-21CD-4FF6-AAEE-81ABA52CB39A}.Debug|x86.ActiveCfg = Debug|Win32
		{2E1BF66B-21CD-4FF6-AAEE-81ABA52CB39A}.Debug|x86.Build.0 = Debug|Win32
		{2E1BF66B-21CD-4FF6-AAEE-81ABA52CB39A}.Release|Any CPU.ActiveCfg = Release|Win32
		{2E1BF66B-21CD-4FF6-AAEE-81ABA52CB39A}.Release|x64.ActiveCfg = Release|x64
		{2E1BF66B-21CD-4FF6-AAEE-81ABA52CB39A}.Release|x64.Build.0 = Release|x64
		{2E1BF66B-21CD-4FF6-AAEE-81ABA52CB39A}.Release|x86.ActiveCfg = Release|Win32
		{2E1BF66B-21CD-4FF6-AAEE-81ABA52CB39A}.Release|x86.Build.0 = Release|Win32
		{FA53B2F5-43E0-4238-A188-C4A1F07764FA}.Debug|Any CPU.ActiveCfg = Debug|Any CPU
		{FA53B2F5-43E0-4238-A188-C4A1F07764FA}.Debug|Any CPU.Build.0 = Debug|Any CPU
		{FA53B2F5-43E0-4238-A188-C4A1F07764FA}.Debug|x64.ActiveCfg = Debug|Any CPU
		{FA53B2F5-43E0-4238-A188-C4A1F07764FA}.Debug|x64.Build.0 = Debug|Any CPU
		{FA53B2F5-43E0-4238-A188-C4A1F07764FA}.Debug|x86.ActiveCfg = Debug|Any CPU
		{FA53B2F5-43E0-4238-A188-C4A1F07764FA}.Debug|x86.Build.0 = Debug|Any CPU
		{FA53B2F5-43E0-4238-A188-C4A1F07764FA}.Release|Any CPU.ActiveCfg = Release|Any CPU
		{FA53B2F5-43E0-4238-A188-C4A1F07764FA}.Release|Any CPU.Build.0 = Release|Any CPU
		{FA53B2F5-43E0-4238-A188-C4A1F07764FA}.Release|x64.ActiveCfg = Release|Any CPU
		{FA53B2F5-43E0-4238-A188-C4A1F07764FA}.Release|x64.Build.0 = Release|Any CPU
		{FA53B2F5-43E0-4238-A188-C4A1F07764FA}.Release|x86.ActiveCfg = Release|Any CPU
		{FA53B2F5-43E0-4238-A188-C4A1F07764FA}.Release|x86.Build.0 = Release|Any CPU
	EndGlobalSection
	GlobalSection(SolutionProperties) = preSolution
		HideSolutionNode = FALSE
	EndGlobalSection
EndGlobal
