
Microsoft Visual Studio Solution File, Format Version 12.00
# Visual Studio Version 16
VisualStudioVersion = 16.0.30914.41
MinimumVisualStudioVersion = 10.0.40219.1
Project("{FAE04EC0-301F-11D3-BF4B-00C04F79EFBC}") = "ConsoleApp1", "ConsoleApp1\ConsoleApp1.csproj", "{4626A189-089E-4565-ABF2-B8C9FAF716D9}"
EndProject
Global
	GlobalSection(SolutionConfigurationPlatforms) = preSolution
		Debug|Any CPU = Debug|Any CPU
		Release|Any CPU = Release|Any CPU
	EndGlobalSection
	GlobalSection(ProjectConfigurationPlatforms) = postSolution
		{4626A189-089E-4565-ABF2-B8C9FAF716D9}.Debug|Any CPU.ActiveCfg = Debug|Any CPU
		{4626A189-089E-4565-ABF2-B8C9FAF716D9}.Debug|Any CPU.Build.0 = Debug|Any CPU
		{4626A189-089E-4565-ABF2-B8C9FAF716D9}.Release|Any CPU.ActiveCfg = Release|Any CPU
		{4626A189-089E-4565-ABF2-B8C9FAF716D9}.Release|Any CPU.Build.0 = Release|Any CPU
	EndGlobalSection
	GlobalSection(SolutionProperties) = preSolution
		HideSolutionNode = FALSE
	EndGlobalSection
	GlobalSection(ExtensibilityGlobals) = postSolution
		SolutionGuid = {3C44AC39-7D2C-4B4D-9BCF-308603A0F530}
	EndGlobalSection
EndGlobal
