
Microsoft Visual Studio Solution File, Format Version 12.00
# Visual Studio Version 17
VisualStudioVersion = 17.1.31903.286
MinimumVisualStudioVersion = 10.0.40219.1
Project("{FAE04EC0-301F-11D3-BF4B-00C04F79EFBC}") = "ConsoleApp1", "ConsoleApp1\ConsoleApp1.csproj", "{72D9DA70-4614-42E1-8E76-2C99F442A093}"
EndProject
Project("{FAE04EC0-301F-11D3-BF4B-00C04F79EFBC}") = "ConsoleAppDesktop", "ConsoleAppDesktop\ConsoleAppDesktop.csproj", "{DB433B20-FC84-4753-A2A2-AFE927932CD1}"
EndProject
Project("{FAE04EC0-301F-11D3-BF4B-00C04F79EFBC}") = "ConsoleAppUseWpf", "ConsoleAppUseWpf\ConsoleAppUseWpf.csproj", "{D6496E07-A4DA-4022-98E2-8500CF3F38A4}"
EndProject
Project("{FAE04EC0-301F-11D3-BF4B-00C04F79EFBC}") = "ConsoleAppUseWinForms", "ConsoleAppUseWinForms\ConsoleAppUseWinForms.csproj", "{618A9585-875A-48D6-94A5-337A564E4123}"
EndProject
Project("{FAE04EC0-301F-11D3-BF4B-00C04F79EFBC}") = "WebApplication1", "WebApplication1\WebApplication1.csproj", "{8C282E36-5448-4DE0-8C9F-75CBDBAE2B77}"
EndProject
Global
	GlobalSection(SolutionConfigurationPlatforms) = preSolution
		Debug|Any CPU = Debug|Any CPU
		Release|Any CPU = Release|Any CPU
	EndGlobalSection
	GlobalSection(ProjectConfigurationPlatforms) = postSolution
		{72D9DA70-4614-42E1-8E76-2C99F442A093}.Debug|Any CPU.ActiveCfg = Debug|Any CPU
		{72D9DA70-4614-42E1-8E76-2C99F442A093}.Debug|Any CPU.Build.0 = Debug|Any CPU
		{72D9DA70-4614-42E1-8E76-2C99F442A093}.Release|Any CPU.ActiveCfg = Release|Any CPU
		{72D9DA70-4614-42E1-8E76-2C99F442A093}.Release|Any CPU.Build.0 = Release|Any CPU
		{DB433B20-FC84-4753-A2A2-AFE927932CD1}.Debug|Any CPU.ActiveCfg = Debug|Any CPU
		{DB433B20-FC84-4753-A2A2-AFE927932CD1}.Debug|Any CPU.Build.0 = Debug|Any CPU
		{DB433B20-FC84-4753-A2A2-AFE927932CD1}.Release|Any CPU.ActiveCfg = Release|Any CPU
		{DB433B20-FC84-4753-A2A2-AFE927932CD1}.Release|Any CPU.Build.0 = Release|Any CPU
		{D6496E07-A4DA-4022-98E2-8500CF3F38A4}.Debug|Any CPU.ActiveCfg = Debug|Any CPU
		{D6496E07-A4DA-4022-98E2-8500CF3F38A4}.Debug|Any CPU.Build.0 = Debug|Any CPU
		{D6496E07-A4DA-4022-98E2-8500CF3F38A4}.Release|Any CPU.ActiveCfg = Release|Any CPU
		{D6496E07-A4DA-4022-98E2-8500CF3F38A4}.Release|Any CPU.Build.0 = Release|Any CPU
		{618A9585-875A-48D6-94A5-337A564E4123}.Debug|Any CPU.ActiveCfg = Debug|Any CPU
		{618A9585-875A-48D6-94A5-337A564E4123}.Debug|Any CPU.Build.0 = Debug|Any CPU
		{618A9585-875A-48D6-94A5-337A564E4123}.Release|Any CPU.ActiveCfg = Release|Any CPU
		{618A9585-875A-48D6-94A5-337A564E4123}.Release|Any CPU.Build.0 = Release|Any CPU
		{8C282E36-5448-4DE0-8C9F-75CBDBAE2B77}.Debug|Any CPU.ActiveCfg = Debug|Any CPU
		{8C282E36-5448-4DE0-8C9F-75CBDBAE2B77}.Debug|Any CPU.Build.0 = Debug|Any CPU
		{8C282E36-5448-4DE0-8C9F-75CBDBAE2B77}.Release|Any CPU.ActiveCfg = Release|Any CPU
		{8C282E36-5448-4DE0-8C9F-75CBDBAE2B77}.Release|Any CPU.Build.0 = Release|Any CPU
	EndGlobalSection
	GlobalSection(SolutionProperties) = preSolution
		HideSolutionNode = FALSE
	EndGlobalSection
	GlobalSection(ExtensibilityGlobals) = postSolution
		SolutionGuid = {C6B60414-21A8-4597-897E-FFB7B716ED55}
	EndGlobalSection
EndGlobal
