
Microsoft Visual Studio Solution File, Format Version 12.00
# Visual Studio 15
VisualStudioVersion = 15.0.26730.12
MinimumVisualStudioVersion = 10.0.40219.1
Project("{9A19103F-16F7-4668-BE54-9A1E7A4F7556}") = "DictionaryBenchmark", "DictionaryBenchmark\DictionaryBenchmark.csproj", "{CB2051C0-9686-4105-AEE4-9CCC283757DD}"
EndProject
Project("{9A19103F-16F7-4668-BE54-9A1E7A4F7556}") = "UtfCompareBenchmark", "UtfCompareBenchmark\UtfCompareBenchmark.csproj", "{9F591A69-89AE-46C3-9D21-0066982F7C88}"
EndProject
Project("{9A19103F-16F7-4668-BE54-9A1E7A4F7556}") = "SequenceBenchmark", "SequenceBenchmark\SequenceBenchmark.csproj", "{19BF9222-FCB2-4DA1-A797-C089B6D32E43}"
EndProject
Project("{9A19103F-16F7-4668-BE54-9A1E7A4F7556}") = "ByteToLongBenchmark", "ByteToLongBenchmark\ByteToLongBenchmark.csproj", "{66A72AFE-8F93-4131-83D6-02DEEF93B57A}"
EndProject
Project("{9A19103F-16F7-4668-BE54-9A1E7A4F7556}") = "ParseIntBnechmark", "ParseIntBnechmark\ParseIntBnechmark.csproj", "{D8B2E730-8464-450B-81C3-6A44329E6ABF}"
EndProject
Project("{9A19103F-16F7-4668-BE54-9A1E7A4F7556}") = "OptionalArrayBenchmark", "OptionalArrayBenchmark\OptionalArrayBenchmark.csproj", "{C49B8737-7087-4145-96D0-F027BE5845DC}"
EndProject
Project("{FAE04EC0-301F-11D3-BF4B-00C04F79EFBC}") = "StackallocDistinctBenchmark", "StackallocDistinctBenchmark\StackallocDistinctBenchmark.csproj", "{FE751ED5-3089-472C-A6A7-2FD4C95B95E3}"
EndProject
Project("{FAE04EC0-301F-11D3-BF4B-00C04F79EFBC}") = "Utf8SearchBenchmark", "Utf8SearchBenchmark\Utf8SearchBenchmark.csproj", "{BA25B084-2485-4FD4-AAF9-DD7A8B910215}"
EndProject
Global
	GlobalSection(SolutionConfigurationPlatforms) = preSolution
		Debug|Any CPU = Debug|Any CPU
		Release|Any CPU = Release|Any CPU
	EndGlobalSection
	GlobalSection(ProjectConfigurationPlatforms) = postSolution
		{CB2051C0-9686-4105-AEE4-9CCC283757DD}.Debug|Any CPU.ActiveCfg = Debug|Any CPU
		{CB2051C0-9686-4105-AEE4-9CCC283757DD}.Debug|Any CPU.Build.0 = Debug|Any CPU
		{CB2051C0-9686-4105-AEE4-9CCC283757DD}.Release|Any CPU.ActiveCfg = Release|Any CPU
		{CB2051C0-9686-4105-AEE4-9CCC283757DD}.Release|Any CPU.Build.0 = Release|Any CPU
		{9F591A69-89AE-46C3-9D21-0066982F7C88}.Debug|Any CPU.ActiveCfg = Debug|Any CPU
		{9F591A69-89AE-46C3-9D21-0066982F7C88}.Debug|Any CPU.Build.0 = Debug|Any CPU
		{9F591A69-89AE-46C3-9D21-0066982F7C88}.Release|Any CPU.ActiveCfg = Release|Any CPU
		{9F591A69-89AE-46C3-9D21-0066982F7C88}.Release|Any CPU.Build.0 = Release|Any CPU
		{19BF9222-FCB2-4DA1-A797-C089B6D32E43}.Debug|Any CPU.ActiveCfg = Debug|Any CPU
		{19BF9222-FCB2-4DA1-A797-C089B6D32E43}.Debug|Any CPU.Build.0 = Debug|Any CPU
		{19BF9222-FCB2-4DA1-A797-C089B6D32E43}.Release|Any CPU.ActiveCfg = Release|Any CPU
		{19BF9222-FCB2-4DA1-A797-C089B6D32E43}.Release|Any CPU.Build.0 = Release|Any CPU
		{66A72AFE-8F93-4131-83D6-02DEEF93B57A}.Debug|Any CPU.ActiveCfg = Debug|Any CPU
		{66A72AFE-8F93-4131-83D6-02DEEF93B57A}.Debug|Any CPU.Build.0 = Debug|Any CPU
		{66A72AFE-8F93-4131-83D6-02DEEF93B57A}.Release|Any CPU.ActiveCfg = Release|Any CPU
		{66A72AFE-8F93-4131-83D6-02DEEF93B57A}.Release|Any CPU.Build.0 = Release|Any CPU
		{D8B2E730-8464-450B-81C3-6A44329E6ABF}.Debug|Any CPU.ActiveCfg = Debug|Any CPU
		{D8B2E730-8464-450B-81C3-6A44329E6ABF}.Debug|Any CPU.Build.0 = Debug|Any CPU
		{D8B2E730-8464-450B-81C3-6A44329E6ABF}.Release|Any CPU.ActiveCfg = Release|Any CPU
		{D8B2E730-8464-450B-81C3-6A44329E6ABF}.Release|Any CPU.Build.0 = Release|Any CPU
		{C49B8737-7087-4145-96D0-F027BE5845DC}.Debug|Any CPU.ActiveCfg = Debug|Any CPU
		{C49B8737-7087-4145-96D0-F027BE5845DC}.Debug|Any CPU.Build.0 = Debug|Any CPU
		{C49B8737-7087-4145-96D0-F027BE5845DC}.Release|Any CPU.ActiveCfg = Release|Any CPU
		{C49B8737-7087-4145-96D0-F027BE5845DC}.Release|Any CPU.Build.0 = Release|Any CPU
		{FE751ED5-3089-472C-A6A7-2FD4C95B95E3}.Debug|Any CPU.ActiveCfg = Debug|Any CPU
		{FE751ED5-3089-472C-A6A7-2FD4C95B95E3}.Debug|Any CPU.Build.0 = Debug|Any CPU
		{FE751ED5-3089-472C-A6A7-2FD4C95B95E3}.Release|Any CPU.ActiveCfg = Release|Any CPU
		{FE751ED5-3089-472C-A6A7-2FD4C95B95E3}.Release|Any CPU.Build.0 = Release|Any CPU
		{BA25B084-2485-4FD4-AAF9-DD7A8B910215}.Debug|Any CPU.ActiveCfg = Debug|Any CPU
		{BA25B084-2485-4FD4-AAF9-DD7A8B910215}.Debug|Any CPU.Build.0 = Debug|Any CPU
		{BA25B084-2485-4FD4-AAF9-DD7A8B910215}.Release|Any CPU.ActiveCfg = Release|Any CPU
		{BA25B084-2485-4FD4-AAF9-DD7A8B910215}.Release|Any CPU.Build.0 = Release|Any CPU
	EndGlobalSection
	GlobalSection(SolutionProperties) = preSolution
		HideSolutionNode = FALSE
	EndGlobalSection
	GlobalSection(ExtensibilityGlobals) = postSolution
		SolutionGuid = {DE2A1875-1B81-4325-9375-26676000E193}
	EndGlobalSection
EndGlobal
