
Microsoft Visual Studio Solution File, Format Version 12.00
# Visual Studio Version 17
VisualStudioVersion = 17.0.31606.5
MinimumVisualStudioVersion = 10.0.40219.1
Project("{9A19103F-16F7-4668-BE54-9A1E7A4F7556}") = "CreateInstanceBenchmark", "ParameterlessConstructors\CreateInstanceBenchmark\CreateInstanceBenchmark.csproj", "{7F81FCEF-2742-4413-AD6A-6F97BF1172EC}"
EndProject
Project("{9A19103F-16F7-4668-BE54-9A1E7A4F7556}") = "ActivatorBug", "ParameterlessConstructors\ActivatorBug\ActivatorBug.csproj", "{806C5608-127E-4908-B1D4-D2BB189863B0}"
EndProject
Project("{2150E333-8FDC-42A3-9474-1A3956D46DE8}") = "StaticAbstract", "StaticAbstract", "{945AFC5C-90AF-4397-AA98-51AE8924686A}"
EndProject
Project("{9A19103F-16F7-4668-BE54-9A1E7A4F7556}") = "GenericMath", "StaticAbstract\GenericMath\GenericMath.csproj", "{EB2F440E-F4A8-4077-8F63-50626FACEEA7}"
EndProject
Project("{2150E333-8FDC-42A3-9474-1A3956D46DE8}") = "ParameterlessConstructors", "ParameterlessConstructors", "{003DCAB6-4EAE-437C-A279-566A6E47A348}"
EndProject
Project("{9A19103F-16F7-4668-BE54-9A1E7A4F7556}") = "Zeroed", "ParameterlessConstructors\Zeroed\Zeroed.csproj", "{1E21A756-5CC6-4254-BE8C-263F0058CCA9}"
EndProject
Project("{9A19103F-16F7-4668-BE54-9A1E7A4F7556}") = "RecordStruct", "ParameterlessConstructors\RecordStruct\RecordStruct.csproj", "{A5F430E8-2025-4EAF-84ED-93B894EA04FD}"
EndProject
Project("{9A19103F-16F7-4668-BE54-9A1E7A4F7556}") = "FieldInitializer", "ParameterlessConstructors\FieldInitializer\FieldInitializer.csproj", "{BE020173-1FD8-44D8-A3A3-590E4A36F561}"
EndProject
Project("{9A19103F-16F7-4668-BE54-9A1E7A4F7556}") = "GenericNew", "ParameterlessConstructors\GenericNew\GenericNew.csproj", "{11292117-6D15-4937-8FE3-B991F8769CD5}"
EndProject
Project("{9A19103F-16F7-4668-BE54-9A1E7A4F7556}") = "NewOrDefault", "ParameterlessConstructors\NewOrDefault\NewOrDefault.csproj", "{CCFE3BE4-0668-43A3-8FBC-264CAFA0F076}"
EndProject
Project("{9A19103F-16F7-4668-BE54-9A1E7A4F7556}") = "NonPublicConstructor", "ParameterlessConstructors\NonPublicConstructor\NonPublicConstructor.csproj", "{5CA37315-7DEE-4F66-B011-8F02D7E8FF6E}"
EndProject
Project("{9A19103F-16F7-4668-BE54-9A1E7A4F7556}") = "ImmutableArray", "ParameterlessConstructors\ImmutableArray\ImmutableArray.csproj", "{738FB3E5-7F2F-44C4-AEB8-3F99F1244D61}"
EndProject
Project("{2150E333-8FDC-42A3-9474-1A3956D46DE8}") = "RecordStruct", "RecordStruct", "{593AE9AD-F21B-4063-AEF7-D2F2A61F63BB}"
EndProject
Project("{FAE04EC0-301F-11D3-BF4B-00C04F79EFBC}") = "RecordStruct", "RecordStruct\RecordStruct\RecordStruct.csproj", "{21CDCD25-C900-4742-8B4D-A62EF8FB729E}"
EndProject
Project("{2150E333-8FDC-42A3-9474-1A3956D46DE8}") = "InterpolatedStrings", "InterpolatedStrings", "{A73FA307-E8C2-45BE-87C3-488C4E90E153}"
EndProject
Project("{FAE04EC0-301F-11D3-BF4B-00C04F79EFBC}") = "Benchmark", "InterpolatedStrings\Benchmark\Benchmark.csproj", "{67355A52-DF8C-40F4-95BC-2F1D80267DA2}"
EndProject
Project("{FAE04EC0-301F-11D3-BF4B-00C04F79EFBC}") = "ParamsDictionary", "InterpolatedStrings\ParamsDictionary\ParamsDictionary.csproj", "{3F5FAC7F-5A7C-4F6A-97DA-941255FE9B5D}"
EndProject
Project("{FAE04EC0-301F-11D3-BF4B-00C04F79EFBC}") = "ImprovedInterpolatedStrings", "InterpolatedStrings\ImprovedInterpolatedStrings\ImprovedInterpolatedStrings.csproj", "{D524F574-482D-4AF3-BBF3-74DF47646ACF}"
EndProject
Project("{FAE04EC0-301F-11D3-BF4B-00C04F79EFBC}") = "InvariantGlobalization", "InterpolatedStrings\InvariantGlobalization\InvariantGlobalization.csproj", "{8F740CFB-BA24-4F1E-8531-852255B587CB}"
EndProject
Project("{FAE04EC0-301F-11D3-BF4B-00C04F79EFBC}") = "Metadata", "RecordStruct\Metadata\Metadata.csproj", "{D24AA5E5-7261-4D49-9286-B3E41EDE1708}"
EndProject
Project("{FAE04EC0-301F-11D3-BF4B-00C04F79EFBC}") = "With", "RecordStruct\With\With.csproj", "{8C54A9FF-38A2-4513-8FA8-DA17DD73F9DA}"
EndProject
Project("{FAE04EC0-301F-11D3-BF4B-00C04F79EFBC}") = "VsClass", "RecordStruct\VsClass\VsClass.csproj", "{56654A8E-9A78-4CDE-8EB7-41EBEE5E2FA2}"
EndProject
Project("{FAE04EC0-301F-11D3-BF4B-00C04F79EFBC}") = "VsNormalStruct", "RecordStruct\VsNormalStruct\VsNormalStruct.csproj", "{458915AC-A140-49E5-A66B-5895C42150A3}"
EndProject
Project("{FAE04EC0-301F-11D3-BF4B-00C04F79EFBC}") = "HidingField", "RecordStruct\HidingField\HidingField.csproj", "{B5092AEF-FF02-4C85-B5B1-5A3869387AD3}"
EndProject
Project("{FAE04EC0-301F-11D3-BF4B-00C04F79EFBC}") = "OverloadResolution", "InterpolatedStrings\OverloadResolution\OverloadResolution.csproj", "{04FE5AFF-8EED-46A6-818B-28D186808647}"
EndProject
Project("{2150E333-8FDC-42A3-9474-1A3956D46DE8}") = "CallerArgument", "CallerArgument", "{19C68341-AF83-4B59-BE32-9C8910E182A4}"
EndProject
Project("{FAE04EC0-301F-11D3-BF4B-00C04F79EFBC}") = "ThrowIfNull", "CallerArgument\ThrowIfNull\ThrowIfNull.csproj", "{12E1DE5D-053E-4407-9F44-F9500C0F2EBE}"
EndProject
Project("{FAE04EC0-301F-11D3-BF4B-00C04F79EFBC}") = "AllCallerInfo", "CallerArgument\AllCallerInfo\AllCallerInfo.csproj", "{1A05D602-AA8E-49AB-824A-BFBF8210A283}"
EndProject
Project("{FAE04EC0-301F-11D3-BF4B-00C04F79EFBC}") = "CallerArgument", "CallerArgument\CallerArgument\CallerArgument.csproj", "{86FCA59A-56C1-4EA4-A505-A1EA5FC23696}"
EndProject
Project("{FAE04EC0-301F-11D3-BF4B-00C04F79EFBC}") = "DefaultParameter", "ParameterlessConstructors\DefaultParameter\DefaultParameter.csproj", "{8191031B-E0D0-4F50-9826-945F0FBB4AFF}"
EndProject
Project("{FAE04EC0-301F-11D3-BF4B-00C04F79EFBC}") = "ConstString", "InterpolatedStrings\ConstString\ConstString.csproj", "{D7D9B42E-87C0-460F-90B1-61FDDEA5487B}"
EndProject
Project("{2150E333-8FDC-42A3-9474-1A3956D46DE8}") = "Others", "Others", "{8D2F0151-62AE-4A3E-A98A-AA323D4FC7D6}"
EndProject
Project("{FAE04EC0-301F-11D3-BF4B-00C04F79EFBC}") = "ExtendedPropertyPetterns", "Others\ExtendedPropertyPetterns\ExtendedPropertyPetterns.csproj", "{99AC893B-5A0B-4083-85E7-406F6B02CF31}"
EndProject
Project("{FAE04EC0-301F-11D3-BF4B-00C04F79EFBC}") = "MixedDeconstruction", "Others\MixedDeconstruction\MixedDeconstruction.csproj", "{125BD8F3-35B1-42F9-9F3B-CBC81DA50659}"
EndProject
Project("{FAE04EC0-301F-11D3-BF4B-00C04F79EFBC}") = "MinimalHandler", "InterpolatedStrings\MinimalHandler\MinimalHandler.csproj", "{D638C55C-590E-40DE-BB88-4794227C3090}"
EndProject
Project("{FAE04EC0-301F-11D3-BF4B-00C04F79EFBC}") = "DefaultInterpolatedStringHandler", "InterpolatedStrings\DefaultInterpolatedStringHandler\DefaultInterpolatedStringHandler.csproj", "{CA53194E-4104-47C5-9C0F-A51452348890}"
EndProject
Project("{FAE04EC0-301F-11D3-BF4B-00C04F79EFBC}") = "FormattingHandler", "InterpolatedStrings\FormattingHandler\FormattingHandler.csproj", "{8A6B2611-E41C-4F6A-8124-641870883D30}"
EndProject
Project("{FAE04EC0-301F-11D3-BF4B-00C04F79EFBC}") = "AppendFormattedOverload", "InterpolatedStrings\AppendFormattedOverload\AppendFormattedOverload.csproj", "{6EDE3406-A6D7-4DD0-A1CE-3275C8485E43}"
EndProject
Global
	GlobalSection(SolutionConfigurationPlatforms) = preSolution
		Debug|Any CPU = Debug|Any CPU
		Release|Any CPU = Release|Any CPU
	EndGlobalSection
	GlobalSection(ProjectConfigurationPlatforms) = postSolution
		{7F81FCEF-2742-4413-AD6A-6F97BF1172EC}.Debug|Any CPU.ActiveCfg = Debug|Any CPU
		{7F81FCEF-2742-4413-AD6A-6F97BF1172EC}.Debug|Any CPU.Build.0 = Debug|Any CPU
		{7F81FCEF-2742-4413-AD6A-6F97BF1172EC}.Release|Any CPU.ActiveCfg = Release|Any CPU
		{7F81FCEF-2742-4413-AD6A-6F97BF1172EC}.Release|Any CPU.Build.0 = Release|Any CPU
		{806C5608-127E-4908-B1D4-D2BB189863B0}.Debug|Any CPU.ActiveCfg = Debug|Any CPU
		{806C5608-127E-4908-B1D4-D2BB189863B0}.Debug|Any CPU.Build.0 = Debug|Any CPU
		{806C5608-127E-4908-B1D4-D2BB189863B0}.Release|Any CPU.ActiveCfg = Release|Any CPU
		{806C5608-127E-4908-B1D4-D2BB189863B0}.Release|Any CPU.Build.0 = Release|Any CPU
		{EB2F440E-F4A8-4077-8F63-50626FACEEA7}.Debug|Any CPU.ActiveCfg = Debug|Any CPU
		{EB2F440E-F4A8-4077-8F63-50626FACEEA7}.Debug|Any CPU.Build.0 = Debug|Any CPU
		{EB2F440E-F4A8-4077-8F63-50626FACEEA7}.Release|Any CPU.ActiveCfg = Release|Any CPU
		{EB2F440E-F4A8-4077-8F63-50626FACEEA7}.Release|Any CPU.Build.0 = Release|Any CPU
		{1E21A756-5CC6-4254-BE8C-263F0058CCA9}.Debug|Any CPU.ActiveCfg = Debug|Any CPU
		{1E21A756-5CC6-4254-BE8C-263F0058CCA9}.Debug|Any CPU.Build.0 = Debug|Any CPU
		{1E21A756-5CC6-4254-BE8C-263F0058CCA9}.Release|Any CPU.ActiveCfg = Release|Any CPU
		{1E21A756-5CC6-4254-BE8C-263F0058CCA9}.Release|Any CPU.Build.0 = Release|Any CPU
		{A5F430E8-2025-4EAF-84ED-93B894EA04FD}.Debug|Any CPU.ActiveCfg = Debug|Any CPU
		{A5F430E8-2025-4EAF-84ED-93B894EA04FD}.Debug|Any CPU.Build.0 = Debug|Any CPU
		{A5F430E8-2025-4EAF-84ED-93B894EA04FD}.Release|Any CPU.ActiveCfg = Release|Any CPU
		{A5F430E8-2025-4EAF-84ED-93B894EA04FD}.Release|Any CPU.Build.0 = Release|Any CPU
		{BE020173-1FD8-44D8-A3A3-590E4A36F561}.Debug|Any CPU.ActiveCfg = Debug|Any CPU
		{BE020173-1FD8-44D8-A3A3-590E4A36F561}.Debug|Any CPU.Build.0 = Debug|Any CPU
		{BE020173-1FD8-44D8-A3A3-590E4A36F561}.Release|Any CPU.ActiveCfg = Release|Any CPU
		{BE020173-1FD8-44D8-A3A3-590E4A36F561}.Release|Any CPU.Build.0 = Release|Any CPU
		{11292117-6D15-4937-8FE3-B991F8769CD5}.Debug|Any CPU.ActiveCfg = Debug|Any CPU
		{11292117-6D15-4937-8FE3-B991F8769CD5}.Debug|Any CPU.Build.0 = Debug|Any CPU
		{11292117-6D15-4937-8FE3-B991F8769CD5}.Release|Any CPU.ActiveCfg = Release|Any CPU
		{11292117-6D15-4937-8FE3-B991F8769CD5}.Release|Any CPU.Build.0 = Release|Any CPU
		{CCFE3BE4-0668-43A3-8FBC-264CAFA0F076}.Debug|Any CPU.ActiveCfg = Debug|Any CPU
		{CCFE3BE4-0668-43A3-8FBC-264CAFA0F076}.Debug|Any CPU.Build.0 = Debug|Any CPU
		{CCFE3BE4-0668-43A3-8FBC-264CAFA0F076}.Release|Any CPU.ActiveCfg = Release|Any CPU
		{CCFE3BE4-0668-43A3-8FBC-264CAFA0F076}.Release|Any CPU.Build.0 = Release|Any CPU
		{5CA37315-7DEE-4F66-B011-8F02D7E8FF6E}.Debug|Any CPU.ActiveCfg = Debug|Any CPU
		{5CA37315-7DEE-4F66-B011-8F02D7E8FF6E}.Debug|Any CPU.Build.0 = Debug|Any CPU
		{5CA37315-7DEE-4F66-B011-8F02D7E8FF6E}.Release|Any CPU.ActiveCfg = Release|Any CPU
		{5CA37315-7DEE-4F66-B011-8F02D7E8FF6E}.Release|Any CPU.Build.0 = Release|Any CPU
		{738FB3E5-7F2F-44C4-AEB8-3F99F1244D61}.Debug|Any CPU.ActiveCfg = Debug|Any CPU
		{738FB3E5-7F2F-44C4-AEB8-3F99F1244D61}.Debug|Any CPU.Build.0 = Debug|Any CPU
		{738FB3E5-7F2F-44C4-AEB8-3F99F1244D61}.Release|Any CPU.ActiveCfg = Release|Any CPU
		{738FB3E5-7F2F-44C4-AEB8-3F99F1244D61}.Release|Any CPU.Build.0 = Release|Any CPU
		{21CDCD25-C900-4742-8B4D-A62EF8FB729E}.Debug|Any CPU.ActiveCfg = Debug|Any CPU
		{21CDCD25-C900-4742-8B4D-A62EF8FB729E}.Debug|Any CPU.Build.0 = Debug|Any CPU
		{21CDCD25-C900-4742-8B4D-A62EF8FB729E}.Release|Any CPU.ActiveCfg = Release|Any CPU
		{21CDCD25-C900-4742-8B4D-A62EF8FB729E}.Release|Any CPU.Build.0 = Release|Any CPU
		{67355A52-DF8C-40F4-95BC-2F1D80267DA2}.Debug|Any CPU.ActiveCfg = Debug|Any CPU
		{67355A52-DF8C-40F4-95BC-2F1D80267DA2}.Debug|Any CPU.Build.0 = Debug|Any CPU
		{67355A52-DF8C-40F4-95BC-2F1D80267DA2}.Release|Any CPU.ActiveCfg = Release|Any CPU
		{67355A52-DF8C-40F4-95BC-2F1D80267DA2}.Release|Any CPU.Build.0 = Release|Any CPU
		{3F5FAC7F-5A7C-4F6A-97DA-941255FE9B5D}.Debug|Any CPU.ActiveCfg = Debug|Any CPU
		{3F5FAC7F-5A7C-4F6A-97DA-941255FE9B5D}.Debug|Any CPU.Build.0 = Debug|Any CPU
		{3F5FAC7F-5A7C-4F6A-97DA-941255FE9B5D}.Release|Any CPU.ActiveCfg = Release|Any CPU
		{3F5FAC7F-5A7C-4F6A-97DA-941255FE9B5D}.Release|Any CPU.Build.0 = Release|Any CPU
		{D524F574-482D-4AF3-BBF3-74DF47646ACF}.Debug|Any CPU.ActiveCfg = Debug|Any CPU
		{D524F574-482D-4AF3-BBF3-74DF47646ACF}.Debug|Any CPU.Build.0 = Debug|Any CPU
		{D524F574-482D-4AF3-BBF3-74DF47646ACF}.Release|Any CPU.ActiveCfg = Release|Any CPU
		{D524F574-482D-4AF3-BBF3-74DF47646ACF}.Release|Any CPU.Build.0 = Release|Any CPU
		{8F740CFB-BA24-4F1E-8531-852255B587CB}.Debug|Any CPU.ActiveCfg = Debug|Any CPU
		{8F740CFB-BA24-4F1E-8531-852255B587CB}.Debug|Any CPU.Build.0 = Debug|Any CPU
		{8F740CFB-BA24-4F1E-8531-852255B587CB}.Release|Any CPU.ActiveCfg = Release|Any CPU
		{8F740CFB-BA24-4F1E-8531-852255B587CB}.Release|Any CPU.Build.0 = Release|Any CPU
		{D24AA5E5-7261-4D49-9286-B3E41EDE1708}.Debug|Any CPU.ActiveCfg = Debug|Any CPU
		{D24AA5E5-7261-4D49-9286-B3E41EDE1708}.Debug|Any CPU.Build.0 = Debug|Any CPU
		{D24AA5E5-7261-4D49-9286-B3E41EDE1708}.Release|Any CPU.ActiveCfg = Release|Any CPU
		{D24AA5E5-7261-4D49-9286-B3E41EDE1708}.Release|Any CPU.Build.0 = Release|Any CPU
		{8C54A9FF-38A2-4513-8FA8-DA17DD73F9DA}.Debug|Any CPU.ActiveCfg = Debug|Any CPU
		{8C54A9FF-38A2-4513-8FA8-DA17DD73F9DA}.Debug|Any CPU.Build.0 = Debug|Any CPU
		{8C54A9FF-38A2-4513-8FA8-DA17DD73F9DA}.Release|Any CPU.ActiveCfg = Release|Any CPU
		{8C54A9FF-38A2-4513-8FA8-DA17DD73F9DA}.Release|Any CPU.Build.0 = Release|Any CPU
		{56654A8E-9A78-4CDE-8EB7-41EBEE5E2FA2}.Debug|Any CPU.ActiveCfg = Debug|Any CPU
		{56654A8E-9A78-4CDE-8EB7-41EBEE5E2FA2}.Debug|Any CPU.Build.0 = Debug|Any CPU
		{56654A8E-9A78-4CDE-8EB7-41EBEE5E2FA2}.Release|Any CPU.ActiveCfg = Release|Any CPU
		{56654A8E-9A78-4CDE-8EB7-41EBEE5E2FA2}.Release|Any CPU.Build.0 = Release|Any CPU
		{458915AC-A140-49E5-A66B-5895C42150A3}.Debug|Any CPU.ActiveCfg = Debug|Any CPU
		{458915AC-A140-49E5-A66B-5895C42150A3}.Debug|Any CPU.Build.0 = Debug|Any CPU
		{458915AC-A140-49E5-A66B-5895C42150A3}.Release|Any CPU.ActiveCfg = Release|Any CPU
		{458915AC-A140-49E5-A66B-5895C42150A3}.Release|Any CPU.Build.0 = Release|Any CPU
		{B5092AEF-FF02-4C85-B5B1-5A3869387AD3}.Debug|Any CPU.ActiveCfg = Debug|Any CPU
		{B5092AEF-FF02-4C85-B5B1-5A3869387AD3}.Debug|Any CPU.Build.0 = Debug|Any CPU
		{B5092AEF-FF02-4C85-B5B1-5A3869387AD3}.Release|Any CPU.ActiveCfg = Release|Any CPU
		{B5092AEF-FF02-4C85-B5B1-5A3869387AD3}.Release|Any CPU.Build.0 = Release|Any CPU
		{04FE5AFF-8EED-46A6-818B-28D186808647}.Debug|Any CPU.ActiveCfg = Debug|Any CPU
		{04FE5AFF-8EED-46A6-818B-28D186808647}.Debug|Any CPU.Build.0 = Debug|Any CPU
		{04FE5AFF-8EED-46A6-818B-28D186808647}.Release|Any CPU.ActiveCfg = Release|Any CPU
		{04FE5AFF-8EED-46A6-818B-28D186808647}.Release|Any CPU.Build.0 = Release|Any CPU
		{12E1DE5D-053E-4407-9F44-F9500C0F2EBE}.Debug|Any CPU.ActiveCfg = Debug|Any CPU
		{12E1DE5D-053E-4407-9F44-F9500C0F2EBE}.Debug|Any CPU.Build.0 = Debug|Any CPU
		{12E1DE5D-053E-4407-9F44-F9500C0F2EBE}.Release|Any CPU.ActiveCfg = Release|Any CPU
		{12E1DE5D-053E-4407-9F44-F9500C0F2EBE}.Release|Any CPU.Build.0 = Release|Any CPU
		{1A05D602-AA8E-49AB-824A-BFBF8210A283}.Debug|Any CPU.ActiveCfg = Debug|Any CPU
		{1A05D602-AA8E-49AB-824A-BFBF8210A283}.Debug|Any CPU.Build.0 = Debug|Any CPU
		{1A05D602-AA8E-49AB-824A-BFBF8210A283}.Release|Any CPU.ActiveCfg = Release|Any CPU
		{1A05D602-AA8E-49AB-824A-BFBF8210A283}.Release|Any CPU.Build.0 = Release|Any CPU
		{86FCA59A-56C1-4EA4-A505-A1EA5FC23696}.Debug|Any CPU.ActiveCfg = Debug|Any CPU
		{86FCA59A-56C1-4EA4-A505-A1EA5FC23696}.Debug|Any CPU.Build.0 = Debug|Any CPU
		{86FCA59A-56C1-4EA4-A505-A1EA5FC23696}.Release|Any CPU.ActiveCfg = Release|Any CPU
		{86FCA59A-56C1-4EA4-A505-A1EA5FC23696}.Release|Any CPU.Build.0 = Release|Any CPU
		{8191031B-E0D0-4F50-9826-945F0FBB4AFF}.Debug|Any CPU.ActiveCfg = Debug|Any CPU
		{8191031B-E0D0-4F50-9826-945F0FBB4AFF}.Debug|Any CPU.Build.0 = Debug|Any CPU
		{8191031B-E0D0-4F50-9826-945F0FBB4AFF}.Release|Any CPU.ActiveCfg = Release|Any CPU
		{8191031B-E0D0-4F50-9826-945F0FBB4AFF}.Release|Any CPU.Build.0 = Release|Any CPU
		{D7D9B42E-87C0-460F-90B1-61FDDEA5487B}.Debug|Any CPU.ActiveCfg = Debug|Any CPU
		{D7D9B42E-87C0-460F-90B1-61FDDEA5487B}.Debug|Any CPU.Build.0 = Debug|Any CPU
		{D7D9B42E-87C0-460F-90B1-61FDDEA5487B}.Release|Any CPU.ActiveCfg = Release|Any CPU
		{D7D9B42E-87C0-460F-90B1-61FDDEA5487B}.Release|Any CPU.Build.0 = Release|Any CPU
		{99AC893B-5A0B-4083-85E7-406F6B02CF31}.Debug|Any CPU.ActiveCfg = Debug|Any CPU
		{99AC893B-5A0B-4083-85E7-406F6B02CF31}.Debug|Any CPU.Build.0 = Debug|Any CPU
		{99AC893B-5A0B-4083-85E7-406F6B02CF31}.Release|Any CPU.ActiveCfg = Release|Any CPU
		{99AC893B-5A0B-4083-85E7-406F6B02CF31}.Release|Any CPU.Build.0 = Release|Any CPU
		{125BD8F3-35B1-42F9-9F3B-CBC81DA50659}.Debug|Any CPU.ActiveCfg = Debug|Any CPU
		{125BD8F3-35B1-42F9-9F3B-CBC81DA50659}.Debug|Any CPU.Build.0 = Debug|Any CPU
		{125BD8F3-35B1-42F9-9F3B-CBC81DA50659}.Release|Any CPU.ActiveCfg = Release|Any CPU
		{125BD8F3-35B1-42F9-9F3B-CBC81DA50659}.Release|Any CPU.Build.0 = Release|Any CPU
		{D638C55C-590E-40DE-BB88-4794227C3090}.Debug|Any CPU.ActiveCfg = Debug|Any CPU
		{D638C55C-590E-40DE-BB88-4794227C3090}.Debug|Any CPU.Build.0 = Debug|Any CPU
		{D638C55C-590E-40DE-BB88-4794227C3090}.Release|Any CPU.ActiveCfg = Release|Any CPU
		{D638C55C-590E-40DE-BB88-4794227C3090}.Release|Any CPU.Build.0 = Release|Any CPU
		{CA53194E-4104-47C5-9C0F-A51452348890}.Debug|Any CPU.ActiveCfg = Debug|Any CPU
		{CA53194E-4104-47C5-9C0F-A51452348890}.Debug|Any CPU.Build.0 = Debug|Any CPU
		{CA53194E-4104-47C5-9C0F-A51452348890}.Release|Any CPU.ActiveCfg = Release|Any CPU
		{CA53194E-4104-47C5-9C0F-A51452348890}.Release|Any CPU.Build.0 = Release|Any CPU
		{8A6B2611-E41C-4F6A-8124-641870883D30}.Debug|Any CPU.ActiveCfg = Debug|Any CPU
		{8A6B2611-E41C-4F6A-8124-641870883D30}.Debug|Any CPU.Build.0 = Debug|Any CPU
		{8A6B2611-E41C-4F6A-8124-641870883D30}.Release|Any CPU.ActiveCfg = Release|Any CPU
		{8A6B2611-E41C-4F6A-8124-641870883D30}.Release|Any CPU.Build.0 = Release|Any CPU
		{6EDE3406-A6D7-4DD0-A1CE-3275C8485E43}.Debug|Any CPU.ActiveCfg = Debug|Any CPU
		{6EDE3406-A6D7-4DD0-A1CE-3275C8485E43}.Debug|Any CPU.Build.0 = Debug|Any CPU
		{6EDE3406-A6D7-4DD0-A1CE-3275C8485E43}.Release|Any CPU.ActiveCfg = Release|Any CPU
		{6EDE3406-A6D7-4DD0-A1CE-3275C8485E43}.Release|Any CPU.Build.0 = Release|Any CPU
	EndGlobalSection
	GlobalSection(SolutionProperties) = preSolution
		HideSolutionNode = FALSE
	EndGlobalSection
	GlobalSection(NestedProjects) = preSolution
		{7F81FCEF-2742-4413-AD6A-6F97BF1172EC} = {003DCAB6-4EAE-437C-A279-566A6E47A348}
		{806C5608-127E-4908-B1D4-D2BB189863B0} = {003DCAB6-4EAE-437C-A279-566A6E47A348}
		{EB2F440E-F4A8-4077-8F63-50626FACEEA7} = {945AFC5C-90AF-4397-AA98-51AE8924686A}
		{1E21A756-5CC6-4254-BE8C-263F0058CCA9} = {003DCAB6-4EAE-437C-A279-566A6E47A348}
		{A5F430E8-2025-4EAF-84ED-93B894EA04FD} = {003DCAB6-4EAE-437C-A279-566A6E47A348}
		{BE020173-1FD8-44D8-A3A3-590E4A36F561} = {003DCAB6-4EAE-437C-A279-566A6E47A348}
		{11292117-6D15-4937-8FE3-B991F8769CD5} = {003DCAB6-4EAE-437C-A279-566A6E47A348}
		{CCFE3BE4-0668-43A3-8FBC-264CAFA0F076} = {003DCAB6-4EAE-437C-A279-566A6E47A348}
		{5CA37315-7DEE-4F66-B011-8F02D7E8FF6E} = {003DCAB6-4EAE-437C-A279-566A6E47A348}
		{738FB3E5-7F2F-44C4-AEB8-3F99F1244D61} = {003DCAB6-4EAE-437C-A279-566A6E47A348}
		{21CDCD25-C900-4742-8B4D-A62EF8FB729E} = {593AE9AD-F21B-4063-AEF7-D2F2A61F63BB}
		{67355A52-DF8C-40F4-95BC-2F1D80267DA2} = {A73FA307-E8C2-45BE-87C3-488C4E90E153}
		{3F5FAC7F-5A7C-4F6A-97DA-941255FE9B5D} = {A73FA307-E8C2-45BE-87C3-488C4E90E153}
		{D524F574-482D-4AF3-BBF3-74DF47646ACF} = {A73FA307-E8C2-45BE-87C3-488C4E90E153}
		{8F740CFB-BA24-4F1E-8531-852255B587CB} = {A73FA307-E8C2-45BE-87C3-488C4E90E153}
		{D24AA5E5-7261-4D49-9286-B3E41EDE1708} = {593AE9AD-F21B-4063-AEF7-D2F2A61F63BB}
		{8C54A9FF-38A2-4513-8FA8-DA17DD73F9DA} = {593AE9AD-F21B-4063-AEF7-D2F2A61F63BB}
		{56654A8E-9A78-4CDE-8EB7-41EBEE5E2FA2} = {593AE9AD-F21B-4063-AEF7-D2F2A61F63BB}
		{458915AC-A140-49E5-A66B-5895C42150A3} = {593AE9AD-F21B-4063-AEF7-D2F2A61F63BB}
		{B5092AEF-FF02-4C85-B5B1-5A3869387AD3} = {593AE9AD-F21B-4063-AEF7-D2F2A61F63BB}
		{04FE5AFF-8EED-46A6-818B-28D186808647} = {A73FA307-E8C2-45BE-87C3-488C4E90E153}
		{12E1DE5D-053E-4407-9F44-F9500C0F2EBE} = {19C68341-AF83-4B59-BE32-9C8910E182A4}
		{1A05D602-AA8E-49AB-824A-BFBF8210A283} = {19C68341-AF83-4B59-BE32-9C8910E182A4}
		{86FCA59A-56C1-4EA4-A505-A1EA5FC23696} = {19C68341-AF83-4B59-BE32-9C8910E182A4}
		{8191031B-E0D0-4F50-9826-945F0FBB4AFF} = {003DCAB6-4EAE-437C-A279-566A6E47A348}
		{D7D9B42E-87C0-460F-90B1-61FDDEA5487B} = {A73FA307-E8C2-45BE-87C3-488C4E90E153}
		{99AC893B-5A0B-4083-85E7-406F6B02CF31} = {8D2F0151-62AE-4A3E-A98A-AA323D4FC7D6}
		{125BD8F3-35B1-42F9-9F3B-CBC81DA50659} = {8D2F0151-62AE-4A3E-A98A-AA323D4FC7D6}
		{D638C55C-590E-40DE-BB88-4794227C3090} = {A73FA307-E8C2-45BE-87C3-488C4E90E153}
		{CA53194E-4104-47C5-9C0F-A51452348890} = {A73FA307-E8C2-45BE-87C3-488C4E90E153}
		{8A6B2611-E41C-4F6A-8124-641870883D30} = {A73FA307-E8C2-45BE-87C3-488C4E90E153}
		{6EDE3406-A6D7-4DD0-A1CE-3275C8485E43} = {A73FA307-E8C2-45BE-87C3-488C4E90E153}
	EndGlobalSection
	GlobalSection(ExtensibilityGlobals) = postSolution
		SolutionGuid = {14B6A0CC-5203-434F-A0F8-1F7B1A66DE48}
	EndGlobalSection
EndGlobal
