
Microsoft Visual Studio Solution File, Format Version 12.00
# Visual Studio 14
VisualStudioVersion = 14.0.22129.1
MinimumVisualStudioVersion = 10.0.40219.1
Project("{FAE04EC0-301F-11D3-BF4B-00C04F79EFBC}") = "DefaultValue", "DefaultValue\DefaultValue.csproj", "{012FD17A-1F55-4BB6-B923-BEF210AD83B1}"
EndProject
Project("{8BC9CEB8-8B4A-11D0-8D11-00A0C91BC942}") = "UninitializedMemory", "UninitializedMemory\UninitializedMemory.vcxproj", "{5846FD63-297A-41FE-BDCF-5E1A44418953}"
EndProject
Global
	GlobalSection(SolutionConfigurationPlatforms) = preSolution
		Debug|Any CPU = Debug|Any CPU
		Debug|Mixed Platforms = Debug|Mixed Platforms
		Debug|Win32 = Debug|Win32
		Release|Any CPU = Release|Any CPU
		Release|Mixed Platforms = Release|Mixed Platforms
		Release|Win32 = Release|Win32
	EndGlobalSection
	GlobalSection(ProjectConfigurationPlatforms) = postSolution
		{012FD17A-1F55-4BB6-B923-BEF210AD83B1}.Debug|Any CPU.ActiveCfg = Debug|Any CPU
		{012FD17A-1F55-4BB6-B923-BEF210AD83B1}.Debug|Any CPU.Build.0 = Debug|Any CPU
		{012FD17A-1F55-4BB6-B923-BEF210AD83B1}.Debug|Mixed Platforms.ActiveCfg = Debug|Any CPU
		{012FD17A-1F55-4BB6-B923-BEF210AD83B1}.Debug|Mixed Platforms.Build.0 = Debug|Any CPU
		{012FD17A-1F55-4BB6-B923-BEF210AD83B1}.Debug|Win32.ActiveCfg = Debug|Any CPU
		{012FD17A-1F55-4BB6-B923-BEF210AD83B1}.Release|Any CPU.ActiveCfg = Release|Any CPU
		{012FD17A-1F55-4BB6-B923-BEF210AD83B1}.Release|Any CPU.Build.0 = Release|Any CPU
		{012FD17A-1F55-4BB6-B923-BEF210AD83B1}.Release|Mixed Platforms.ActiveCfg = Release|Any CPU
		{012FD17A-1F55-4BB6-B923-BEF210AD83B1}.Release|Mixed Platforms.Build.0 = Release|Any CPU
		{012FD17A-1F55-4BB6-B923-BEF210AD83B1}.Release|Win32.ActiveCfg = Release|Any CPU
		{5846FD63-297A-41FE-BDCF-5E1A44418953}.Debug|Any CPU.ActiveCfg = Debug|Win32
		{5846FD63-297A-41FE-BDCF-5E1A44418953}.Debug|Mixed Platforms.ActiveCfg = Debug|Win32
		{5846FD63-297A-41FE-BDCF-5E1A44418953}.Debug|Mixed Platforms.Build.0 = Debug|Win32
		{5846FD63-297A-41FE-BDCF-5E1A44418953}.Debug|Win32.ActiveCfg = Debug|Win32
		{5846FD63-297A-41FE-BDCF-5E1A44418953}.Debug|Win32.Build.0 = Debug|Win32
		{5846FD63-297A-41FE-BDCF-5E1A44418953}.Release|Any CPU.ActiveCfg = Release|Win32
		{5846FD63-297A-41FE-BDCF-5E1A44418953}.Release|Mixed Platforms.ActiveCfg = Release|Win32
		{5846FD63-297A-41FE-BDCF-5E1A44418953}.Release|Mixed Platforms.Build.0 = Release|Win32
		{5846FD63-297A-41FE-BDCF-5E1A44418953}.Release|Win32.ActiveCfg = Release|Win32
		{5846FD63-297A-41FE-BDCF-5E1A44418953}.Release|Win32.Build.0 = Release|Win32
	EndGlobalSection
	GlobalSection(SolutionProperties) = preSolution
		HideSolutionNode = FALSE
	EndGlobalSection
EndGlobal
