
Microsoft Visual Studio Solution File, Format Version 12.00
# Visual Studio 15
VisualStudioVersion = 15.0.28010.2026
MinimumVisualStudioVersion = 10.0.40219.1
Project("{FAE04EC0-301F-11D3-BF4B-00C04F79EFBC}") = "PipelineSockets", "PipelineSockets\PipelineSockets.csproj", "{E3BF4C07-B97F-48F1-80AE-C7CACE84AB44}"
EndProject
Global
	GlobalSection(SolutionConfigurationPlatforms) = preSolution
		Debug|Any CPU = Debug|Any CPU
		Release|Any CPU = Release|Any CPU
	EndGlobalSection
	GlobalSection(ProjectConfigurationPlatforms) = postSolution
		{E3BF4C07-B97F-48F1-80AE-C7CACE84AB44}.Debug|Any CPU.ActiveCfg = Debug|Any CPU
		{E3BF4C07-B97F-48F1-80AE-C7CACE84AB44}.Debug|Any CPU.Build.0 = Debug|Any CPU
		{E3BF4C07-B97F-48F1-80AE-C7CACE84AB44}.Release|Any CPU.ActiveCfg = Release|Any CPU
		{E3BF4C07-B97F-48F1-80AE-C7CACE84AB44}.Release|Any CPU.Build.0 = Release|Any CPU
	EndGlobalSection
	GlobalSection(SolutionProperties) = preSolution
		HideSolutionNode = FALSE
	EndGlobalSection
	GlobalSection(ExtensibilityGlobals) = postSolution
		SolutionGuid = {E50E00A0-84CE-4444-9C2B-1B1BE135C73D}
	EndGlobalSection
EndGlobal
