
Microsoft Visual Studio Solution File, Format Version 12.00
# Visual Studio Version 17
VisualStudioVersion = 17.0.31717.71
MinimumVisualStudioVersion = 10.0.40219.1
Project("{9A19103F-16F7-4668-BE54-9A1E7A4F7556}") = "ClassifierConsole", "ClassifierConsole\ClassifierConsole.csproj", "{D8ECD9D0-D9E9-4516-A959-990D6EFB7B0E}"
EndProject
Project("{9A19103F-16F7-4668-BE54-9A1E7A4F7556}") = "SampleProject", "SampleProject\SampleProject.csproj", "{15EF42DF-1AFC-49A8-8758-9863E050D7A4}"
EndProject
Project("{9A19103F-16F7-4668-BE54-9A1E7A4F7556}") = "ClassifierWinApp", "ClassifierWinApp\ClassifierWinApp.csproj", "{F3D351AB-19BE-4E93-A765-1AD7B20786F4}"
EndProject
Project("{FAE04EC0-301F-11D3-BF4B-00C04F79EFBC}") = "CsharpToHtml", "CsharpToHtml\CsharpToHtml.csproj", "{1D48802C-4C21-459C-BE43-7F31F100B051}"
EndProject
Project("{2150E333-8FDC-42A3-9474-1A3956D46DE8}") = "Solution Item", "Solution Item", "{2CA02BC4-6A92-4FA2-A8C9-4EF38E0A4DB0}"
	ProjectSection(SolutionItems) = preProject
		.editorconfig = .editorconfig
	EndProjectSection
EndProject
Global
	GlobalSection(SolutionConfigurationPlatforms) = preSolution
		Debug|Any CPU = Debug|Any CPU
		Release|Any CPU = Release|Any CPU
	EndGlobalSection
	GlobalSection(ProjectConfigurationPlatforms) = postSolution
		{D8ECD9D0-D9E9-4516-A959-990D6EFB7B0E}.Debug|Any CPU.ActiveCfg = Debug|Any CPU
		{D8ECD9D0-D9E9-4516-A959-990D6EFB7B0E}.Debug|Any CPU.Build.0 = Debug|Any CPU
		{D8ECD9D0-D9E9-4516-A959-990D6EFB7B0E}.Release|Any CPU.ActiveCfg = Release|Any CPU
		{D8ECD9D0-D9E9-4516-A959-990D6EFB7B0E}.Release|Any CPU.Build.0 = Release|Any CPU
		{15EF42DF-1AFC-49A8-8758-9863E050D7A4}.Debug|Any CPU.ActiveCfg = Debug|Any CPU
		{15EF42DF-1AFC-49A8-8758-9863E050D7A4}.Debug|Any CPU.Build.0 = Debug|Any CPU
		{15EF42DF-1AFC-49A8-8758-9863E050D7A4}.Release|Any CPU.ActiveCfg = Release|Any CPU
		{15EF42DF-1AFC-49A8-8758-9863E050D7A4}.Release|Any CPU.Build.0 = Release|Any CPU
		{F3D351AB-19BE-4E93-A765-1AD7B20786F4}.Debug|Any CPU.ActiveCfg = Debug|Any CPU
		{F3D351AB-19BE-4E93-A765-1AD7B20786F4}.Debug|Any CPU.Build.0 = Debug|Any CPU
		{F3D351AB-19BE-4E93-A765-1AD7B20786F4}.Release|Any CPU.ActiveCfg = Release|Any CPU
		{F3D351AB-19BE-4E93-A765-1AD7B20786F4}.Release|Any CPU.Build.0 = Release|Any CPU
		{1D48802C-4C21-459C-BE43-7F31F100B051}.Debug|Any CPU.ActiveCfg = Debug|Any CPU
		{1D48802C-4C21-459C-BE43-7F31F100B051}.Debug|Any CPU.Build.0 = Debug|Any CPU
		{1D48802C-4C21-459C-BE43-7F31F100B051}.Release|Any CPU.ActiveCfg = Release|Any CPU
		{1D48802C-4C21-459C-BE43-7F31F100B051}.Release|Any CPU.Build.0 = Release|Any CPU
	EndGlobalSection
	GlobalSection(SolutionProperties) = preSolution
		HideSolutionNode = FALSE
	EndGlobalSection
	GlobalSection(ExtensibilityGlobals) = postSolution
		SolutionGuid = {C558E578-A891-4A09-BDEF-34A86FB2F280}
	EndGlobalSection
EndGlobal
