
Microsoft Visual Studio Solution File, Format Version 12.00
# Visual Studio 15
VisualStudioVersion = 15.0.27130.2003
MinimumVisualStudioVersion = 10.0.40219.1
Project("{FAE04EC0-301F-11D3-BF4B-00C04F79EFBC}") = "ConsoleApp1", "ConsoleApp1\ConsoleApp1.csproj", "{69CCEF64-8B11-410D-9CA2-6B27821E2090}"
EndProject
Project("{FAE04EC0-301F-11D3-BF4B-00C04F79EFBC}") = "ClassLibrary1", "ClassLibrary1\ClassLibrary1.csproj", "{306F421F-B9F3-4F02-817C-BE7DC6016E9D}"
EndProject
Global
	GlobalSection(SolutionConfigurationPlatforms) = preSolution
		Debug|Any CPU = Debug|Any CPU
		Release|Any CPU = Release|Any CPU
	EndGlobalSection
	GlobalSection(ProjectConfigurationPlatforms) = postSolution
		{69CCEF64-8B11-410D-9CA2-6B27821E2090}.Debug|Any CPU.ActiveCfg = Debug|Any CPU
		{69CCEF64-8B11-410D-9CA2-6B27821E2090}.Debug|Any CPU.Build.0 = Debug|Any CPU
		{69CCEF64-8B11-410D-9CA2-6B27821E2090}.Release|Any CPU.ActiveCfg = Release|Any CPU
		{69CCEF64-8B11-410D-9CA2-6B27821E2090}.Release|Any CPU.Build.0 = Release|Any CPU
		{306F421F-B9F3-4F02-817C-BE7DC6016E9D}.Debug|Any CPU.ActiveCfg = Debug|Any CPU
		{306F421F-B9F3-4F02-817C-BE7DC6016E9D}.Debug|Any CPU.Build.0 = Debug|Any CPU
		{306F421F-B9F3-4F02-817C-BE7DC6016E9D}.Release|Any CPU.ActiveCfg = Release|Any CPU
		{306F421F-B9F3-4F02-817C-BE7DC6016E9D}.Release|Any CPU.Build.0 = Release|Any CPU
	EndGlobalSection
	GlobalSection(SolutionProperties) = preSolution
		HideSolutionNode = FALSE
	EndGlobalSection
	GlobalSection(ExtensibilityGlobals) = postSolution
		SolutionGuid = {5BFEC2F4-DC48-4C18-87A1-572BACF6E030}
	EndGlobalSection
EndGlobal
