
Microsoft Visual Studio Solution File, Format Version 12.00
# Visual Studio Version 16
VisualStudioVersion = 16.0.30114.105
MinimumVisualStudioVersion = 10.0.40219.1
Project("{2150E333-8FDC-42A3-9474-1A3956D46DE8}") = "17.1p1", "17.1p1", "{8167A848-77DB-4D44-9DFB-315E882444C0}"
EndProject
Project("{FAE04EC0-301F-11D3-BF4B-00C04F79EFBC}") = "NewlineInInterpolation", "17.1p1\NewlineInInterpolation\NewlineInInterpolation.csproj", "{A19C3040-44DA-4DD6-9FFB-BB51D8460E2A}"
EndProject
Project("{2150E333-8FDC-42A3-9474-1A3956D46DE8}") = "17.1p2", "17.1p2", "{EDDE37D8-66F9-4718-A12B-6DDDCE606E88}"
EndProject
Project("{FAE04EC0-301F-11D3-BF4B-00C04F79EFBC}") = "ListPattern", "17.1p2\ListPattern\ListPattern.csproj", "{D050C39C-840C-45B6-AA5C-551ED1FB9315}"
EndProject
Project("{2150E333-8FDC-42A3-9474-1A3956D46DE8}") = "17.1p3", "17.1p3", "{5BCEF54B-FA34-4B2C-8148-D919A1E99A1C}"
EndProject
Project("{FAE04EC0-301F-11D3-BF4B-00C04F79EFBC}") = "NullCheck", "17.1p3\NullCheck\NullCheck.csproj", "{E3CABDF4-9355-4C79-B477-A5182B87E5F4}"
EndProject
Project("{2150E333-8FDC-42A3-9474-1A3956D46DE8}") = "17.2p1", "17.2p1", "{A7F23F1D-3E74-49CF-82FD-B8C11A8E252E}"
EndProject
Project("{FAE04EC0-301F-11D3-BF4B-00C04F79EFBC}") = "CacheDelegate", "17.2p1\CacheDelegate\CacheDelegate.csproj", "{C8ED39E3-B55C-40C7-B139-1D37467374C5}"
EndProject
Project("{FAE04EC0-301F-11D3-BF4B-00C04F79EFBC}") = "RawStringLiteral", "17.2p1\RawStringLiteral\RawStringLiteral.csproj", "{C7F0B0BB-48B9-417A-B301-5C01FCE05B32}"
EndProject
Project("{2150E333-8FDC-42A3-9474-1A3956D46DE8}") = "17.0", "17.0", "{26C7590B-7ABA-4066-9FA0-397C15D28538}"
EndProject
Project("{FAE04EC0-301F-11D3-BF4B-00C04F79EFBC}") = "GenericAttribute", "17.0\GenericAttribute\GenericAttribute.csproj", "{D2D10C86-F4C8-430E-89BF-FC6ED0419496}"
EndProject
Global
	GlobalSection(SolutionConfigurationPlatforms) = preSolution
		Debug|Any CPU = Debug|Any CPU
		Release|Any CPU = Release|Any CPU
	EndGlobalSection
	GlobalSection(SolutionProperties) = preSolution
		HideSolutionNode = FALSE
	EndGlobalSection
	GlobalSection(ProjectConfigurationPlatforms) = postSolution
		{A19C3040-44DA-4DD6-9FFB-BB51D8460E2A}.Debug|Any CPU.ActiveCfg = Debug|Any CPU
		{A19C3040-44DA-4DD6-9FFB-BB51D8460E2A}.Debug|Any CPU.Build.0 = Debug|Any CPU
		{A19C3040-44DA-4DD6-9FFB-BB51D8460E2A}.Release|Any CPU.ActiveCfg = Release|Any CPU
		{A19C3040-44DA-4DD6-9FFB-BB51D8460E2A}.Release|Any CPU.Build.0 = Release|Any CPU
		{D050C39C-840C-45B6-AA5C-551ED1FB9315}.Debug|Any CPU.ActiveCfg = Debug|Any CPU
		{D050C39C-840C-45B6-AA5C-551ED1FB9315}.Debug|Any CPU.Build.0 = Debug|Any CPU
		{D050C39C-840C-45B6-AA5C-551ED1FB9315}.Release|Any CPU.ActiveCfg = Release|Any CPU
		{D050C39C-840C-45B6-AA5C-551ED1FB9315}.Release|Any CPU.Build.0 = Release|Any CPU
		{E3CABDF4-9355-4C79-B477-A5182B87E5F4}.Debug|Any CPU.ActiveCfg = Debug|Any CPU
		{E3CABDF4-9355-4C79-B477-A5182B87E5F4}.Debug|Any CPU.Build.0 = Debug|Any CPU
		{E3CABDF4-9355-4C79-B477-A5182B87E5F4}.Release|Any CPU.ActiveCfg = Release|Any CPU
		{E3CABDF4-9355-4C79-B477-A5182B87E5F4}.Release|Any CPU.Build.0 = Release|Any CPU
		{C8ED39E3-B55C-40C7-B139-1D37467374C5}.Debug|Any CPU.ActiveCfg = Debug|Any CPU
		{C8ED39E3-B55C-40C7-B139-1D37467374C5}.Debug|Any CPU.Build.0 = Debug|Any CPU
		{C8ED39E3-B55C-40C7-B139-1D37467374C5}.Release|Any CPU.ActiveCfg = Release|Any CPU
		{C8ED39E3-B55C-40C7-B139-1D37467374C5}.Release|Any CPU.Build.0 = Release|Any CPU
		{C7F0B0BB-48B9-417A-B301-5C01FCE05B32}.Debug|Any CPU.ActiveCfg = Debug|Any CPU
		{C7F0B0BB-48B9-417A-B301-5C01FCE05B32}.Debug|Any CPU.Build.0 = Debug|Any CPU
		{C7F0B0BB-48B9-417A-B301-5C01FCE05B32}.Release|Any CPU.ActiveCfg = Release|Any CPU
		{C7F0B0BB-48B9-417A-B301-5C01FCE05B32}.Release|Any CPU.Build.0 = Release|Any CPU
		{D2D10C86-F4C8-430E-89BF-FC6ED0419496}.Debug|Any CPU.ActiveCfg = Debug|Any CPU
		{D2D10C86-F4C8-430E-89BF-FC6ED0419496}.Debug|Any CPU.Build.0 = Debug|Any CPU
		{D2D10C86-F4C8-430E-89BF-FC6ED0419496}.Release|Any CPU.ActiveCfg = Release|Any CPU
		{D2D10C86-F4C8-430E-89BF-FC6ED0419496}.Release|Any CPU.Build.0 = Release|Any CPU
	EndGlobalSection
	GlobalSection(NestedProjects) = preSolution
		{A19C3040-44DA-4DD6-9FFB-BB51D8460E2A} = {8167A848-77DB-4D44-9DFB-315E882444C0}
		{D050C39C-840C-45B6-AA5C-551ED1FB9315} = {EDDE37D8-66F9-4718-A12B-6DDDCE606E88}
		{E3CABDF4-9355-4C79-B477-A5182B87E5F4} = {5BCEF54B-FA34-4B2C-8148-D919A1E99A1C}
		{C8ED39E3-B55C-40C7-B139-1D37467374C5} = {A7F23F1D-3E74-49CF-82FD-B8C11A8E252E}
		{C7F0B0BB-48B9-417A-B301-5C01FCE05B32} = {A7F23F1D-3E74-49CF-82FD-B8C11A8E252E}
		{D2D10C86-F4C8-430E-89BF-FC6ED0419496} = {26C7590B-7ABA-4066-9FA0-397C15D28538}
	EndGlobalSection
EndGlobal
