Microsoft Visual Studio Solution File, Format Version 7.00
Project("{FAE04EC0-301F-11D3-BF4B-00C04F79EFBC}") = "Spectrum", "Spectrum.csproj", "{71167ED2-CCDF-4740-A43B-E07AB721BA77}"
EndProject
Global
	GlobalSection(SolutionConfiguration) = preSolution
		ConfigName.0 = Debug
		ConfigName.1 = Release
	EndGlobalSection
	GlobalSection(ProjectDependencies) = postSolution
	EndGlobalSection
	GlobalSection(ProjectConfiguration) = postSolution
		{71167ED2-CCDF-4740-A43B-E07AB721BA77}.Debug.ActiveCfg = Debug|.NET
		{71167ED2-CCDF-4740-A43B-E07AB721BA77}.Debug.Build.0 = Debug|.NET
		{71167ED2-CCDF-4740-A43B-E07AB721BA77}.Release.ActiveCfg = Release|.NET
		{71167ED2-CCDF-4740-A43B-E07AB721BA77}.Release.Build.0 = Release|.NET
	EndGlobalSection
	GlobalSection(ExtensibilityGlobals) = postSolution
	EndGlobalSection
	GlobalSection(ExtensibilityAddIns) = postSolution
	EndGlobalSection
EndGlobal
