
Microsoft Visual Studio Solution File, Format Version 12.00
# Visual Studio 14
VisualStudioVersion = 14.0.22823.1
MinimumVisualStudioVersion = 10.0.40219.1
Project("{FAE04EC0-301F-11D3-BF4B-00C04F79EFBC}") = "NameofDemo", "NameofDemo\NameofDemo.csproj", "{B51ECCF1-812E-4A54-9F7E-0BBF595264FD}"
EndProject
Project("{FAE04EC0-301F-11D3-BF4B-00C04F79EFBC}") = "FluentArithmeticDemo", "FluentArithmeticDemo\FluentArithmeticDemo.csproj", "{78D444DE-43AA-4A02-B3D6-871C8D279F2E}"
EndProject
Project("{FAE04EC0-301F-11D3-BF4B-00C04F79EFBC}") = "QuickActions", "QuickActions\QuickActions.csproj", "{557C42F7-2403-45EB-8511-6D10C0FFEEA8}"
EndProject
Project("{FAE04EC0-301F-11D3-BF4B-00C04F79EFBC}") = "LazyMixinDemo", "LazyMixinDemo\LazyMixinDemo.csproj", "{45A8F3E7-187A-4B11-8470-1BF61F6FA9E7}"
EndProject
Project("{FAE04EC0-301F-11D3-BF4B-00C04F79EFBC}") = "RecordDemo", "RecordDemo\RecordDemo.csproj", "{00459108-23F2-4A1C-ABF3-9746D87DF7EA}"
EndProject
Project("{FAE04EC0-301F-11D3-BF4B-00C04F79EFBC}") = "CsharpEssentialsDemo", "CsharpEssentialsDemo\CsharpEssentialsDemo.csproj", "{F80205EC-033C-4653-9D7A-79EA873D21DD}"
EndProject
Project("{FAE04EC0-301F-11D3-BF4B-00C04F79EFBC}") = "NotifyPropertyChangedGeneratorDemo", "NotifyPropertyChangedGeneratorDemo\NotifyPropertyChangedGeneratorDemo.csproj", "{0F979A2A-5DD9-42D3-B531-8AA9CCD9DF2D}"
EndProject
Global
	GlobalSection(SolutionConfigurationPlatforms) = preSolution
		Debug|Any CPU = Debug|Any CPU
		Release|Any CPU = Release|Any CPU
	EndGlobalSection
	GlobalSection(ProjectConfigurationPlatforms) = postSolution
		{B51ECCF1-812E-4A54-9F7E-0BBF595264FD}.Debug|Any CPU.ActiveCfg = Debug|Any CPU
		{B51ECCF1-812E-4A54-9F7E-0BBF595264FD}.Debug|Any CPU.Build.0 = Debug|Any CPU
		{B51ECCF1-812E-4A54-9F7E-0BBF595264FD}.Release|Any CPU.ActiveCfg = Release|Any CPU
		{B51ECCF1-812E-4A54-9F7E-0BBF595264FD}.Release|Any CPU.Build.0 = Release|Any CPU
		{78D444DE-43AA-4A02-B3D6-871C8D279F2E}.Debug|Any CPU.ActiveCfg = Debug|Any CPU
		{78D444DE-43AA-4A02-B3D6-871C8D279F2E}.Debug|Any CPU.Build.0 = Debug|Any CPU
		{78D444DE-43AA-4A02-B3D6-871C8D279F2E}.Release|Any CPU.ActiveCfg = Release|Any CPU
		{78D444DE-43AA-4A02-B3D6-871C8D279F2E}.Release|Any CPU.Build.0 = Release|Any CPU
		{557C42F7-2403-45EB-8511-6D10C0FFEEA8}.Debug|Any CPU.ActiveCfg = Debug|Any CPU
		{557C42F7-2403-45EB-8511-6D10C0FFEEA8}.Debug|Any CPU.Build.0 = Debug|Any CPU
		{557C42F7-2403-45EB-8511-6D10C0FFEEA8}.Release|Any CPU.ActiveCfg = Release|Any CPU
		{557C42F7-2403-45EB-8511-6D10C0FFEEA8}.Release|Any CPU.Build.0 = Release|Any CPU
		{45A8F3E7-187A-4B11-8470-1BF61F6FA9E7}.Debug|Any CPU.ActiveCfg = Debug|Any CPU
		{45A8F3E7-187A-4B11-8470-1BF61F6FA9E7}.Debug|Any CPU.Build.0 = Debug|Any CPU
		{45A8F3E7-187A-4B11-8470-1BF61F6FA9E7}.Release|Any CPU.ActiveCfg = Release|Any CPU
		{45A8F3E7-187A-4B11-8470-1BF61F6FA9E7}.Release|Any CPU.Build.0 = Release|Any CPU
		{00459108-23F2-4A1C-ABF3-9746D87DF7EA}.Debug|Any CPU.ActiveCfg = Debug|Any CPU
		{00459108-23F2-4A1C-ABF3-9746D87DF7EA}.Debug|Any CPU.Build.0 = Debug|Any CPU
		{00459108-23F2-4A1C-ABF3-9746D87DF7EA}.Release|Any CPU.ActiveCfg = Release|Any CPU
		{00459108-23F2-4A1C-ABF3-9746D87DF7EA}.Release|Any CPU.Build.0 = Release|Any CPU
		{F80205EC-033C-4653-9D7A-79EA873D21DD}.Debug|Any CPU.ActiveCfg = Debug|Any CPU
		{F80205EC-033C-4653-9D7A-79EA873D21DD}.Debug|Any CPU.Build.0 = Debug|Any CPU
		{F80205EC-033C-4653-9D7A-79EA873D21DD}.Release|Any CPU.ActiveCfg = Release|Any CPU
		{F80205EC-033C-4653-9D7A-79EA873D21DD}.Release|Any CPU.Build.0 = Release|Any CPU
		{0F979A2A-5DD9-42D3-B531-8AA9CCD9DF2D}.Debug|Any CPU.ActiveCfg = Debug|Any CPU
		{0F979A2A-5DD9-42D3-B531-8AA9CCD9DF2D}.Debug|Any CPU.Build.0 = Debug|Any CPU
		{0F979A2A-5DD9-42D3-B531-8AA9CCD9DF2D}.Release|Any CPU.ActiveCfg = Release|Any CPU
		{0F979A2A-5DD9-42D3-B531-8AA9CCD9DF2D}.Release|Any CPU.Build.0 = Release|Any CPU
	EndGlobalSection
	GlobalSection(SolutionProperties) = preSolution
		HideSolutionNode = FALSE
	EndGlobalSection
EndGlobal
