
Microsoft Visual Studio Solution File, Format Version 12.00
# Visual Studio Version 16
VisualStudioVersion = 16.0.30626.31
MinimumVisualStudioVersion = 10.0.40219.1
Project("{FAE04EC0-301F-11D3-BF4B-00C04F79EFBC}") = "MetricSpace", "MetricSpace\MetricSpace.csproj", "{027F98C6-818E-42BE-AE5C-5CACBA7973C9}"
EndProject
Project("{FAE04EC0-301F-11D3-BF4B-00C04F79EFBC}") = "XUnitTestMetricSpace", "XUnitTestMetricSpace\XUnitTestMetricSpace.csproj", "{8FF8FD78-79E2-4D3F-9EC5-86714CC4394A}"
EndProject
Global
	GlobalSection(SolutionConfigurationPlatforms) = preSolution
		Debug|Any CPU = Debug|Any CPU
		Release|Any CPU = Release|Any CPU
	EndGlobalSection
	GlobalSection(ProjectConfigurationPlatforms) = postSolution
		{027F98C6-818E-42BE-AE5C-5CACBA7973C9}.Debug|Any CPU.ActiveCfg = Debug|Any CPU
		{027F98C6-818E-42BE-AE5C-5CACBA7973C9}.Debug|Any CPU.Build.0 = Debug|Any CPU
		{027F98C6-818E-42BE-AE5C-5CACBA7973C9}.Release|Any CPU.ActiveCfg = Release|Any CPU
		{027F98C6-818E-42BE-AE5C-5CACBA7973C9}.Release|Any CPU.Build.0 = Release|Any CPU
		{8FF8FD78-79E2-4D3F-9EC5-86714CC4394A}.Debug|Any CPU.ActiveCfg = Debug|Any CPU
		{8FF8FD78-79E2-4D3F-9EC5-86714CC4394A}.Debug|Any CPU.Build.0 = Debug|Any CPU
		{8FF8FD78-79E2-4D3F-9EC5-86714CC4394A}.Release|Any CPU.ActiveCfg = Release|Any CPU
		{8FF8FD78-79E2-4D3F-9EC5-86714CC4394A}.Release|Any CPU.Build.0 = Release|Any CPU
	EndGlobalSection
	GlobalSection(SolutionProperties) = preSolution
		HideSolutionNode = FALSE
	EndGlobalSection
	GlobalSection(ExtensibilityGlobals) = postSolution
		SolutionGuid = {ACE9FCC9-D8B0-46A3-A22E-7AC20A53CBF8}
	EndGlobalSection
EndGlobal
